# platform: osx-64
# env_hash: 2e7c9961fbbea6635193687c3630c04a0a72078927d08a504da5ed123e5e56a8
@EXPLICIT
https://conda.anaconda.org/conda-forge/osx-64/bzip2-1.0.8-h0d85af4_4.tar.bz2#37edc4e6304ca87316e160f5ca0bd1b5
https://conda.anaconda.org/conda-forge/osx-64/c-ares-1.17.2-h0d85af4_0.tar.bz2#133e6624e8c549a83f5350847d3e0a43
https://conda.anaconda.org/conda-forge/osx-64/ca-certificates-2021.5.30-h033912b_0.tar.bz2#2377a0c58b5ffe92d70b7bdcd833e8ff
https://conda.anaconda.org/conda-forge/osx-64/epoxy-1.5.9-h0d85af4_0.tar.bz2#4d8f710b298982617a0fe311cde3fa04
https://conda.anaconda.org/conda-forge/noarch/font-ttf-dejavu-sans-mono-2.37-hab24e00_0.tar.bz2#0c96522c6bdaed4b1566d11387caaf45
https://conda.anaconda.org/conda-forge/noarch/font-ttf-inconsolata-3.000-h77eed37_0.tar.bz2#34893075a5c9e55cdafac56607368fc6
https://conda.anaconda.org/conda-forge/noarch/font-ttf-source-code-pro-2.038-h77eed37_0.tar.bz2#4d59c254e01d9cde7957100457e2d5fb
https://conda.anaconda.org/conda-forge/noarch/font-ttf-ubuntu-0.83-hab24e00_0.tar.bz2#19410c3df09dfb12d1206132a1d357c5
https://conda.anaconda.org/conda-forge/osx-64/fribidi-1.0.10-hbcb3906_0.tar.bz2#f1c6b41e0f56998ecd9a3e210faa1dc0
https://conda.anaconda.org/conda-forge/osx-64/gstreamer-orc-0.4.32-h0d85af4_1.tar.bz2#50a6dffbff69fdbe06919a08274e45c7
https://conda.anaconda.org/conda-forge/osx-64/hicolor-icon-theme-0.17-h694c41f_2.tar.bz2#f64218f19d9a441e80343cea13be1afb
https://conda.anaconda.org/conda-forge/osx-64/jbig-2.1-h0d85af4_2003.tar.bz2#4d76d11d3a256931926099498aa3565b
https://conda.anaconda.org/conda-forge/osx-64/jpeg-9d-hbcb3906_0.tar.bz2#ff6fba028f282f94ceb10597d58a56e8
https://conda.anaconda.org/conda-forge/osx-64/libcodec2-1.0.0-h0d85af4_0.tar.bz2#f8f8949281491b6f00f3724a43a1529b
https://conda.anaconda.org/conda-forge/osx-64/libcxx-12.0.1-habf9029_0.tar.bz2#49c188a7f9c7c9ddabafc80cc5625bb7
https://conda.anaconda.org/conda-forge/osx-64/libdeflate-1.7-h35c211d_5.tar.bz2#6608b6a46fd4555b5c83cda6171cc694
https://conda.anaconda.org/conda-forge/osx-64/libev-4.33-haf1e3a3_1.tar.bz2#79dc2be110b2a3d1e97ec21f691c50ad
https://conda.anaconda.org/conda-forge/osx-64/libiconv-1.16-haf1e3a3_0.tar.bz2#c5fab167412a52e491c8e11453ae016f
https://conda.anaconda.org/conda-forge/osx-64/libogg-1.3.4-h35c211d_1.tar.bz2#a7ab4b53ef18c598ffaa597230bc3ba1
https://conda.anaconda.org/conda-forge/osx-64/libopus-1.3.1-hc929b4f_1.tar.bz2#380b9ea5f6a7a277e6c1ac27d034369b
https://conda.anaconda.org/conda-forge/osx-64/libsodium-1.0.18-hbcb3906_1.tar.bz2#24632c09ed931af617fe6d5292919cab
https://conda.anaconda.org/conda-forge/osx-64/libusb-1.0.24-h0d85af4_4.tar.bz2#5668982bcf3273b212ae5e975d278b03
https://conda.anaconda.org/conda-forge/osx-64/libwebp-base-1.2.1-h0d85af4_0.tar.bz2#8c6f05a6655b7911c62910343ba806d1
https://conda.anaconda.org/conda-forge/osx-64/llvm-openmp-12.0.1-hda6cdc1_1.tar.bz2#35b1fd6ed9f0f1c68583dc9c9f672513
https://conda.anaconda.org/conda-forge/osx-64/mysql-common-8.0.25-h694c41f_2.tar.bz2#4e2aa063650de09f7c8cd8f29572d70d
https://conda.anaconda.org/conda-forge/osx-64/ncurses-6.2-h2e338ed_4.tar.bz2#9cef1910395d1543527583e73dba30f1
https://conda.anaconda.org/conda-forge/osx-64/pixman-0.40.0-hbcb3906_0.tar.bz2#09a583a6f172715be21d93aaa1b42d71
https://conda.anaconda.org/conda-forge/osx-64/pthread-stubs-0.4-hc929b4f_1001.tar.bz2#addd19059de62181cd11ae8f4ef26084
https://conda.anaconda.org/conda-forge/noarch/pybind11-abi-4-hd8ed1ab_3.tar.bz2#878f923dd6acc8aeb47a75da6c4098be
https://conda.anaconda.org/conda-forge/noarch/tzdata-2021a-he74cb21_1.tar.bz2#cc5690eb258c3706f754306f191da8d8
https://conda.anaconda.org/conda-forge/osx-64/xorg-kbproto-1.0.7-h35c211d_1002.tar.bz2#41302c2bc60a15ca4a018775fd20b442
https://conda.anaconda.org/conda-forge/osx-64/xorg-libxau-1.0.9-h35c211d_0.tar.bz2#c5049997b2e98edfbcdd294582f66281
https://conda.anaconda.org/conda-forge/osx-64/xorg-libxdmcp-1.1.3-h35c211d_0.tar.bz2#86ac76d6bf1cbb9621943eb3bd9ae36e
https://conda.anaconda.org/conda-forge/osx-64/xorg-xextproto-7.3.0-h35c211d_1002.tar.bz2#3d1b38fbacfe0f59d828c5ff0b10759b
https://conda.anaconda.org/conda-forge/osx-64/xorg-xproto-7.0.31-h35c211d_1007.tar.bz2#e1b279e3b8c03f88a90e81480a8f319a
https://conda.anaconda.org/conda-forge/osx-64/xz-5.2.5-haf1e3a3_1.tar.bz2#41116deb499e9bc58048c297d6403ce6
https://conda.anaconda.org/conda-forge/osx-64/yaml-0.2.5-haf1e3a3_0.tar.bz2#84c2fc186995c25a43e86ed708065572
https://conda.anaconda.org/conda-forge/osx-64/zlib-1.2.11-h7795811_1010.tar.bz2#7d39e47e16ed0107f37c7224d5b5be8b
https://conda.anaconda.org/conda-forge/osx-64/codec2-1.0.0-h0d85af4_0.tar.bz2#afc642c0bf4780f36b33d5a3b6513284
https://conda.anaconda.org/conda-forge/osx-64/expat-2.4.1-he49afe7_0.tar.bz2#61d8ae52fc518342e6e0891f2d2c4104
https://conda.anaconda.org/conda-forge/noarch/fonts-conda-forge-1-0.tar.bz2#f766549260d6815b0c52253f1fb1bb29
https://conda.anaconda.org/conda-forge/osx-64/glew-2.1.0-h046ec9c_2.tar.bz2#6b753c8c7e4c46a8eb17b6f1781f958a
https://conda.anaconda.org/conda-forge/osx-64/gmp-6.2.1-h2e338ed_0.tar.bz2#dedc96914428dae572a39e69ee2a392f
https://conda.anaconda.org/conda-forge/osx-64/graphite2-1.3.13-h2e338ed_1001.tar.bz2#5f6e7f98caddd0fc2d345b207531814c
https://conda.anaconda.org/conda-forge/osx-64/icu-68.1-h74dc148_0.tar.bz2#e4e7f8580abd1275ea2250fe606b66ac
https://conda.anaconda.org/conda-forge/osx-64/lerc-2.2.1-h046ec9c_0.tar.bz2#2b4abd282f644dc51225fa9b90218567
https://conda.anaconda.org/conda-forge/osx-64/libairspy-1.0.10-h0d85af4_0.tar.bz2#1400e34d0f8a1f506c8dc9614db7871b
https://conda.anaconda.org/conda-forge/osx-64/libairspyhf-1.6.8-h0d85af4_0.tar.bz2#750d8e3deb2fade8e58945ee46bc901f
https://conda.anaconda.org/conda-forge/osx-64/libedit-3.1.20191231-h0678c8f_2.tar.bz2#6016a8a1d0e63cac3de2c352cd40208b
https://conda.anaconda.org/conda-forge/osx-64/libffi-3.4.2-he49afe7_2.tar.bz2#5df2dbdbc27c52d34f6c8e1c65523db1
https://conda.anaconda.org/conda-forge/osx-64/libgfortran5-9.3.0-h6c81a4c_23.tar.bz2#a6956ceb628b14594613cefee5127a7a
https://conda.anaconda.org/conda-forge/osx-64/liblimesuite-20.10.0-he49afe7_1.tar.bz2#6f385c6958203037d393baa6845defa2
https://conda.anaconda.org/conda-forge/osx-64/libllvm11-11.1.0-hd011deb_2.tar.bz2#2fb85f4602db53d72af74732ac23df59
https://conda.anaconda.org/conda-forge/osx-64/libpng-1.6.37-h7cec526_2.tar.bz2#9e52521faba2b53269672628d34e1513
https://conda.anaconda.org/conda-forge/osx-64/libvorbis-1.3.7-h046ec9c_0.tar.bz2#fbbda1fede0aadaa252f6919148c4ce1
https://conda.anaconda.org/conda-forge/osx-64/libxcb-1.13-h35c211d_1003.tar.bz2#dee55013c7982c04952e7a621256d1f4
https://conda.anaconda.org/conda-forge/osx-64/log4cpp-1.1.3-he49afe7_1002.tar.bz2#693747095f60631c50e1ddf47e46ce5e
https://conda.anaconda.org/conda-forge/osx-64/lz4-c-1.9.3-he49afe7_1.tar.bz2#05c08241b66631c00ca4f9e0b75320bc
https://conda.anaconda.org/conda-forge/osx-64/nspr-4.30-hcd9eead_0.tar.bz2#47c2bc33545b08de4d808fca615178c6
https://conda.anaconda.org/conda-forge/osx-64/openssl-1.1.1l-h0d85af4_0.tar.bz2#f7bcdbb7a5dae97030eee20b884b1f8a
https://conda.anaconda.org/conda-forge/osx-64/pcre-8.45-he49afe7_0.tar.bz2#0526850419e04ac003bc0b65a78dc4cc
https://conda.anaconda.org/conda-forge/osx-64/pkg-config-0.29.2-h31203cd_1008.tar.bz2#c72ece6dc1aba238da9104ee41a18111
https://conda.anaconda.org/conda-forge/osx-64/readline-8.1-h05e3726_0.tar.bz2#2832e9b6a7caa7cb192fcda6cfcd8871
https://conda.anaconda.org/conda-forge/osx-64/rtl-sdr-0.6.0-h0d85af4_2.tar.bz2#51b11ce34657df37bd643d0b7f357424
https://conda.anaconda.org/conda-forge/osx-64/tk-8.6.11-h5dbffcc_1.tar.bz2#e35b11155bd70facee39dfdec7368ad0
https://conda.anaconda.org/conda-forge/osx-64/zeromq-4.3.4-he49afe7_1.tar.bz2#1972d732b123ed04b60fd21e94f0b178
https://conda.anaconda.org/conda-forge/osx-64/airspy-1.0.10-h0d85af4_0.tar.bz2#fd8886e164dd4921d3cef546a385b9c2
https://conda.anaconda.org/conda-forge/osx-64/airspyhf-1.6.8-h0d85af4_0.tar.bz2#cc4487036a6f5bf3ad289b56e3d345ba
https://conda.anaconda.org/conda-forge/noarch/fonts-conda-ecosystem-1-0.tar.bz2#fee5683a3f04bd15cbd8318b096a27ab
https://conda.anaconda.org/conda-forge/osx-64/freetype-2.10.4-h4cff582_1.tar.bz2#5a136a432c6062362cd7990c514bd8d6
https://conda.anaconda.org/conda-forge/osx-64/gettext-0.19.8.1-hd1a6beb_1006.tar.bz2#2515c1ac10a0de30e1e7a26052510ea5
https://conda.anaconda.org/conda-forge/osx-64/krb5-1.19.2-hcfbf3a7_0.tar.bz2#a690006b8fea5c7d9eccf30aa07bb5d9
https://conda.anaconda.org/conda-forge/osx-64/libclang-11.1.0-default_he082bbe_1.tar.bz2#f402dd3a01e225f5d58084d2dcb128a7
https://conda.anaconda.org/conda-forge/osx-64/libevent-2.1.10-hddc9c9b_3.tar.bz2#a2605bae4dbbcd9e94fab89ed2c7455e
https://conda.anaconda.org/conda-forge/osx-64/libgfortran-5.0.0-9_3_0_h6c81a4c_23.tar.bz2#60f48cef2d50674e0428c5579b6c3f66
https://conda.anaconda.org/conda-forge/osx-64/libnghttp2-1.43.0-h07e645a_0.tar.bz2#b4a9c405d47f3b120ed6cf86cc8a13aa
https://conda.anaconda.org/conda-forge/osx-64/libssh2-1.10.0-h52ee1ee_0.tar.bz2#82858fa149bef5fa4c0d302e553422a8
https://conda.anaconda.org/conda-forge/osx-64/libxml2-2.9.12-h93ec3fd_0.tar.bz2#3bb7e5cd72ee6520ce6e26600a1283db
https://conda.anaconda.org/conda-forge/osx-64/sqlite-3.36.0-h23a322b_1.tar.bz2#abfc493974140cc18f049edc10c1d896
https://conda.anaconda.org/conda-forge/osx-64/xorg-libx11-1.7.2-h0d85af4_0.tar.bz2#bd0e7b45f6bb5393bdb2d7e741428575
https://conda.anaconda.org/conda-forge/osx-64/zstd-1.5.0-h582d3a0_0.tar.bz2#96a04eeb0146059f0c2d63491f77d6d0
https://conda.anaconda.org/conda-forge/osx-64/boost-cpp-1.74.0-hff03dee_4.tar.bz2#7c49bc0e1d27a21ef936d27b4a849370
https://conda.anaconda.org/conda-forge/osx-64/fftw-3.3.10-nompi_h02cd531_100.tar.bz2#d514ddbf47885333d6bb74f163599fc1
https://conda.anaconda.org/conda-forge/osx-64/fontconfig-2.13.1-h10f422b_1005.tar.bz2#95d7756fee0926aa2b6d111299c173f7
https://conda.anaconda.org/conda-forge/osx-64/libcurl-7.79.0-hf45b732_0.tar.bz2#5c3bed901f300d4941267e02fa647e54
https://conda.anaconda.org/conda-forge/osx-64/libflac-1.3.3-h046ec9c_1.tar.bz2#96a457858a79077720121faf82737a68
https://conda.anaconda.org/conda-forge/osx-64/libglib-2.68.4-hf1fb8c0_1.tar.bz2#12bee34947f0618f44a29a883cb19ede
https://conda.anaconda.org/conda-forge/osx-64/libiio-c-0.21-h9e1b77e_6.tar.bz2#10d77397aad02ab1b7a7b3b4ea66fdf4
https://conda.anaconda.org/conda-forge/osx-64/libopenblas-0.3.17-openmp_h3351f45_1.tar.bz2#7bcb478878af05fa60697e809d7827aa
https://conda.anaconda.org/conda-forge/osx-64/libpq-13.3-hea3049e_0.tar.bz2#3966f7b8c30ec619a44a8d570c6a4023
https://conda.anaconda.org/conda-forge/osx-64/libthrift-0.15.0-hab56fdc_0.tar.bz2#00737e3e8339298e0593352a98213eb9
https://conda.anaconda.org/conda-forge/osx-64/libtiff-4.3.0-h1167814_1.tar.bz2#f189eeda45133c4f5cd73a8e7ebb7019
https://conda.anaconda.org/conda-forge/osx-64/libxslt-1.1.33-h5739fc3_2.tar.bz2#14333dae9eef1116162a1bb6119d3537
https://conda.anaconda.org/conda-forge/osx-64/mysql-libs-8.0.25-h115446f_2.tar.bz2#19843d11737b00df9da76e69d7030dd9
https://conda.anaconda.org/conda-forge/osx-64/nss-3.69-h31e2bf1_0.tar.bz2#137a7ad0db3020c9efe7aae1d7f12f59
https://conda.anaconda.org/conda-forge/osx-64/python-3.9.7-h1248fe1_1_cpython.tar.bz2#b8300abe1b3678ccef632b3947bc0ff7
https://conda.anaconda.org/conda-forge/osx-64/xorg-libxext-1.3.4-h0d85af4_1.tar.bz2#747e38c3b645048fc8c176caef118096
https://conda.anaconda.org/conda-forge/noarch/appdirs-1.4.4-pyh9f0ad1d_0.tar.bz2#5f095bc6454094e96f146491fd03633b
https://conda.anaconda.org/conda-forge/noarch/argh-0.26.2-pyh9f0ad1d_1002.tar.bz2#0af89261f0352895e1c1000d306b3dc7
https://conda.anaconda.org/conda-forge/osx-64/atk-1.0-2.36.0-he69c4ee_4.tar.bz2#7b97814b391b446512be7df30c90ad26
https://conda.anaconda.org/conda-forge/noarch/backcall-0.2.0-pyh9f0ad1d_0.tar.bz2#6006a6d08a3fa99268a2681c7fb55213
https://conda.anaconda.org/conda-forge/noarch/backports-1.0-py_2.tar.bz2#0da16b293affa6ac31812376f8eb79dd
https://conda.anaconda.org/conda-forge/noarch/cached_property-1.5.2-pyha770c72_1.tar.bz2#576d629e47797577ab0f1b351297ef4a
https://conda.anaconda.org/conda-forge/osx-64/cairo-1.16.0-he43a7df_1008.tar.bz2#9a7c5be2c238f69157979bd1987bac82
https://conda.anaconda.org/conda-forge/noarch/charset-normalizer-2.0.0-pyhd8ed1ab_0.tar.bz2#4a57e24d5b759893615c05926b7b5fb9
https://conda.anaconda.org/conda-forge/noarch/construct-2.10.67-pyhd8ed1ab_0.tar.bz2#c0342083bda76a952543457ce95e99b6
https://conda.anaconda.org/conda-forge/noarch/decorator-5.1.0-pyhd8ed1ab_0.tar.bz2#71b13ba2e0efcff45646f05d619534b0
https://conda.anaconda.org/conda-forge/osx-64/gdk-pixbuf-2.42.6-h2e6141f_0.tar.bz2#be5dd0a4ffc76407baa987e0d99d6c97
https://conda.anaconda.org/conda-forge/osx-64/glib-tools-2.68.4-he49afe7_1.tar.bz2#2d4ba5f3f51813f89c921a3ab11902c7
https://conda.anaconda.org/conda-forge/osx-64/hdf5-1.10.6-nompi_hc5d9132_1114.tar.bz2#b7f592b79c2c97646a6c7f874b0db33a
https://conda.anaconda.org/conda-forge/noarch/idna-3.1-pyhd3deb0d_0.tar.bz2#9c9aea4b8391264477df484f798562d0
https://conda.anaconda.org/conda-forge/osx-64/lcms2-2.12-h577c468_0.tar.bz2#abce77b852b73670e85e104746b0ea1b
https://conda.anaconda.org/conda-forge/osx-64/libblas-3.9.0-11_osx64_openblas.tar.bz2#2f9b6da86f6018deedf855ccb04893a5
https://conda.anaconda.org/conda-forge/osx-64/libsndfile-1.0.31-he49afe7_1.tar.bz2#2e62134d445826b687face57e9974fdf
https://conda.anaconda.org/conda-forge/noarch/olefile-0.46-pyh9f0ad1d_1.tar.bz2#0b2e68acc8c78c8cc392b90983481f58
https://conda.anaconda.org/conda-forge/osx-64/openjpeg-2.4.0-h6e7aa92_1.tar.bz2#c8cbb6d99f6467246ac26a139256e50f
https://conda.anaconda.org/conda-forge/noarch/parso-0.8.2-pyhd8ed1ab_0.tar.bz2#fb40b157bd62b457a1cc82527b63f0b0
https://conda.anaconda.org/conda-forge/noarch/ptyprocess-0.7.0-pyhd3deb0d_0.tar.bz2#359eeb6536da0e687af562ed265ec263
https://conda.anaconda.org/conda-forge/noarch/pycparser-2.20-pyh9f0ad1d_2.tar.bz2#aa798d50ffd182a0f6f31478c7f434f6
https://conda.anaconda.org/conda-forge/noarch/pylibiio-0.21-py_6.tar.bz2#6524b76fc161db88267d8b0c69816bb6
https://conda.anaconda.org/conda-forge/noarch/pyparsing-2.4.7-pyh9f0ad1d_0.tar.bz2#626c4f20d5bf06dcec9cf2eaa31725c7
https://conda.anaconda.org/conda-forge/osx-64/python_abi-3.9-2_cp39.tar.bz2#262f557ee8ca777fe2190956038024cd
https://conda.anaconda.org/conda-forge/noarch/pytz-2021.1-pyhd8ed1ab_0.tar.bz2#3af2e9424d5eb0063824a3f9b850d411
https://conda.anaconda.org/conda-forge/osx-64/qt-5.12.9-h126340a_4.tar.bz2#3fd8d112f817bc29a2ff8f508b815845
https://conda.anaconda.org/conda-forge/osx-64/sdl-1.2.15-he49afe7_1.tar.bz2#758fbe5bd51eed8a3429cb4f31729376
https://conda.anaconda.org/conda-forge/noarch/six-1.16.0-pyh6c4a22f_0.tar.bz2#e5f25f8dbc060e9a8d912e432202afc2
https://conda.anaconda.org/conda-forge/noarch/traitlets-5.1.0-pyhd8ed1ab_0.tar.bz2#f6ba1dcaac382d318901f44c0eb3dcb8
https://conda.anaconda.org/conda-forge/osx-64/volk-2.5.0-h03a7de8_0.tar.bz2#1e34243bd5b2192a8052dd8a384efa56
https://conda.anaconda.org/conda-forge/noarch/wheel-0.37.0-pyhd8ed1ab_1.tar.bz2#3aa2c3e25dd361b453d010388b9cdff1
https://conda.anaconda.org/conda-forge/osx-64/appnope-0.1.2-py39h6e9494a_1.tar.bz2#d9b6464e55c4d9a7757c6294b8673400
https://conda.anaconda.org/conda-forge/noarch/cached-property-1.5.2-hd8ed1ab_1.tar.bz2#9b347a7ec10940d3f7941ff6c460b551
https://conda.anaconda.org/conda-forge/osx-64/certifi-2021.5.30-py39h6e9494a_0.tar.bz2#f5946ac7fd793702380bfcb90a353a0f
https://conda.anaconda.org/conda-forge/osx-64/cffi-1.14.6-py39he338e87_1.tar.bz2#aad4ef58510d3c4ea6537206df84c472
https://conda.anaconda.org/conda-forge/osx-64/chardet-4.0.0-py39h6e9494a_1.tar.bz2#f514d534fca0f9876720954703250c88
https://conda.anaconda.org/conda-forge/osx-64/click-8.0.1-py39h6e9494a_0.tar.bz2#67f5b58a1e8474030766b4e2b5c8951d
https://conda.anaconda.org/conda-forge/noarch/cycler-0.10.0-py_2.tar.bz2#f6d7c7e6d8f42cbbec7e07a8d879f91c
https://conda.anaconda.org/conda-forge/osx-64/g-ir-build-tools-1.68.0-py39h503e71d_3.tar.bz2#452316d745131321c3ae3f625fb164b3
https://conda.anaconda.org/conda-forge/osx-64/glib-2.68.4-he49afe7_1.tar.bz2#35954fa12f3f4c953ec30db341c6a1f1
https://conda.anaconda.org/conda-forge/osx-64/harfbuzz-2.9.1-h159f659_0.tar.bz2#ae79bd4e86c5625db44ec4fdae31186b
https://conda.anaconda.org/conda-forge/osx-64/jedi-0.18.0-py39h6e9494a_2.tar.bz2#e744e49642242ea6ab59b56d11df9466
https://conda.anaconda.org/conda-forge/osx-64/kiwisolver-1.3.2-py39hf018cea_0.tar.bz2#3b697488ee36335fb9a2b0cd5469dd0f
https://conda.anaconda.org/conda-forge/osx-64/libcblas-3.9.0-11_osx64_openblas.tar.bz2#c0378dd75e109b7a0b622e8d2a151dea
https://conda.anaconda.org/conda-forge/osx-64/libgirepository-1.68.0-h128b86d_3.tar.bz2#fc43af143dea68ec0ecf0fca80e70e2c
https://conda.anaconda.org/conda-forge/osx-64/libiio-0.21-h694c41f_6.tar.bz2#60fee06f50179b9143f953c24c5b89d6
https://conda.anaconda.org/conda-forge/osx-64/liblapack-3.9.0-11_osx64_openblas.tar.bz2#6b296c0d990d973f20abb79078de9812
https://conda.anaconda.org/conda-forge/osx-64/libm2k-0.5.0-py39ha4a404c_0.tar.bz2#9e4995ee0f7d1d9c746ebdbeb6b0ff0d
https://conda.anaconda.org/conda-forge/osx-64/lxml-4.6.3-py39hf41e7f8_0.tar.bz2#17e238000c1ed9e5324c51e9f5448c5c
https://conda.anaconda.org/conda-forge/osx-64/markupsafe-2.0.1-py39h89e85a6_0.tar.bz2#573ebdf373782a914d363f58da4edf20
https://conda.anaconda.org/conda-forge/noarch/matplotlib-inline-0.1.3-pyhd8ed1ab_0.tar.bz2#be3bfd435802d2c768c6b2439f325f3d
https://conda.anaconda.org/conda-forge/noarch/packaging-21.0-pyhd8ed1ab_0.tar.bz2#45cfb8e482b5cce8f07c87e0e19a592c
https://conda.anaconda.org/conda-forge/noarch/pexpect-4.8.0-pyh9f0ad1d_2.tar.bz2#5909e7b978141dd80d28dbf9de627827
https://conda.anaconda.org/conda-forge/osx-64/pickleshare-0.7.5-py39hde42818_1002.tar.bz2#ea16ea8f9953518f231b76ca97acea9a
https://conda.anaconda.org/conda-forge/osx-64/pillow-8.3.2-py39he9bb72f_0.tar.bz2#7a26df2d9e936db41730082ec6f8e1a9
https://conda.anaconda.org/conda-forge/osx-64/pycairo-1.20.1-py39hbe14034_0.tar.bz2#b9f36cf421a2411cc194b327b37198f7
https://conda.anaconda.org/conda-forge/osx-64/pyqt5-sip-4.19.18-py39hd8f94c5_7.tar.bz2#d7c7a6be4c8eeeaa5e54c8dc3e94b4bc
https://conda.anaconda.org/conda-forge/osx-64/pysocks-1.7.1-py39h6e9494a_3.tar.bz2#9badaee0fe9f61aa4794987f88e543fe
https://conda.anaconda.org/conda-forge/noarch/python-dateutil-2.8.2-pyhd8ed1ab_0.tar.bz2#dd999d1cc9f79e67dbb855c8924c7984
https://conda.anaconda.org/conda-forge/osx-64/pyyaml-5.4.1-py39h89e85a6_1.tar.bz2#3f2af9aea70f43c6d6693e647795796e
https://conda.anaconda.org/conda-forge/osx-64/pyzmq-22.3.0-py39h7fec2f1_0.tar.bz2#217d1df82b042a7b2a7923e90f2d1cc9
https://conda.anaconda.org/conda-forge/osx-64/qwt-6.1.6-h3050948_0.tar.bz2#7ef760227d27b971e573ab20f448d6b0
https://conda.anaconda.org/conda-forge/osx-64/ruamel.yaml.clib-0.2.2-py39hcbf5805_2.tar.bz2#430e9052a0e6d45bb7426fba8635a244
https://conda.anaconda.org/conda-forge/osx-64/setuptools-58.0.4-py39h6e9494a_1.tar.bz2#83a2c3ef865155de27ac096c014ffda9
https://conda.anaconda.org/conda-forge/osx-64/soapysdr-0.8.1-py39hf018cea_0.tar.bz2#cb1f1fe1a2b75755e73e971b17bb5962
https://conda.anaconda.org/conda-forge/osx-64/thrift-0.13.0-py39h9fcab8e_2.tar.bz2#9716c68523bcde46296e92c58d49750a
https://conda.anaconda.org/conda-forge/osx-64/tornado-6.1-py39h89e85a6_1.tar.bz2#1850c930b8e1e47f50d287c86c53e714
https://conda.anaconda.org/conda-forge/noarch/backports.functools_lru_cache-1.6.4-pyhd8ed1ab_0.tar.bz2#c5b3edc62d6309088f4970b3eaaa65a6
https://conda.anaconda.org/conda-forge/osx-64/brotlipy-0.7.0-py39h89e85a6_1001.tar.bz2#5d6ca17baad072799574678334840c4d
https://conda.anaconda.org/conda-forge/noarch/click-plugins-1.1.1-py_0.tar.bz2#4fd2c6b53934bd7d96d1f3fdaf99b79f
https://conda.anaconda.org/conda-forge/osx-64/cryptography-3.4.7-py39ha2c9959_0.tar.bz2#2c4542d3abca07b2b7263e15c85917db
https://conda.anaconda.org/conda-forge/osx-64/dbus-1.13.6-ha13b53f_2.tar.bz2#419c24c09b564083e2407afe507e0266
https://conda.anaconda.org/conda-forge/osx-64/fs-2.4.11-py39hde42818_2.tar.bz2#c171abe5e6d2f9d66141d97e81828e7f
https://conda.anaconda.org/conda-forge/osx-64/g-ir-host-tools-1.68.0-h7190600_3.tar.bz2#c692daee6d1b3491cda7a26e93202463
https://conda.anaconda.org/conda-forge/osx-64/gsl-2.7-h93259b0_0.tar.bz2#b4942b1ee2a52fd67f446074488d774d
https://conda.anaconda.org/conda-forge/osx-64/libad9361-iio-0.2-hd953885_2.tar.bz2#c44f4429864a5d29af20dcd6e28de98c
https://conda.anaconda.org/conda-forge/noarch/mako-1.1.5-pyhd8ed1ab_0.tar.bz2#e8f5f27557d8a0f6c4ed9950cd622e50
https://conda.anaconda.org/conda-forge/osx-64/numpy-1.21.2-py39h7eed0ac_0.tar.bz2#d460f332a4d13cd2194eef96720f0030
https://conda.anaconda.org/conda-forge/osx-64/pango-1.48.10-ha05cd14_0.tar.bz2#495302192c3cabb151e5b095be39255c
https://conda.anaconda.org/conda-forge/noarch/pip-21.2.4-pyhd8ed1ab_0.tar.bz2#4104ada314dd5639ea36cc12bce0a2cd
https://conda.anaconda.org/conda-forge/noarch/pygments-2.10.0-pyhd8ed1ab_0.tar.bz2#32bcce837f1316f1c3208118b6c5e5fc
https://conda.anaconda.org/conda-forge/osx-64/pynacl-1.4.0-py39h89e85a6_2.tar.bz2#f32516d585a9573b020c49fd078c8802
https://conda.anaconda.org/conda-forge/osx-64/ruamel.yaml-0.17.16-py39h89e85a6_0.tar.bz2#1c5ab4b00996df5579f24c3155b94ed5
https://conda.anaconda.org/conda-forge/osx-64/soapysdr-module-airspy-0.2.0-ha64c28d_0.tar.bz2#b59403f2f4c2a8a5e63e1c85eac94721
https://conda.anaconda.org/conda-forge/osx-64/soapysdr-module-airspyhf-0.2.0-ha64c28d_0.tar.bz2#db15c5581723856f829b15729a93b61b
https://conda.anaconda.org/conda-forge/osx-64/soapysdr-module-lms7-20.10.0-h01fb3c3_1.tar.bz2#53e01b289ed4eabde51e0a58bed4379a
https://conda.anaconda.org/conda-forge/osx-64/soapysdr-module-remote-0.5.2-ha64c28d_2.tar.bz2#b46013cf640ecbe5bfb5ecb01d53561c
https://conda.anaconda.org/conda-forge/osx-64/soapysdr-module-rtlsdr-0.3.0-ha64c28d_1.tar.bz2#b843c0b76e0ffd4f30e8e62868d9d0fd
https://conda.anaconda.org/conda-forge/osx-64/watchdog-2.1.5-py39h9c2f2d1_0.tar.bz2#fd85b7e5055485df6952f53faa23a611
https://conda.anaconda.org/conda-forge/osx-64/bcrypt-3.2.0-py39h89e85a6_1.tar.bz2#86bea738c730f131d86fd3f93fe2d54f
https://conda.anaconda.org/conda-forge/osx-64/gnuradio-core-3.9.2.0-py39h6b1a5cb_5.tar.bz2#39256803e6a3877d6c918b9f248c4049
https://conda.anaconda.org/conda-forge/osx-64/gobject-introspection-1.68.0-py39hf2df949_3.tar.bz2#5ccb6db5b635d5e3d066cdf6e4288a45
https://conda.anaconda.org/conda-forge/osx-64/gtk3-3.24.29-h9499984_2.tar.bz2#0dfb90128c3779823e8c427ab49255fb
https://conda.anaconda.org/conda-forge/osx-64/h5py-3.3.0-nompi_py39h1bb8402_100.tar.bz2#15cb5216dc4dc90a997dc84b94933577
https://conda.anaconda.org/conda-forge/osx-64/librsvg-2.50.7-hd2a7919_0.tar.bz2#e55d9a9976ab4fc802bf308d15303d60
https://conda.anaconda.org/conda-forge/osx-64/limesuite-20.10.0-h1ad935b_1.tar.bz2#a84775d50649f0a26e7c558822886c81
https://conda.anaconda.org/conda-forge/osx-64/matplotlib-base-3.4.3-py39hb07454d_0.tar.bz2#bb326c96eddccf74ff8717c9c813a5de
https://conda.anaconda.org/conda-forge/osx-64/pandas-1.3.3-py39h4d6be9b_0.tar.bz2#6e657af3108d4a54b2ba60022fe06ab4
https://conda.anaconda.org/conda-forge/noarch/pyopenssl-20.0.1-pyhd8ed1ab_0.tar.bz2#92371c25994d0f5d28a01c1fb75ebf86
https://conda.anaconda.org/conda-forge/osx-64/pyqt-impl-5.12.3-py39hef7122c_7.tar.bz2#2095ebf32dead63bf600e969db245560
https://conda.anaconda.org/conda-forge/osx-64/scipy-1.7.1-py39h056f1c0_0.tar.bz2#f896290de75576787a55ddd1dce19d84
https://conda.anaconda.org/conda-forge/osx-64/soapysdr-module-plutosdr-0.2.1-h665823e_2.tar.bz2#a7348fb7b33df9409d955624253849e1
https://conda.anaconda.org/conda-forge/noarch/wcwidth-0.2.5-pyh9f0ad1d_2.tar.bz2#5266fcd697043c59621fda522b3d78ee
https://conda.anaconda.org/conda-forge/osx-64/adwaita-icon-theme-41.0-h694c41f_0.tar.bz2#ca940571df079fba751ff11a62f0912e
https://conda.anaconda.org/conda-forge/osx-64/digital_rf-2.6.7-py39h1343810_0.tar.bz2#e3d735ffbaacc06f39e4bf11336a27f9
https://conda.anaconda.org/conda-forge/osx-64/gnuradio-soapy-intree-3.9.2.0-py39ha829e66_5.tar.bz2#d047268cbd78c09a81c9ee64d8e9cf01
https://conda.anaconda.org/conda-forge/osx-64/gnuradio-video-sdl-3.9.2.0-py39h03712de_5.tar.bz2#aeaa4071f99f37396ae4cb9cc1f36424
https://conda.anaconda.org/conda-forge/osx-64/gnuradio-zeromq-3.9.2.0-py39hb670c75_5.tar.bz2#18f24a04965102449e9d01b4e6115f85
https://conda.anaconda.org/conda-forge/osx-64/matplotlib-3.4.3-py39h6e9494a_0.tar.bz2#11608bff905349e76031a4104d53c7d2
https://conda.anaconda.org/conda-forge/noarch/paramiko-2.7.2-pyh9f0ad1d_0.tar.bz2#4d76712e0f2f863a71dd18857ec98383
https://conda.anaconda.org/conda-forge/noarch/prompt-toolkit-3.0.20-pyha770c72_0.tar.bz2#98a90e847b48fc14b2d5b12e4884e8d4
https://conda.anaconda.org/conda-forge/osx-64/pygobject-3.40.1-py39hf2df949_2.tar.bz2#36411c1387d4ef06b10b1adba54dd3aa
https://conda.anaconda.org/conda-forge/osx-64/pyqtchart-5.12-py39hef7122c_7.tar.bz2#3f186249a34245913a84d225a058c7ac
https://conda.anaconda.org/conda-forge/osx-64/pyqtwebengine-5.12.1-py39hef7122c_7.tar.bz2#d5f4e863293f6f614becde4107be4a97
https://conda.anaconda.org/conda-forge/noarch/urllib3-1.26.6-pyhd8ed1ab_0.tar.bz2#dea5b6d93cfbfbc2a253168ad05b3f89
https://conda.anaconda.org/conda-forge/osx-64/gnuradio-grc-3.9.2.0-py39h03712de_5.tar.bz2#d16a13c53776a0417a85e4e975466f34
https://conda.anaconda.org/conda-forge/osx-64/ipython-7.27.0-py39h71a6800_0.tar.bz2#b2dd443a545e9a9feb317e9d6d334923
https://conda.anaconda.org/conda-forge/noarch/pyadi-iio-0.0.9-pyhd8ed1ab_0.tar.bz2#eeaf9a0c5de35a9a8248858e9415b648
https://conda.anaconda.org/conda-forge/osx-64/pyqt-5.12.3-py39h6e9494a_7.tar.bz2#2dd0c7db8f759aef879bc81bd08bd838
https://conda.anaconda.org/conda-forge/noarch/requests-2.26.0-pyhd8ed1ab_0.tar.bz2#0ed2ccbde6db9dd5789068eb7194463f
https://conda.anaconda.org/conda-forge/osx-64/gnuradio-qtgui-3.9.2.0-py39h6b862b5_5.tar.bz2#96d94092e52e3feab56a3af998ff4cbb
https://conda.anaconda.org/conda-forge/osx-64/gnuradio-satellites-4.3.1-py39h4bc1d99_0.tar.bz2#5a7ad877ca03c70d381ef07460329370
https://conda.anaconda.org/conda-forge/osx-64/uhd-4.1.0.3-py39hcb7f7b0_0.tar.bz2#ef9deb2fe051538c56bd742dff8b8c59
https://conda.anaconda.org/conda-forge/osx-64/gnuradio-uhd-3.9.2.0-py39hd4da604_5.tar.bz2#4e5dc93f8b284d38af0688815872cb35
https://conda.anaconda.org/conda-forge/osx-64/soapysdr-module-uhd-0.4.1-h769adbc_3.tar.bz2#31d582cd4ef15682d826672c761fb79c
https://conda.anaconda.org/conda-forge/osx-64/gnuradio-3.9.2.0-py39h76b5f56_5.tar.bz2#cd490139db74d7c317b57e5be72cf72a
https://conda.anaconda.org/conda-forge/osx-64/gnuradio-osmosdr-0.2.3-py39hb9d4e75_10.tar.bz2#6a508705f98f3a7074145323558770ac
https://conda.anaconda.org/conda-forge/osx-64/gqrx-2.14.4-hce2c017_5.tar.bz2#cdb12815be9556daef7eab41695cc77f
