# platform: osx-arm64
# env_hash: 0a422f159f8500a0367215e8c2712fd3146d0b6f8c905b6fbc7219c827228fcc
@EXPLICIT
https://conda.anaconda.org/conda-forge/osx-arm64/bzip2-1.0.8-h3422bc3_4.tar.bz2#fc76ace7b94fb1f694988ab1b14dd248
https://conda.anaconda.org/conda-forge/osx-arm64/c-ares-1.17.2-h3422bc3_0.tar.bz2#fa5855e83922d75d126f40f47be3c92c
https://conda.anaconda.org/conda-forge/osx-arm64/ca-certificates-2021.5.30-h4653dfc_0.tar.bz2#21b35f488f8ccf40c7d3ae05303e24e5
https://conda.anaconda.org/conda-forge/osx-arm64/epoxy-1.5.9-h3422bc3_0.tar.bz2#177cab93b9d2466ed46f9811adb3f313
https://conda.anaconda.org/conda-forge/noarch/font-ttf-dejavu-sans-mono-2.37-hab24e00_0.tar.bz2#0c96522c6bdaed4b1566d11387caaf45
https://conda.anaconda.org/conda-forge/noarch/font-ttf-inconsolata-3.000-h77eed37_0.tar.bz2#34893075a5c9e55cdafac56607368fc6
https://conda.anaconda.org/conda-forge/noarch/font-ttf-source-code-pro-2.038-h77eed37_0.tar.bz2#4d59c254e01d9cde7957100457e2d5fb
https://conda.anaconda.org/conda-forge/noarch/font-ttf-ubuntu-0.83-hab24e00_0.tar.bz2#19410c3df09dfb12d1206132a1d357c5
https://conda.anaconda.org/conda-forge/osx-arm64/fribidi-1.0.10-h27ca646_0.tar.bz2#c64443234ff91d70cb9c7dc926c58834
https://conda.anaconda.org/conda-forge/osx-arm64/gstreamer-orc-0.4.32-h3422bc3_1.tar.bz2#d10370816e89196f96476bd8c90b4343
https://conda.anaconda.org/conda-forge/osx-arm64/hicolor-icon-theme-0.17-hce30654_2.tar.bz2#237b05b7eb284d7eebc3c5d93f5e4bca
https://conda.anaconda.org/conda-forge/osx-arm64/jbig-2.1-h3422bc3_2003.tar.bz2#38e4745944cf5b4598ad7f1cfed5430d
https://conda.anaconda.org/conda-forge/osx-arm64/jpeg-9d-h27ca646_0.tar.bz2#08d2dcb8fc57b70f2cd1ebfb392688ab
https://conda.anaconda.org/conda-forge/osx-arm64/libcodec2-1.0.1-h3422bc3_1.tar.bz2#736d158ce1be8b5ca1d2f797745b8dd1
https://conda.anaconda.org/conda-forge/osx-arm64/libcxx-12.0.1-h168391b_0.tar.bz2#d534e631f8fefc2690e11bcd85721f26
https://conda.anaconda.org/conda-forge/osx-arm64/libdeflate-1.7-h27ca646_5.tar.bz2#81371e24146b511c56fc67f4b50dec22
https://conda.anaconda.org/conda-forge/osx-arm64/libev-4.33-h642e427_1.tar.bz2#566dbf70fe79eacdb3c3d3d195a27f55
https://conda.anaconda.org/conda-forge/osx-arm64/libiconv-1.16-h642e427_0.tar.bz2#981f3119b0c5d73282401ee66c14ea04
https://conda.anaconda.org/conda-forge/osx-arm64/libogg-1.3.4-h27ca646_1.tar.bz2#fb211883ad5716e398b974a9cde9d78e
https://conda.anaconda.org/conda-forge/osx-arm64/libopus-1.3.1-h27ca646_1.tar.bz2#3d0dbee0ccd2f6d6781d270313627b62
https://conda.anaconda.org/conda-forge/osx-arm64/libsodium-1.0.18-h27ca646_1.tar.bz2#90859688dbca4735b74c02af14c4c793
https://conda.anaconda.org/conda-forge/osx-arm64/libusb-1.0.24-h3422bc3_105.tar.bz2#830746eebf8a67e9c00284581f1f22b5
https://conda.anaconda.org/conda-forge/osx-arm64/libwebp-base-1.2.1-h3422bc3_0.tar.bz2#5c092854d506da060e1f9ffde1963de1
https://conda.anaconda.org/conda-forge/osx-arm64/libzlib-1.2.11-hee7b306_1013.tar.bz2#fe3c74ef0fe456a4011468f860b0c3dc
https://conda.anaconda.org/conda-forge/osx-arm64/llvm-openmp-12.0.1-hf3c4609_1.tar.bz2#99d8ad7f938fc5b730ec1c610851f1ba
https://conda.anaconda.org/conda-forge/osx-arm64/ncurses-6.2-h9aa5885_4.tar.bz2#8a4aa25a5741e65f2338204f8a45d8d8
https://conda.anaconda.org/conda-forge/osx-arm64/pixman-0.40.0-h27ca646_0.tar.bz2#0cedfe37c9aee28f5e926a870965466a
https://conda.anaconda.org/conda-forge/osx-arm64/pthread-stubs-0.4-h27ca646_1001.tar.bz2#d3f26c6494d4105d4ecb85203d687102
https://conda.anaconda.org/conda-forge/noarch/pybind11-abi-4-hd8ed1ab_3.tar.bz2#878f923dd6acc8aeb47a75da6c4098be
https://conda.anaconda.org/conda-forge/noarch/tzdata-2021c-he74cb21_0.tar.bz2#9b44c09d42c07672964f62aa688e07ea
https://conda.anaconda.org/conda-forge/osx-arm64/xorg-kbproto-1.0.7-h27ca646_1002.tar.bz2#7fb248f07fec67488000ebd466a5b73d
https://conda.anaconda.org/conda-forge/osx-arm64/xorg-libxau-1.0.9-h27ca646_0.tar.bz2#e2fa1f5a28cf0ce02516baf910be132e
https://conda.anaconda.org/conda-forge/osx-arm64/xorg-libxdmcp-1.1.3-h27ca646_0.tar.bz2#6738b13f7fadc18725965abdd4129c36
https://conda.anaconda.org/conda-forge/osx-arm64/xorg-xextproto-7.3.0-h27ca646_1002.tar.bz2#53d3accb288705d1f2de938a225cc8db
https://conda.anaconda.org/conda-forge/osx-arm64/xorg-xproto-7.0.31-h27ca646_1007.tar.bz2#fca1f15eca1f9fd68a5f2433cb8e5a3f
https://conda.anaconda.org/conda-forge/osx-arm64/xz-5.2.5-h642e427_1.tar.bz2#9ab2316785cb81c464ab9a99512dae71
https://conda.anaconda.org/conda-forge/osx-arm64/yaml-0.2.5-h642e427_0.tar.bz2#143549bda61a8b9e3a223328cdddc811
https://conda.anaconda.org/conda-forge/osx-arm64/codec2-1.0.1-h3422bc3_1.tar.bz2#11ef8d2ceb9692c3038ba392d08c3735
https://conda.anaconda.org/conda-forge/noarch/fonts-conda-forge-1-0.tar.bz2#f766549260d6815b0c52253f1fb1bb29
https://conda.anaconda.org/conda-forge/osx-arm64/glew-2.1.0-h9f76cd9_2.tar.bz2#ec67d4b810ad567618722a2772e9755c
https://conda.anaconda.org/conda-forge/osx-arm64/gmp-6.2.1-h9f76cd9_0.tar.bz2#f8140773b6ca51bf32feec9b4290a8c5
https://conda.anaconda.org/conda-forge/osx-arm64/graphite2-1.3.13-h9f76cd9_1001.tar.bz2#288b591645cb9cb9c0af7309ac1114f5
https://conda.anaconda.org/conda-forge/osx-arm64/icu-68.1-h17758a7_0.tar.bz2#ed46550fd3a222318044a2aab5642aad
https://conda.anaconda.org/conda-forge/osx-arm64/lerc-2.2.1-h9f76cd9_0.tar.bz2#977b76d8475157da92bfb6ee6b45cb59
https://conda.anaconda.org/conda-forge/osx-arm64/libairspy-1.0.10-h3422bc3_0.tar.bz2#292b931a0bb3b0ef53668caa7b2306e5
https://conda.anaconda.org/conda-forge/osx-arm64/libairspyhf-1.6.8-h3422bc3_0.tar.bz2#3dab7eb103a9ae00eceb5f070ed954ca
https://conda.anaconda.org/conda-forge/osx-arm64/libedit-3.1.20191231-hc8eb9b7_2.tar.bz2#30e4362988a2623e9eb34337b83e01f9
https://conda.anaconda.org/conda-forge/osx-arm64/libffi-3.4.2-hbdafb3b_4.tar.bz2#389ebb44c721937375847d8ad857285c
https://conda.anaconda.org/conda-forge/osx-arm64/libgfortran5-11.0.1.dev0-hf114ba7_23.tar.bz2#402c05211a9c339c71a1e82ac8b7ad81
https://conda.anaconda.org/conda-forge/osx-arm64/liblimesuite-20.10.0-hbdafb3b_1.tar.bz2#fdec281817b728ac7b0b4568a393d197
https://conda.anaconda.org/conda-forge/osx-arm64/libvorbis-1.3.7-h9f76cd9_0.tar.bz2#92a1a88d1a1d468c19d9e1659ac8d3df
https://conda.anaconda.org/conda-forge/osx-arm64/libxcb-1.13-hd99320e_1003.tar.bz2#afba25c5563ea703307f93c720331cc3
https://conda.anaconda.org/conda-forge/osx-arm64/log4cpp-1.1.3-hbdafb3b_1002.tar.bz2#9de8d357e562facc7e2f423f7a5597de
https://conda.anaconda.org/conda-forge/osx-arm64/lz4-c-1.9.3-hbdafb3b_1.tar.bz2#074b9beb2e563515c0dd46229b18d521
https://conda.anaconda.org/conda-forge/osx-arm64/openssl-1.1.1l-h3422bc3_0.tar.bz2#0b3c59333ff2693e8de50b6f679bd3cd
https://conda.anaconda.org/conda-forge/osx-arm64/pcre-8.45-hbdafb3b_0.tar.bz2#500758f2515ae07c640d255c11afc19f
https://conda.anaconda.org/conda-forge/osx-arm64/readline-8.1-hedafd6a_0.tar.bz2#3ab98d5fd433cd392a1b0781391a9e38
https://conda.anaconda.org/conda-forge/osx-arm64/rtl-sdr-0.6.0-h3422bc3_2.tar.bz2#5ced3359c11b64e23f91e0785120ff83
https://conda.anaconda.org/conda-forge/osx-arm64/volk-2.5.0-hbdafb3b_0.tar.bz2#6e2402c2e2c5fade87cb0a3ef9a868aa
https://conda.anaconda.org/conda-forge/osx-arm64/zeromq-4.3.4-hbdafb3b_1.tar.bz2#49132c08da6545dc68351ff8b659ac8e
https://conda.anaconda.org/conda-forge/osx-arm64/zlib-1.2.11-hee7b306_1013.tar.bz2#0b65c3db409dd06257dd879605eddb45
https://conda.anaconda.org/conda-forge/osx-arm64/airspy-1.0.10-h3422bc3_0.tar.bz2#0fda367c4b6fdb30b647f58536441f52
https://conda.anaconda.org/conda-forge/osx-arm64/airspyhf-1.6.8-h3422bc3_0.tar.bz2#884033788eb06726f5be734389b44c4d
https://conda.anaconda.org/conda-forge/noarch/fonts-conda-ecosystem-1-0.tar.bz2#fee5683a3f04bd15cbd8318b096a27ab
https://conda.anaconda.org/conda-forge/osx-arm64/gettext-0.19.8.1-h049c9fb_1008.tar.bz2#ce140e40b0c991bf6e111a131418c3c5
https://conda.anaconda.org/conda-forge/osx-arm64/libevent-2.1.10-hbae9a57_4.tar.bz2#a1f2aca3c5999a24527d6f8a3a8e9320
https://conda.anaconda.org/conda-forge/osx-arm64/libgfortran-5.0.0.dev0-11_0_1_hf114ba7_23.tar.bz2#75f6bd23c894fbb8d353c75edb7041d6
https://conda.anaconda.org/conda-forge/osx-arm64/libnghttp2-1.43.0-he4cd7f6_1.tar.bz2#b0f008739739924de7e68f4749cc46f0
https://conda.anaconda.org/conda-forge/osx-arm64/libpng-1.6.37-hf7e6567_2.tar.bz2#1c5087c1f23ba00c342cfb725f69a57c
https://conda.anaconda.org/conda-forge/osx-arm64/libssh2-1.10.0-hb80f160_2.tar.bz2#0c349d0f6965a927b5b57dedbb0a650b
https://conda.anaconda.org/conda-forge/osx-arm64/libxml2-2.9.12-h538f51a_0.tar.bz2#b0ace3c42e7bf593ac9ed5efc27c2108
https://conda.anaconda.org/conda-forge/osx-arm64/sqlite-3.36.0-h72a2b83_2.tar.bz2#39b91d8b93b9950c166a6d27ea92f385
https://conda.anaconda.org/conda-forge/osx-arm64/tk-8.6.11-he1e0b03_1.tar.bz2#dd4c783060a6825a6e73a073c650be16
https://conda.anaconda.org/conda-forge/osx-arm64/xorg-libx11-1.7.2-h3422bc3_0.tar.bz2#086d21cd75de63fc62d165a84dab0b70
https://conda.anaconda.org/conda-forge/osx-arm64/zstd-1.5.0-h861e0a7_0.tar.bz2#3a3700f7735317734bf584b11a9475f6
https://conda.anaconda.org/conda-forge/osx-arm64/boost-cpp-1.74.0-h32e41df_4.tar.bz2#42a03a9c9e37a2e8c7e7fab263d32743
https://conda.anaconda.org/conda-forge/osx-arm64/fftw-3.3.10-nompi_he703b52_101.tar.bz2#4517e2e2f719e8e701f450000c838a76
https://conda.anaconda.org/conda-forge/osx-arm64/freetype-2.10.4-h17b34a0_1.tar.bz2#c34e8d42b8dcb72cad14b45a4132e9c7
https://conda.anaconda.org/conda-forge/osx-arm64/krb5-1.19.2-hd92b7a7_2.tar.bz2#93c7cf8b3306c32962e65c4fdcfcf9c8
https://conda.anaconda.org/conda-forge/osx-arm64/libflac-1.3.3-h9f76cd9_1.tar.bz2#ee181b72399f6c2a60cb9650162e260f
https://conda.anaconda.org/conda-forge/osx-arm64/libglib-2.68.4-h67e64d8_1.tar.bz2#36e01466aeba7b571e6612f7ebb7d73a
https://conda.anaconda.org/conda-forge/osx-arm64/libiio-c-0.21-h3188beb_6.tar.bz2#3aae2d78f2a781b2670f3f36a95781b1
https://conda.anaconda.org/conda-forge/osx-arm64/libopenblas-0.3.17-openmp_h5dd58f0_1.tar.bz2#b6ebd5789418617a0dc60ad0389b3ce3
https://conda.anaconda.org/conda-forge/osx-arm64/libthrift-0.15.0-h28a9c34_0.tar.bz2#4fef718c727fac209b23e732c8e0e8da
https://conda.anaconda.org/conda-forge/osx-arm64/libtiff-4.3.0-hc6122e1_1.tar.bz2#0d795cf8b60d6d362cd1f549894841cd
https://conda.anaconda.org/conda-forge/osx-arm64/libxslt-1.1.33-hd2240da_2.tar.bz2#55bf4bc1cb4d96af026b0a4043a80607
https://conda.anaconda.org/conda-forge/osx-arm64/python-3.9.7-h54d631c_3_cpython.tar.bz2#fdece2a66a54860f3252a9ab8e5ea337
https://conda.anaconda.org/conda-forge/osx-arm64/xorg-libxext-1.3.4-h27ca646_1.tar.bz2#018e331c817a27dc467eb5586cb2fe62
https://conda.anaconda.org/conda-forge/noarch/appdirs-1.4.4-pyh9f0ad1d_0.tar.bz2#5f095bc6454094e96f146491fd03633b
https://conda.anaconda.org/conda-forge/noarch/argh-0.26.2-pyh9f0ad1d_1002.tar.bz2#0af89261f0352895e1c1000d306b3dc7
https://conda.anaconda.org/conda-forge/osx-arm64/atk-1.0-2.36.0-heb41896_4.tar.bz2#b872b7822a07f3f2f68d992fbb3f7294
https://conda.anaconda.org/conda-forge/noarch/backcall-0.2.0-pyh9f0ad1d_0.tar.bz2#6006a6d08a3fa99268a2681c7fb55213
https://conda.anaconda.org/conda-forge/noarch/backports-1.0-py_2.tar.bz2#0da16b293affa6ac31812376f8eb79dd
https://conda.anaconda.org/conda-forge/noarch/cached_property-1.5.2-pyha770c72_1.tar.bz2#576d629e47797577ab0f1b351297ef4a
https://conda.anaconda.org/conda-forge/noarch/charset-normalizer-2.0.0-pyhd8ed1ab_0.tar.bz2#4a57e24d5b759893615c05926b7b5fb9
https://conda.anaconda.org/conda-forge/noarch/construct-2.10.67-pyhd8ed1ab_0.tar.bz2#c0342083bda76a952543457ce95e99b6
https://conda.anaconda.org/conda-forge/noarch/decorator-5.1.0-pyhd8ed1ab_0.tar.bz2#71b13ba2e0efcff45646f05d619534b0
https://conda.anaconda.org/conda-forge/osx-arm64/fontconfig-2.13.1-heb65262_1005.tar.bz2#878aa172323a35de2509645b84d8a76d
https://conda.anaconda.org/conda-forge/osx-arm64/gdk-pixbuf-2.42.6-hff60771_0.tar.bz2#63315b179bb0fe73d4ad7e43e64407cd
https://conda.anaconda.org/conda-forge/osx-arm64/glib-tools-2.68.4-hbdafb3b_1.tar.bz2#5208c985ed11149e929b0550ff835e81
https://conda.anaconda.org/conda-forge/noarch/idna-3.1-pyhd3deb0d_0.tar.bz2#9c9aea4b8391264477df484f798562d0
https://conda.anaconda.org/conda-forge/osx-arm64/lcms2-2.12-had6a04f_0.tar.bz2#e66c48b683085eaa6627cc61ba76c1e2
https://conda.anaconda.org/conda-forge/osx-arm64/libblas-3.9.0-11_osxarm64_openblas.tar.bz2#50366fc6c92fb8d92adde5eb236b89f3
https://conda.anaconda.org/conda-forge/osx-arm64/libcurl-7.79.1-h8fe1914_1.tar.bz2#d4232b79570b0067f2e5a515d4e0d247
https://conda.anaconda.org/conda-forge/osx-arm64/libsndfile-1.0.31-h9f76cd9_1.tar.bz2#94c0b4b68291f7df4b488096fcae35a6
https://conda.anaconda.org/conda-forge/noarch/olefile-0.46-pyh9f0ad1d_1.tar.bz2#0b2e68acc8c78c8cc392b90983481f58
https://conda.anaconda.org/conda-forge/osx-arm64/openjpeg-2.4.0-h062765e_1.tar.bz2#02ec6e9debe1bf6488ac302592d067fc
https://conda.anaconda.org/conda-forge/noarch/parso-0.8.2-pyhd8ed1ab_0.tar.bz2#fb40b157bd62b457a1cc82527b63f0b0
https://conda.anaconda.org/conda-forge/noarch/pickleshare-0.7.5-py_1003.tar.bz2#415f0ebb6198cc2801c73438a9fb5761
https://conda.anaconda.org/conda-forge/osx-arm64/pkg-config-0.29.2-h144af15_1008.tar.bz2#4390e5a35af9ea6e6b45e692c0eb5c68
https://conda.anaconda.org/conda-forge/noarch/ptyprocess-0.7.0-pyhd3deb0d_0.tar.bz2#359eeb6536da0e687af562ed265ec263
https://conda.anaconda.org/conda-forge/noarch/pycparser-2.20-pyh9f0ad1d_2.tar.bz2#aa798d50ffd182a0f6f31478c7f434f6
https://conda.anaconda.org/conda-forge/noarch/pylibiio-0.21-py_6.tar.bz2#6524b76fc161db88267d8b0c69816bb6
https://conda.anaconda.org/conda-forge/noarch/pyparsing-2.4.7-pyh9f0ad1d_0.tar.bz2#626c4f20d5bf06dcec9cf2eaa31725c7
https://conda.anaconda.org/conda-forge/osx-arm64/python_abi-3.9-2_cp39.tar.bz2#ba3082b5441b482d5cfe328d4e7ba0bf
https://conda.anaconda.org/conda-forge/noarch/pytz-2021.3-pyhd8ed1ab_0.tar.bz2#7e4f811bff46a5a6a7e0094921389395
https://conda.anaconda.org/conda-forge/osx-arm64/sdl-1.2.15-hbdafb3b_1.tar.bz2#57f6d68f2ac101086705640c77cab85d
https://conda.anaconda.org/conda-forge/noarch/six-1.16.0-pyh6c4a22f_0.tar.bz2#e5f25f8dbc060e9a8d912e432202afc2
https://conda.anaconda.org/conda-forge/noarch/traitlets-5.1.0-pyhd8ed1ab_0.tar.bz2#f6ba1dcaac382d318901f44c0eb3dcb8
https://conda.anaconda.org/conda-forge/noarch/wheel-0.37.0-pyhd8ed1ab_1.tar.bz2#3aa2c3e25dd361b453d010388b9cdff1
https://conda.anaconda.org/conda-forge/osx-arm64/appnope-0.1.2-py39h2804cbe_1.tar.bz2#7002e26e4fea421f003ae53db5729762
https://conda.anaconda.org/conda-forge/noarch/cached-property-1.5.2-hd8ed1ab_1.tar.bz2#9b347a7ec10940d3f7941ff6c460b551
https://conda.anaconda.org/conda-forge/osx-arm64/cairo-1.16.0-he69dfd1_1008.tar.bz2#1b81700acf8096f534c062f48966690b
https://conda.anaconda.org/conda-forge/osx-arm64/certifi-2021.5.30-py39h2804cbe_0.tar.bz2#402804274647d0b524c3de7e46b6162a
https://conda.anaconda.org/conda-forge/osx-arm64/cffi-1.14.6-py39h52b1de0_1.tar.bz2#ec2a4abdeb9eec70aff6df9a0690a038
https://conda.anaconda.org/conda-forge/osx-arm64/chardet-4.0.0-py39h2804cbe_1.tar.bz2#47f595c9627a2ddafda530984ffd105a
https://conda.anaconda.org/conda-forge/osx-arm64/click-8.0.1-py39h2804cbe_0.tar.bz2#4db5973681af1a5e641ce30b34f81e41
https://conda.anaconda.org/conda-forge/noarch/cycler-0.10.0-py_2.tar.bz2#f6d7c7e6d8f42cbbec7e07a8d879f91c
https://conda.anaconda.org/conda-forge/noarch/fs-2.0.11-py_0.tar.bz2#b2ed0352379702cd0248a8c608be05cd
https://conda.anaconda.org/conda-forge/osx-arm64/g-ir-build-tools-1.70.0-py39h0e39ed8_0.tar.bz2#6f9732c8126eafb58cd25e6c028b1eca
https://conda.anaconda.org/conda-forge/osx-arm64/hdf5-1.10.6-nompi_h0fc092c_1114.tar.bz2#3837020cc4816721a886d9e076b6d15f
https://conda.anaconda.org/conda-forge/osx-arm64/jedi-0.18.0-py39h2804cbe_2.tar.bz2#e5de774d3a860d3aeb74d319f43688da
https://conda.anaconda.org/conda-forge/osx-arm64/kiwisolver-1.3.2-py39h4d2d688_0.tar.bz2#e1c0f9fe2e7adf6e768a9ad7feff7b62
https://conda.anaconda.org/conda-forge/osx-arm64/libcblas-3.9.0-11_osxarm64_openblas.tar.bz2#8b477a8fe38f0b537c43cb3b692e8bdb
https://conda.anaconda.org/conda-forge/osx-arm64/libiio-0.21-hce30654_6.tar.bz2#75239a82bf97e536b3c309ef0a1da1a4
https://conda.anaconda.org/conda-forge/osx-arm64/liblapack-3.9.0-11_osxarm64_openblas.tar.bz2#adafdd4852206d61fdeb395523735f9a
https://conda.anaconda.org/conda-forge/osx-arm64/libm2k-0.5.0-py39h1e86038_1.tar.bz2#c40a55ef73ee6663451bac83e634aaf3
https://conda.anaconda.org/conda-forge/osx-arm64/lxml-4.6.3-py39h3757d6e_0.tar.bz2#eb848dcfbe533b73f54ffa135c0d8135
https://conda.anaconda.org/conda-forge/osx-arm64/markupsafe-2.0.1-py39h5161555_0.tar.bz2#27b8e113dbb1de6f135bffc06ce3c73d
https://conda.anaconda.org/conda-forge/noarch/matplotlib-inline-0.1.3-pyhd8ed1ab_0.tar.bz2#be3bfd435802d2c768c6b2439f325f3d
https://conda.anaconda.org/conda-forge/noarch/packaging-21.0-pyhd8ed1ab_0.tar.bz2#45cfb8e482b5cce8f07c87e0e19a592c
https://conda.anaconda.org/conda-forge/noarch/pexpect-4.8.0-pyh9f0ad1d_2.tar.bz2#5909e7b978141dd80d28dbf9de627827
https://conda.anaconda.org/conda-forge/osx-arm64/pillow-8.3.2-py39ha74c66e_0.tar.bz2#4042986f9e60324a31d42f8594ee2cb0
https://conda.anaconda.org/conda-forge/osx-arm64/pysocks-1.7.1-py39h2804cbe_3.tar.bz2#b64a9a8199e9e54a134bb0f78687f7fa
https://conda.anaconda.org/conda-forge/noarch/python-dateutil-2.8.2-pyhd8ed1ab_0.tar.bz2#dd999d1cc9f79e67dbb855c8924c7984
https://conda.anaconda.org/conda-forge/osx-arm64/pyyaml-5.4.1-py39h5161555_1.tar.bz2#a8d41bc6573a149ddc4a8db79ec97d9b
https://conda.anaconda.org/conda-forge/osx-arm64/pyzmq-22.3.0-py39h02c6a76_0.tar.bz2#9518fcc097ac28b8494d144e0c2b552e
https://conda.anaconda.org/conda-forge/osx-arm64/ruamel.yaml.clib-0.2.2-py39h46acfd9_2.tar.bz2#6f4c4bcc794d7c637e8c14e5544f7264
https://conda.anaconda.org/conda-forge/osx-arm64/setuptools-58.2.0-py39h2804cbe_0.tar.bz2#272bb4c0d4416bdc27b6f7e36bfe9df8
https://conda.anaconda.org/conda-forge/osx-arm64/soapysdr-0.8.1-py39h4d2d688_0.tar.bz2#d984fcd2981a6f1c0d7bb135614b297d
https://conda.anaconda.org/conda-forge/osx-arm64/thrift-0.14.0-py39hfb83b0d_0.tar.bz2#759f5a81171ebdbe9a3dfad58bcac816
https://conda.anaconda.org/conda-forge/osx-arm64/tornado-6.1-py39h5161555_1.tar.bz2#c9399fdba56c3d315c055e3a2e539201
https://conda.anaconda.org/conda-forge/noarch/backports.functools_lru_cache-1.6.4-pyhd8ed1ab_0.tar.bz2#c5b3edc62d6309088f4970b3eaaa65a6
https://conda.anaconda.org/conda-forge/osx-arm64/brotlipy-0.7.0-py39h5161555_1001.tar.bz2#cacd81f4fe65991c34f865af0f0d030d
https://conda.anaconda.org/conda-forge/noarch/click-plugins-1.1.1-py_0.tar.bz2#4fd2c6b53934bd7d96d1f3fdaf99b79f
https://conda.anaconda.org/conda-forge/osx-arm64/cryptography-3.4.7-py39h73257c9_0.tar.bz2#a5ff43fc907d3e3fb160d4e6b8cd85c4
https://conda.anaconda.org/conda-forge/osx-arm64/gsl-2.7-h6e638da_0.tar.bz2#2a2126a940e033e7225a5dc7215eea9a
https://conda.anaconda.org/conda-forge/osx-arm64/harfbuzz-3.0.0-h13b3495_1.tar.bz2#af8cbfa2e6dfdb75fd87a2c6b659608c
https://conda.anaconda.org/conda-forge/osx-arm64/libad9361-iio-0.2-h9ae8fd0_2.tar.bz2#c27df6ea5f4b15911ce0f75636d3f3bd
https://conda.anaconda.org/conda-forge/osx-arm64/libgirepository-1.70.0-h47fd5e3_0.tar.bz2#b7f33b6ae92488d61219f958ea27b285
https://conda.anaconda.org/conda-forge/noarch/mako-1.1.5-pyhd8ed1ab_0.tar.bz2#e8f5f27557d8a0f6c4ed9950cd622e50
https://conda.anaconda.org/conda-forge/osx-arm64/numpy-1.21.2-py39h1f3b974_0.tar.bz2#ac2aa4ceda7e2bbaff132463f69519e9
https://conda.anaconda.org/conda-forge/noarch/pip-21.2.4-pyhd8ed1ab_0.tar.bz2#4104ada314dd5639ea36cc12bce0a2cd
https://conda.anaconda.org/conda-forge/osx-arm64/pycairo-1.20.1-py39h551958b_0.tar.bz2#0949eabcccc5d4811b946dea4897e8e5
https://conda.anaconda.org/conda-forge/noarch/pygments-2.10.0-pyhd8ed1ab_0.tar.bz2#32bcce837f1316f1c3208118b6c5e5fc
https://conda.anaconda.org/conda-forge/osx-arm64/pynacl-1.4.0-py39h5161555_2.tar.bz2#b63d171b45740d7ed85a561f68659ea9
https://conda.anaconda.org/conda-forge/osx-arm64/ruamel.yaml-0.17.16-py39h5161555_0.tar.bz2#6fce149d51708e0db7e26aa8366ccbd6
https://conda.anaconda.org/conda-forge/osx-arm64/soapysdr-module-airspy-0.2.0-h4306ade_0.tar.bz2#718454fcd0364ede5ea5f4711601830d
https://conda.anaconda.org/conda-forge/osx-arm64/soapysdr-module-airspyhf-0.2.0-h4306ade_0.tar.bz2#58e9064bfe34a66c96ba5b7ffc11fd3a
https://conda.anaconda.org/conda-forge/osx-arm64/soapysdr-module-lms7-20.10.0-h1576d20_1.tar.bz2#12640966fc6caec55a5a0741496d67ee
https://conda.anaconda.org/conda-forge/osx-arm64/soapysdr-module-remote-0.5.2-h4306ade_2.tar.bz2#2a80ff3672c59b7e15f87c206a1923c2
https://conda.anaconda.org/conda-forge/osx-arm64/soapysdr-module-rtlsdr-0.3.0-h4306ade_1.tar.bz2#fb02a919dab3c37d783849102ee62f0c
https://conda.anaconda.org/conda-forge/osx-arm64/watchdog-2.1.6-py39h5161555_0.tar.bz2#c94cce9b4a55e7d75b95e5ecdd110222
https://conda.anaconda.org/conda-forge/osx-arm64/bcrypt-3.2.0-py39h5161555_1.tar.bz2#364207821b5d89e8a629b502162da463
https://conda.anaconda.org/conda-forge/osx-arm64/g-ir-host-tools-1.70.0-h272059c_0.tar.bz2#f30ae8d2e4108d4e4d5c576642eb8da9
https://conda.anaconda.org/conda-forge/osx-arm64/gnuradio-core-3.9.3.0-py39h18331aa_0.tar.bz2#61484a8603c8e6411c44f6267825725e
https://conda.anaconda.org/conda-forge/osx-arm64/h5py-3.3.0-nompi_py39h0a83918_100.tar.bz2#1f4c7f900f83f7e0693ef983f66a7931
https://conda.anaconda.org/conda-forge/osx-arm64/limesuite-20.10.0-h75efa04_1.tar.bz2#9dc1fbdc4689ffa7b6f7551cb8b54922
https://conda.anaconda.org/conda-forge/osx-arm64/matplotlib-base-3.4.3-py39h5aa4fe7_1.tar.bz2#e4f1517038151986a38303f55ec9f4cf
https://conda.anaconda.org/conda-forge/osx-arm64/pandas-1.3.3-py39h7f752ed_0.tar.bz2#abdb4f343f430973b74e4149193e5352
https://conda.anaconda.org/conda-forge/osx-arm64/pango-1.48.10-h26a1e14_2.tar.bz2#27a094e7cb2eba9f89a44c7a66de18a8
https://conda.anaconda.org/conda-forge/noarch/pyopenssl-21.0.0-pyhd8ed1ab_0.tar.bz2#8c49efecb7dca466e18b06015e8c88ce
https://conda.anaconda.org/conda-forge/osx-arm64/scipy-1.7.0-py39h5060c3b_0.tar.bz2#330566be167b1401c1a9635b6e76dae2
https://conda.anaconda.org/conda-forge/osx-arm64/soapysdr-module-plutosdr-0.2.1-h1c51a56_2.tar.bz2#2ff402e9be62b0a419dc87fcb0c6fc61
https://conda.anaconda.org/conda-forge/noarch/wcwidth-0.2.5-pyh9f0ad1d_2.tar.bz2#5266fcd697043c59621fda522b3d78ee
https://conda.anaconda.org/conda-forge/osx-arm64/digital_rf-2.6.7-py39h1a70d2d_0.tar.bz2#1f2b0920bfd610869375e32e6cce4148
https://conda.anaconda.org/conda-forge/osx-arm64/gnuradio-soapy-intree-3.9.3.0-py39h45e0af1_0.tar.bz2#39cece38448d64ecf98ad13b03eeef1f
https://conda.anaconda.org/conda-forge/osx-arm64/gnuradio-video-sdl-3.9.3.0-py39heab2ae5_0.tar.bz2#e052512c6d5f8ee0bfec3ed3e631e527
https://conda.anaconda.org/conda-forge/osx-arm64/gnuradio-zeromq-3.9.3.0-py39h5c5a7fb_0.tar.bz2#1a0283be7c831282639419175fb9ec80
https://conda.anaconda.org/conda-forge/osx-arm64/gobject-introspection-1.70.0-py39hcb03c46_0.tar.bz2#398939ba297bfdff9457f6abf85c296d
https://conda.anaconda.org/conda-forge/osx-arm64/gtk3-3.24.29-hf225bc3_3.tar.bz2#8355fe311be7a25f063b6f57697e8d2b
https://conda.anaconda.org/conda-forge/osx-arm64/librsvg-2.52.1-h957afdb_0.tar.bz2#54dcec9b5db3f728bb71202d1b5982d4
https://conda.anaconda.org/conda-forge/osx-arm64/matplotlib-3.4.3-py39hdf13c20_1.tar.bz2#b44b397399a0645e961f5947d311e698
https://conda.anaconda.org/conda-forge/noarch/paramiko-2.7.2-pyh9f0ad1d_0.tar.bz2#4d76712e0f2f863a71dd18857ec98383
https://conda.anaconda.org/conda-forge/noarch/prompt-toolkit-3.0.20-pyha770c72_0.tar.bz2#98a90e847b48fc14b2d5b12e4884e8d4
https://conda.anaconda.org/conda-forge/noarch/urllib3-1.26.7-pyhd8ed1ab_0.tar.bz2#be75bab4820a56f77ba1a3fc9139c36a
https://conda.anaconda.org/conda-forge/noarch/adwaita-icon-theme-41.0-ha770c72_0.tar.bz2#01bdebf2215481eacf9acc5382aeb048
https://conda.anaconda.org/conda-forge/osx-arm64/ipython-7.28.0-py39h32adebf_0.tar.bz2#9a206aebd8d3591b3e2aa22e08297955
https://conda.anaconda.org/conda-forge/noarch/pyadi-iio-0.0.9-pyhd8ed1ab_0.tar.bz2#eeaf9a0c5de35a9a8248858e9415b648
https://conda.anaconda.org/conda-forge/osx-arm64/pygobject-3.40.1-py39h353e0a6_2.tar.bz2#b0cd1923c456e29acc98dc503f3a5b7d
https://conda.anaconda.org/conda-forge/noarch/requests-2.26.0-pyhd8ed1ab_0.tar.bz2#0ed2ccbde6db9dd5789068eb7194463f
https://conda.anaconda.org/conda-forge/osx-arm64/gnuradio-grc-3.9.3.0-py39heab2ae5_0.tar.bz2#950dde530b6bce18c250ee2ff695ff19
https://conda.anaconda.org/conda-forge/osx-arm64/gnuradio-satellites-4.3.1-py39h79307c3_1.tar.bz2#fae7adc7e795cafadbd3319e28295b61
https://conda.anaconda.org/conda-forge/osx-arm64/uhd-4.1.0.4-py39h664ebfd_0.tar.bz2#04b1938c60a089d7658f9e46be5768d5
https://conda.anaconda.org/conda-forge/osx-arm64/gnuradio-uhd-3.9.3.0-py39h9f45480_0.tar.bz2#4badaa8f039f62ce78902ad08b6fc02e
https://conda.anaconda.org/conda-forge/osx-arm64/soapysdr-module-uhd-0.4.1-h52384ce_3.tar.bz2#9ff57947616fa418351a4db1c12ea923
https://conda.anaconda.org/conda-forge/osx-arm64/gnuradio-3.9.3.0-py39h6bc701c_0.tar.bz2#2eaa3e0c8b7975713a1d07ee665c0659
https://conda.anaconda.org/conda-forge/osx-arm64/gnuradio-osmosdr-0.2.3-py39h6c9d4cb_11.tar.bz2#f7510e03a15d69fe78cc98e672be2c4a
