# platform: linux-ppc64le
# env_hash: 29885d5bcf69eb49be858ec68da3e505e9e543b76548ceeeb537698b7e3a6bd2
@EXPLICIT
https://conda.anaconda.org/conda-forge/linux-ppc64le/_libgcc_mutex-0.1-conda_forge.tar.bz2#e96f48755dc7c9f86c4aecf4cac40477
https://conda.anaconda.org/conda-forge/linux-ppc64le/ca-certificates-2021.10.8-h1084571_0.tar.bz2#f0cfcf8af17b11b6794a0096293ff77e
https://conda.anaconda.org/conda-forge/noarch/font-ttf-dejavu-sans-mono-2.37-hab24e00_0.tar.bz2#0c96522c6bdaed4b1566d11387caaf45
https://conda.anaconda.org/conda-forge/noarch/font-ttf-inconsolata-3.000-h77eed37_0.tar.bz2#34893075a5c9e55cdafac56607368fc6
https://conda.anaconda.org/conda-forge/noarch/font-ttf-source-code-pro-2.038-h77eed37_0.tar.bz2#4d59c254e01d9cde7957100457e2d5fb
https://conda.anaconda.org/conda-forge/noarch/font-ttf-ubuntu-0.83-hab24e00_0.tar.bz2#19410c3df09dfb12d1206132a1d357c5
https://conda.anaconda.org/conda-forge/linux-ppc64le/hicolor-icon-theme-0.17-ha3edaa6_2.tar.bz2#6f63da0f46039051fb075cd974721b99
https://conda.anaconda.org/conda-forge/linux-ppc64le/ld_impl_linux-ppc64le-2.36.1-ha35d02b_2.tar.bz2#93e5a2510cc17593b99237a0ddeaede2
https://conda.anaconda.org/conda-forge/linux-ppc64le/libgfortran5-11.2.0-he58fbb4_11.tar.bz2#ca7c765d7368a18cfea0965a1867527e
https://conda.anaconda.org/conda-forge/linux-ppc64le/libstdcxx-ng-11.2.0-habdf983_11.tar.bz2#f31854c18e8f34357822f6830bc367a5
https://conda.anaconda.org/conda-forge/noarch/pybind11-abi-4-hd8ed1ab_3.tar.bz2#878f923dd6acc8aeb47a75da6c4098be
https://conda.anaconda.org/conda-forge/noarch/tzdata-2021d-he74cb21_0.tar.bz2#e77b56f22b2b151a068395e77568a105
https://conda.anaconda.org/conda-forge/noarch/fonts-conda-forge-1-0.tar.bz2#f766549260d6815b0c52253f1fb1bb29
https://conda.anaconda.org/conda-forge/linux-ppc64le/libgfortran-ng-11.2.0-hfdc3801_11.tar.bz2#bc458a598e5e7d7f9baaed8903c34d13
https://conda.anaconda.org/conda-forge/linux-ppc64le/libgomp-11.2.0-h7698a5e_11.tar.bz2#6bbb7a6bd1c66dcc3c5b75ba3c14d610
https://conda.anaconda.org/conda-forge/linux-ppc64le/_openmp_mutex-4.5-1_gnu.tar.bz2#a0417645f6558e83c8a3bb4b9515dbf3
https://conda.anaconda.org/conda-forge/noarch/fonts-conda-ecosystem-1-0.tar.bz2#fee5683a3f04bd15cbd8318b096a27ab
https://conda.anaconda.org/conda-forge/linux-ppc64le/libgcc-ng-11.2.0-h7698a5e_11.tar.bz2#4e0445398930649e3cec341ab7be7901
https://conda.anaconda.org/conda-forge/linux-ppc64le/alsa-lib-1.2.3-h6eb9509_0.tar.bz2#6477084a3a328e15f64118ee3f8c8525
https://conda.anaconda.org/conda-forge/linux-ppc64le/bzip2-1.0.8-h4e0d66e_4.tar.bz2#3cbc4e0eede8b25bc53b6a462815aceb
https://conda.anaconda.org/conda-forge/linux-ppc64le/c-ares-1.17.2-h4e0d66e_0.tar.bz2#f898d718cc62b110e724481a544e1c5b
https://conda.anaconda.org/conda-forge/linux-ppc64le/epoxy-1.5.9-h4e0d66e_0.tar.bz2#54a542ae7690369730e31c988a886e7f
https://conda.anaconda.org/conda-forge/linux-ppc64le/expat-2.4.1-h3b9df90_0.tar.bz2#a7740e76a6f0ed904244ca226339fc32
https://conda.anaconda.org/conda-forge/linux-ppc64le/fftw-3.3.10-nompi_hcb3b383_101.tar.bz2#2da8949e5132a3c3dad300915e9f75df
https://conda.anaconda.org/conda-forge/linux-ppc64le/fribidi-1.0.10-h339bb43_0.tar.bz2#c433e297d49dfb19bad82213fd1e5a7c
https://conda.anaconda.org/conda-forge/linux-ppc64le/gmp-6.2.1-hea85c5d_0.tar.bz2#e92fc4f298e73b9f40a6102172f83636
https://conda.anaconda.org/conda-forge/linux-ppc64le/graphite2-1.3.13-hea85c5d_1001.tar.bz2#23c728143a79dec72a4921a58aaf7cd4
https://conda.anaconda.org/conda-forge/linux-ppc64le/gstreamer-orc-0.4.32-h4e0d66e_1.tar.bz2#450553f131ad59a25a0c3efeee1de2f8
https://conda.anaconda.org/conda-forge/linux-ppc64le/icu-68.1-hea85c5d_0.tar.bz2#ba671ed8b5926c11ca1e5985045ab090
https://conda.anaconda.org/conda-forge/linux-ppc64le/jbig-2.1-h4e0d66e_2003.tar.bz2#63de4c482cb09e93cbfd84d3fa7e04c8
https://conda.anaconda.org/conda-forge/linux-ppc64le/jpeg-9d-h339bb43_0.tar.bz2#547157f17ad8ada6c4845873a54a849b
https://conda.anaconda.org/conda-forge/linux-ppc64le/lerc-3.0-h3b9df90_0.tar.bz2#474ee4273d4cda701946940c812d718f
https://conda.anaconda.org/conda-forge/linux-ppc64le/libaio-0.3.112-h4e0d66e_0.tar.bz2#cf4be5fd529d3bf770f3e3a0a43e22c6
https://conda.anaconda.org/conda-forge/linux-ppc64le/libcodec2-1.0.1-h4e0d66e_1.tar.bz2#b6b4fb4f2bf75e3e5855e37c6492c44c
https://conda.anaconda.org/conda-forge/linux-ppc64le/libdeflate-1.8-h4e0d66e_0.tar.bz2#3bc8ec9b5019b619ec3331403a6d409f
https://conda.anaconda.org/conda-forge/linux-ppc64le/libev-4.33-h6eb9509_1.tar.bz2#8851ef01bd32a18f6dbae78a24529450
https://conda.anaconda.org/conda-forge/linux-ppc64le/libffi-3.4.2-h3b9df90_4.tar.bz2#ffdd70cd63c4de93ed32a1067bf0ab3d
https://conda.anaconda.org/conda-forge/linux-ppc64le/libglu-9.0.0-hb209c28_1001.tar.bz2#a891941eec0213d360a0e2686b2fbd16
https://conda.anaconda.org/conda-forge/linux-ppc64le/libiconv-1.16-h6eb9509_0.tar.bz2#87bd60c1b5f6691f583d9672d9b9fe8b
https://conda.anaconda.org/conda-forge/linux-ppc64le/libnsl-2.0.0-h4e0d66e_0.tar.bz2#e6c718cb0e01f2af330da0a8dbd55b68
https://conda.anaconda.org/conda-forge/linux-ppc64le/libogg-1.3.4-h4e0d66e_1.tar.bz2#3395bcd3e39ab867cdac806941922c90
https://conda.anaconda.org/conda-forge/linux-ppc64le/libopenblas-0.3.18-pthreads_h486567c_0.tar.bz2#f7409e533669bfdb4dd7c34d221d0366
https://conda.anaconda.org/conda-forge/linux-ppc64le/libopus-1.3.1-h4e0d66e_1.tar.bz2#5db5e18157bafd275f2a84799f064dd2
https://conda.anaconda.org/conda-forge/linux-ppc64le/libsodium-1.0.18-h6eb9509_1.tar.bz2#edbaff4802f809aaad93da7f57c96b32
https://conda.anaconda.org/conda-forge/linux-ppc64le/libudev1-249-h4e0d66e_1.tar.bz2#9b0290f00d26b8ec71447b39c12af831
https://conda.anaconda.org/conda-forge/linux-ppc64le/libuuid-2.32.1-h4e0d66e_1000.tar.bz2#ceb7466afcb5be47530ffe9aae8650ae
https://conda.anaconda.org/conda-forge/linux-ppc64le/libwebp-base-1.2.1-h4e0d66e_0.tar.bz2#ee2839c9e67f5988cfcf99ea1f94f486
https://conda.anaconda.org/conda-forge/linux-ppc64le/libzlib-1.2.11-h339bb43_1013.tar.bz2#8e6cedd221f84c53d378e64b5b6746f1
https://conda.anaconda.org/conda-forge/linux-ppc64le/log4cpp-1.1.3-h3b9df90_1002.tar.bz2#e611603a38b05f0c07e92c4ef9752173
https://conda.anaconda.org/conda-forge/linux-ppc64le/lz4-c-1.9.3-h3b9df90_1.tar.bz2#93802522ef7513e7d3707fd0d2f82691
https://conda.anaconda.org/conda-forge/linux-ppc64le/ncurses-6.2-hea85c5d_4.tar.bz2#f5385bb51633133a387c9341da5b71d7
https://conda.anaconda.org/conda-forge/linux-ppc64le/openssl-1.1.1l-h4e0d66e_0.tar.bz2#8a803a8da101ffdcd9fa52b9a487f5d9
https://conda.anaconda.org/conda-forge/linux-ppc64le/pcre-8.45-h3b9df90_0.tar.bz2#c328444a396fc8a828a08fb40c532538
https://conda.anaconda.org/conda-forge/linux-ppc64le/pixman-0.40.0-h339bb43_0.tar.bz2#3b977d36385802849a3748daafc44585
https://conda.anaconda.org/conda-forge/linux-ppc64le/pthread-stubs-0.4-h339bb43_1001.tar.bz2#3c08a226d34a1ac3472fdfec4bd9217f
https://conda.anaconda.org/conda-forge/linux-ppc64le/sdl-1.2.15-h3b9df90_1.tar.bz2#a4036adf99256ddf02430f791b1f0f97
https://conda.anaconda.org/conda-forge/linux-ppc64le/xorg-inputproto-2.3.2-h4e0d66e_1002.tar.bz2#815f49b1f1aafbdbae8f376a7e91e0a3
https://conda.anaconda.org/conda-forge/linux-ppc64le/xorg-kbproto-1.0.7-h4e0d66e_1002.tar.bz2#763cc1a5591492bdaf373960a0b3e4aa
https://conda.anaconda.org/conda-forge/linux-ppc64le/xorg-libice-1.0.10-h4e0d66e_0.tar.bz2#e4a9f715c9ae3601ea36426fd448f232
https://conda.anaconda.org/conda-forge/linux-ppc64le/xorg-libxau-1.0.9-h4e0d66e_0.tar.bz2#772615b637baddf37b1012ee28fbc70c
https://conda.anaconda.org/conda-forge/linux-ppc64le/xorg-libxdmcp-1.1.3-h4e0d66e_0.tar.bz2#95ac359ec2aea12a08fcbeb86bb48df6
https://conda.anaconda.org/conda-forge/linux-ppc64le/xorg-recordproto-1.14.2-h4e0d66e_1002.tar.bz2#ce3caa12c4b325755f209e5108064c5b
https://conda.anaconda.org/conda-forge/linux-ppc64le/xorg-renderproto-0.11.1-h4e0d66e_1002.tar.bz2#58c03125dae86100f269a798314e0514
https://conda.anaconda.org/conda-forge/linux-ppc64le/xorg-xextproto-7.3.0-h4e0d66e_1002.tar.bz2#7e9f4be20c807503deb857125a183968
https://conda.anaconda.org/conda-forge/linux-ppc64le/xorg-xproto-7.0.31-h4e0d66e_1007.tar.bz2#b815ee50146089092600541c13d923b3
https://conda.anaconda.org/conda-forge/linux-ppc64le/xz-5.2.5-h6eb9509_1.tar.bz2#6d26cf2167b7d04c9db849cfdabe7431
https://conda.anaconda.org/conda-forge/linux-ppc64le/yaml-0.2.5-h6eb9509_0.tar.bz2#98b522b3a7a11e53397961288f0b4277
https://conda.anaconda.org/conda-forge/linux-ppc64le/codec2-1.0.1-h4e0d66e_1.tar.bz2#a1f612b96c75c17315378e405ba2a872
https://conda.anaconda.org/conda-forge/linux-ppc64le/gettext-0.19.8.1-h6603d1e_1008.tar.bz2#287d62f677bced172b56c6bcf15899f1
https://conda.anaconda.org/conda-forge/linux-ppc64le/libblas-3.9.0-12_linuxppc64le_openblas.tar.bz2#83cf656c6851962e7969f759aca4a0d3
https://conda.anaconda.org/conda-forge/linux-ppc64le/libedit-3.1.20191231-h41a240f_2.tar.bz2#5d316fcbed301564d0793e5833f67a68
https://conda.anaconda.org/conda-forge/linux-ppc64le/libevent-2.1.10-h97db324_4.tar.bz2#7cfe64e568e49fd282ccef007eba0c85
https://conda.anaconda.org/conda-forge/linux-ppc64le/libusb-1.0.24-h7bf75f0_105.tar.bz2#59171e36b8d8a9279190f93f8eeefc86
https://conda.anaconda.org/conda-forge/linux-ppc64le/libvorbis-1.3.7-h3b9df90_0.tar.bz2#61a1186a45757359238185b82e9920f2
https://conda.anaconda.org/conda-forge/linux-ppc64le/libxcb-1.13-h4e0d66e_1003.tar.bz2#928ab2671ac363ea2fe2e249b98fdc46
https://conda.anaconda.org/conda-forge/linux-ppc64le/portaudio-19.6.0-hbb1f396_4.tar.bz2#c6aeb18458f704781d57e599d2552acf
https://conda.anaconda.org/conda-forge/linux-ppc64le/readline-8.1-h5c45dff_0.tar.bz2#8de449196bf278ff525b59b56818bc2b
https://conda.anaconda.org/conda-forge/linux-ppc64le/volk-2.5.0-h3b9df90_0.tar.bz2#0654eb611c0210b13dfac89046568009
https://conda.anaconda.org/conda-forge/linux-ppc64le/xorg-fixesproto-5.0-h4e0d66e_1002.tar.bz2#87831e2839af0708207596993c7842d2
https://conda.anaconda.org/conda-forge/linux-ppc64le/xorg-libsm-1.2.3-h743bd3d_1000.tar.bz2#cdb57fcf48781e75fa6abf4a02033656
https://conda.anaconda.org/conda-forge/linux-ppc64le/zeromq-4.3.4-h3b9df90_1.tar.bz2#53f2e17b4685b84adaf0f4588482e1d5
https://conda.anaconda.org/conda-forge/linux-ppc64le/zlib-1.2.11-h339bb43_1013.tar.bz2#f07711bf0d887a852e7935a9f85cbe59
https://conda.anaconda.org/conda-forge/linux-ppc64le/libairspy-1.0.10-h4e0d66e_0.tar.bz2#9ff46aec706682ea114e81147a3cd450
https://conda.anaconda.org/conda-forge/linux-ppc64le/libairspyhf-1.6.8-h4e0d66e_0.tar.bz2#b246b4a3181437a9a158bded31ce7dd7
https://conda.anaconda.org/conda-forge/linux-ppc64le/libcblas-3.9.0-12_linuxppc64le_openblas.tar.bz2#8f3d086604301eb1c3c9cbd4b3209769
https://conda.anaconda.org/conda-forge/linux-ppc64le/libflac-1.3.3-h3b9df90_1.tar.bz2#0c586ee790a1c389035bd4d716eccb24
https://conda.anaconda.org/conda-forge/linux-ppc64le/libglib-2.70.0-hd362787_0.tar.bz2#ef3eb1215f4f55ec4075496d86f59c9e
https://conda.anaconda.org/conda-forge/linux-ppc64le/liblapack-3.9.0-12_linuxppc64le_openblas.tar.bz2#a30ab6512d983da5f672a159764a8991
https://conda.anaconda.org/conda-forge/linux-ppc64le/liblimesuite-20.10.0-h3b9df90_1.tar.bz2#92ee3b0813aed50414f122b2ae756343
https://conda.anaconda.org/conda-forge/linux-ppc64le/libnghttp2-1.43.0-h42039ad_1.tar.bz2#5d2f35b3c1452e5205692f4e6947798d
https://conda.anaconda.org/conda-forge/linux-ppc64le/libpng-1.6.37-h38e1d09_2.tar.bz2#213a3f6077fb2c1c7c487aa4d27df2e5
https://conda.anaconda.org/conda-forge/linux-ppc64le/libssh2-1.10.0-ha5a9321_2.tar.bz2#b899e61728e04eeda1bb732d77266385
https://conda.anaconda.org/conda-forge/linux-ppc64le/libthrift-0.15.0-h54f692e_1.tar.bz2#c44340692cc99ab68e73b7c337cc9838
https://conda.anaconda.org/conda-forge/linux-ppc64le/libxml2-2.9.12-h5b1524f_0.tar.bz2#c9d411ef65c9c6ea312dca134060bd58
https://conda.anaconda.org/conda-forge/linux-ppc64le/rtl-sdr-0.6.0-h7bf75f0_2.tar.bz2#00005a9ef86884ba1dc85795c19ee5a5
https://conda.anaconda.org/conda-forge/linux-ppc64le/sqlite-3.36.0-h4e2196e_2.tar.bz2#0a0c9a77945df798f3ec6d01eccc7c22
https://conda.anaconda.org/conda-forge/linux-ppc64le/tk-8.6.11-h41c6715_1.tar.bz2#075a2dfaf08fd6f48ce3a12792e75e5d
https://conda.anaconda.org/conda-forge/linux-ppc64le/xorg-libx11-1.7.2-h4e0d66e_0.tar.bz2#90fe1dc8730662878c76d5e0e85a3b03
https://conda.anaconda.org/conda-forge/linux-ppc64le/zstd-1.5.0-h65c4b1a_0.tar.bz2#8039770063f6844b9372e85984678b7c
https://conda.anaconda.org/conda-forge/linux-ppc64le/airspy-1.0.10-h4e0d66e_0.tar.bz2#121e899c09a91c8e1c0782aa739a76cd
https://conda.anaconda.org/conda-forge/linux-ppc64le/airspyhf-1.6.8-h4e0d66e_0.tar.bz2#2a31d92ceb38342c66e53b8757cec097
https://conda.anaconda.org/conda-forge/linux-ppc64le/atk-1.0-2.36.0-h90f8d3c_4.tar.bz2#7db3ea940045ec00e60a7b09fdcb4257
https://conda.anaconda.org/conda-forge/linux-ppc64le/boost-cpp-1.74.0-h9ed6adc_4.tar.bz2#0c19fad4958beac7f106c85216928360
https://conda.anaconda.org/conda-forge/linux-ppc64le/freetype-2.10.4-h8a70690_1.tar.bz2#36bc3c3e8150a628322bf685c7e5b80f
https://conda.anaconda.org/conda-forge/linux-ppc64le/glib-tools-2.70.0-h690f14c_0.tar.bz2#2d1b73126f7083fe4414e7c8a830b99b
https://conda.anaconda.org/conda-forge/linux-ppc64le/gsl-2.7-h68b80c3_0.tar.bz2#7213100e35e7b6632626e945514526e1
https://conda.anaconda.org/conda-forge/linux-ppc64le/krb5-1.19.2-haf43566_2.tar.bz2#160146e8d8c2ce1e3bf69f1a9ac9b901
https://conda.anaconda.org/conda-forge/linux-ppc64le/libiio-c-0.21-ha3fe54d_6.tar.bz2#bcc29fbaa13dbe2d659712c5c69d2dac
https://conda.anaconda.org/conda-forge/linux-ppc64le/libsndfile-1.0.31-h3b9df90_1.tar.bz2#3cfddb843a01db6a0841168bbcd41db8
https://conda.anaconda.org/conda-forge/linux-ppc64le/libtiff-4.3.0-hd385cf2_2.tar.bz2#76437313dc9a06632c6253d345f0fd8d
https://conda.anaconda.org/conda-forge/linux-ppc64le/libxslt-1.1.33-hbe033cf_2.tar.bz2#8e9d54477b3bd3ee2fa498216c75b894
https://conda.anaconda.org/conda-forge/linux-ppc64le/python-3.9.7-h57873ef_4_cpython.tar.bz2#f744a03e0a3822fb27d7afa59013f39f
https://conda.anaconda.org/conda-forge/linux-ppc64le/xorg-libxext-1.3.4-h4e0d66e_1.tar.bz2#425664f38374b15b72e84ea0f962837c
https://conda.anaconda.org/conda-forge/linux-ppc64le/xorg-libxfixes-5.0.3-h4e0d66e_1004.tar.bz2#2165ab83019ccce973b7986f73199153
https://conda.anaconda.org/conda-forge/linux-ppc64le/xorg-libxrender-0.9.10-h4e0d66e_1003.tar.bz2#e5e3827c4b14c88abc765063045f5ba8
https://conda.anaconda.org/conda-forge/noarch/appdirs-1.4.4-pyh9f0ad1d_0.tar.bz2#5f095bc6454094e96f146491fd03633b
https://conda.anaconda.org/conda-forge/noarch/argh-0.26.2-pyh9f0ad1d_1002.tar.bz2#0af89261f0352895e1c1000d306b3dc7
https://conda.anaconda.org/conda-forge/noarch/backcall-0.2.0-pyh9f0ad1d_0.tar.bz2#6006a6d08a3fa99268a2681c7fb55213
https://conda.anaconda.org/conda-forge/noarch/backports-1.0-py_2.tar.bz2#0da16b293affa6ac31812376f8eb79dd
https://conda.anaconda.org/conda-forge/noarch/cached_property-1.5.2-pyha770c72_1.tar.bz2#576d629e47797577ab0f1b351297ef4a
https://conda.anaconda.org/conda-forge/noarch/charset-normalizer-2.0.0-pyhd8ed1ab_0.tar.bz2#4a57e24d5b759893615c05926b7b5fb9
https://conda.anaconda.org/conda-forge/noarch/construct-2.10.67-pyhd8ed1ab_0.tar.bz2#c0342083bda76a952543457ce95e99b6
https://conda.anaconda.org/conda-forge/noarch/decorator-5.1.0-pyhd8ed1ab_0.tar.bz2#71b13ba2e0efcff45646f05d619534b0
https://conda.anaconda.org/conda-forge/linux-ppc64le/fontconfig-2.13.1-h51d57f9_1005.tar.bz2#5374a856e38d5b728cd2303a8c781ba4
https://conda.anaconda.org/conda-forge/linux-ppc64le/gdk-pixbuf-2.42.6-h6033419_0.tar.bz2#8f87b40eae60b7344df980016647de82
https://conda.anaconda.org/conda-forge/linux-ppc64le/glew-2.1.0-h3b9df90_2.tar.bz2#18f36d9c262722dcd94615e5c643ed13
https://conda.anaconda.org/conda-forge/linux-ppc64le/glib-2.70.0-h690f14c_0.tar.bz2#f55530bfbf9974226ae6c72575623050
https://conda.anaconda.org/conda-forge/noarch/idna-3.1-pyhd3deb0d_0.tar.bz2#9c9aea4b8391264477df484f798562d0
https://conda.anaconda.org/conda-forge/linux-ppc64le/lcms2-2.11-h6d9531b_1.tar.bz2#6c6d4adce47dd079ff737636ca9e422a
https://conda.anaconda.org/conda-forge/linux-ppc64le/libcups-2.3.3-h9498048_0.tar.bz2#faa640b9f15ac9b635140f3fab8e7385
https://conda.anaconda.org/conda-forge/linux-ppc64le/libcurl-7.79.1-he415e40_1.tar.bz2#18eb434274139fa44934bd92e42f5344
https://conda.anaconda.org/conda-forge/noarch/olefile-0.46-pyh9f0ad1d_1.tar.bz2#0b2e68acc8c78c8cc392b90983481f58
https://conda.anaconda.org/conda-forge/linux-ppc64le/openjpeg-2.4.0-h29f4549_1.tar.bz2#c213bd927a666a98b14b3f99ae8250dc
https://conda.anaconda.org/conda-forge/noarch/parso-0.8.2-pyhd8ed1ab_0.tar.bz2#fb40b157bd62b457a1cc82527b63f0b0
https://conda.anaconda.org/conda-forge/noarch/ptyprocess-0.7.0-pyhd3deb0d_0.tar.bz2#359eeb6536da0e687af562ed265ec263
https://conda.anaconda.org/conda-forge/noarch/pycparser-2.20-pyh9f0ad1d_2.tar.bz2#aa798d50ffd182a0f6f31478c7f434f6
https://conda.anaconda.org/conda-forge/noarch/pylibiio-0.21-py_6.tar.bz2#6524b76fc161db88267d8b0c69816bb6
https://conda.anaconda.org/conda-forge/noarch/pyparsing-2.4.7-pyh9f0ad1d_0.tar.bz2#626c4f20d5bf06dcec9cf2eaa31725c7
https://conda.anaconda.org/conda-forge/linux-ppc64le/python_abi-3.9-2_cp39.tar.bz2#82e25359fc56153622670777a1ea9bd2
https://conda.anaconda.org/conda-forge/noarch/pytz-2021.3-pyhd8ed1ab_0.tar.bz2#7e4f811bff46a5a6a7e0094921389395
https://conda.anaconda.org/conda-forge/noarch/six-1.16.0-pyh6c4a22f_0.tar.bz2#e5f25f8dbc060e9a8d912e432202afc2
https://conda.anaconda.org/conda-forge/noarch/traitlets-5.1.0-pyhd8ed1ab_0.tar.bz2#f6ba1dcaac382d318901f44c0eb3dcb8
https://conda.anaconda.org/conda-forge/noarch/wheel-0.37.0-pyhd8ed1ab_1.tar.bz2#3aa2c3e25dd361b453d010388b9cdff1
https://conda.anaconda.org/conda-forge/linux-ppc64le/xorg-libxi-1.7.10-h4e0d66e_0.tar.bz2#46cac9f60e5caa26d34d03a001c7fa39
https://conda.anaconda.org/conda-forge/noarch/cached-property-1.5.2-hd8ed1ab_1.tar.bz2#9b347a7ec10940d3f7941ff6c460b551
https://conda.anaconda.org/conda-forge/linux-ppc64le/cairo-1.16.0-hdff3692_1008.tar.bz2#c78c18d2022792a3507f0c4c8792411f
https://conda.anaconda.org/conda-forge/linux-ppc64le/certifi-2021.10.8-py39hc1b9086_0.tar.bz2#72a19c2fcee5455b686c99d646025dcf
https://conda.anaconda.org/conda-forge/linux-ppc64le/cffi-1.14.6-py39h7bf629d_1.tar.bz2#9d880022c845cce3ae6e6eab631ed40a
https://conda.anaconda.org/conda-forge/linux-ppc64le/chardet-4.0.0-py39hc1b9086_1.tar.bz2#1c690cfd0386ee1445fa57440f4d873b
https://conda.anaconda.org/conda-forge/linux-ppc64le/click-8.0.3-py39hc1b9086_0.tar.bz2#5aee57a17450809d0dcbb3dec7c2ef53
https://conda.anaconda.org/conda-forge/noarch/cycler-0.10.0-py_2.tar.bz2#f6d7c7e6d8f42cbbec7e07a8d879f91c
https://conda.anaconda.org/conda-forge/linux-ppc64le/dbus-1.13.6-h967b993_2.tar.bz2#d5fd8b03d8eab6abf7ab510f6ec148c9
https://conda.anaconda.org/conda-forge/noarch/fs-2.0.11-py_0.tar.bz2#b2ed0352379702cd0248a8c608be05cd
https://conda.anaconda.org/conda-forge/linux-ppc64le/hdf5-1.10.6-nompi_h09d1b6e_1114.tar.bz2#8022136f5c99720fbe9ee6c3ceb0c7eb
https://conda.anaconda.org/conda-forge/linux-ppc64le/jedi-0.18.0-py39hc1b9086_2.tar.bz2#94cc339724e789314b46b19d24cdc79f
https://conda.anaconda.org/conda-forge/linux-ppc64le/kiwisolver-1.3.2-py39h4d17caa_0.tar.bz2#f030bebf0956b4895c52eb72d220c5e7
https://conda.anaconda.org/conda-forge/linux-ppc64le/libiio-0.21-ha3edaa6_6.tar.bz2#2bc6f7137f7f2adf671b59f5b8f1bda0
https://conda.anaconda.org/conda-forge/linux-ppc64le/libm2k-0.5.0-py39hdf75b26_1.tar.bz2#cecad7a537babbbbb90395c0eafec91d
https://conda.anaconda.org/conda-forge/linux-ppc64le/lxml-4.6.3-py39h11a49e5_0.tar.bz2#f09e48b1e0fbd5d75424728af6734319
https://conda.anaconda.org/conda-forge/linux-ppc64le/markupsafe-2.0.1-py39ha810350_0.tar.bz2#1561226ab960063f0acc5f196f89fd28
https://conda.anaconda.org/conda-forge/noarch/matplotlib-inline-0.1.3-pyhd8ed1ab_0.tar.bz2#be3bfd435802d2c768c6b2439f325f3d
https://conda.anaconda.org/conda-forge/linux-ppc64le/numpy-1.21.2-py39he089932_0.tar.bz2#40427a9d986b8bdd9bc4539031f29b4f
https://conda.anaconda.org/conda-forge/noarch/packaging-21.0-pyhd8ed1ab_0.tar.bz2#45cfb8e482b5cce8f07c87e0e19a592c
https://conda.anaconda.org/conda-forge/noarch/pexpect-4.8.0-pyh9f0ad1d_2.tar.bz2#5909e7b978141dd80d28dbf9de627827
https://conda.anaconda.org/conda-forge/linux-ppc64le/pickleshare-0.7.5-py39hde42818_1002.tar.bz2#76de55f63d5ee6847faf052835de870c
https://conda.anaconda.org/conda-forge/linux-ppc64le/pillow-8.3.2-py39hd2e0652_0.tar.bz2#86f2069051caafa4e073779080eefc8e
https://conda.anaconda.org/conda-forge/linux-ppc64le/pysocks-1.7.1-py39hc1b9086_3.tar.bz2#69cb2a23042fbd8f9dadd9bccaeaad59
https://conda.anaconda.org/conda-forge/noarch/python-dateutil-2.8.2-pyhd8ed1ab_0.tar.bz2#dd999d1cc9f79e67dbb855c8924c7984
https://conda.anaconda.org/conda-forge/linux-ppc64le/pyyaml-6.0-py39ha810350_0.tar.bz2#037e58e68e16f8d978a9f9d42c8c57cc
https://conda.anaconda.org/conda-forge/linux-ppc64le/pyzmq-22.3.0-py39h050fd71_0.tar.bz2#e25bb2ae98fdab89e98fc5e518cd0ac8
https://conda.anaconda.org/conda-forge/linux-ppc64le/ruamel.yaml.clib-0.2.2-py39ha810350_2.tar.bz2#8a3a16493837f7a628b9edb8d849364b
https://conda.anaconda.org/conda-forge/linux-ppc64le/setuptools-58.2.0-py39hc1b9086_0.tar.bz2#629435fa447509602e3f9c1c23668dde
https://conda.anaconda.org/conda-forge/linux-ppc64le/soapysdr-0.8.1-py39h4d17caa_0.tar.bz2#200c42145618723f235e2f80f1f3b066
https://conda.anaconda.org/conda-forge/linux-ppc64le/thrift-0.14.0-py39had50986_0.tar.bz2#b800ed7240a19b07ac80facc44eb0da1
https://conda.anaconda.org/conda-forge/linux-ppc64le/tornado-6.1-py39ha810350_1.tar.bz2#9ca106e79da4a61d9dd181e4cc37d671
https://conda.anaconda.org/conda-forge/linux-ppc64le/xorg-libxtst-1.2.3-h4e0d66e_1002.tar.bz2#328b56c87470e4eb5cf4fa5ef56fb283
https://conda.anaconda.org/conda-forge/linux-ppc64le/at-spi2-core-2.40.3-h633f9df_0.tar.bz2#bb5a1525186dbfdbb6f25d5cd7429375
https://conda.anaconda.org/conda-forge/noarch/backports.functools_lru_cache-1.6.4-pyhd8ed1ab_0.tar.bz2#c5b3edc62d6309088f4970b3eaaa65a6
https://conda.anaconda.org/conda-forge/linux-ppc64le/brotlipy-0.7.0-py39ha810350_1001.tar.bz2#2689e37db8f2d0857e8c6d5c6b4a458f
https://conda.anaconda.org/conda-forge/noarch/click-plugins-1.1.1-py_0.tar.bz2#4fd2c6b53934bd7d96d1f3fdaf99b79f
https://conda.anaconda.org/conda-forge/linux-ppc64le/cryptography-35.0.0-py39h1b86913_0.tar.bz2#7a6ac863bb7a229c8fe721c878729ffa
https://conda.anaconda.org/conda-forge/linux-ppc64le/h5py-3.3.0-nompi_py39h26f2e2b_100.tar.bz2#e8a20175f541df147346f0a39f926e14
https://conda.anaconda.org/conda-forge/linux-ppc64le/harfbuzz-3.0.0-h5840f72_1.tar.bz2#267c464aed9d9261c35f7c5932d68e0f
https://conda.anaconda.org/conda-forge/linux-ppc64le/libad9361-iio-0.2-h907c289_2.tar.bz2#784095c684ea08149f326d3c738d6e31
https://conda.anaconda.org/conda-forge/linux-ppc64le/libgirepository-1.70.0-h3dbb2a8_0.tar.bz2#9529508f5d9b8deb0b46eaf29440ddde
https://conda.anaconda.org/conda-forge/noarch/mako-1.1.5-pyhd8ed1ab_0.tar.bz2#e8f5f27557d8a0f6c4ed9950cd622e50
https://conda.anaconda.org/conda-forge/linux-ppc64le/matplotlib-base-3.4.3-py39hf26b4c6_1.tar.bz2#b89cc0bbe9a5c1dc2bf50655f8dc2ffd
https://conda.anaconda.org/conda-forge/linux-ppc64le/pandas-1.3.4-py39h6474468_0.tar.bz2#d2d7869d0fdf5584d3b9179df745eeb7
https://conda.anaconda.org/conda-forge/noarch/pip-21.3-pyhd8ed1ab_0.tar.bz2#88e8601cd6bdb2d7725e2c7ceb28286a
https://conda.anaconda.org/conda-forge/linux-ppc64le/pycairo-1.20.1-py39h03f1ce7_0.tar.bz2#7a40f24d5893b0192b41d27adf1ebe09
https://conda.anaconda.org/conda-forge/noarch/pygments-2.10.0-pyhd8ed1ab_0.tar.bz2#32bcce837f1316f1c3208118b6c5e5fc
https://conda.anaconda.org/conda-forge/linux-ppc64le/pynacl-1.4.0-py39ha810350_2.tar.bz2#52b7fc3a704be40da567d352dadca557
https://conda.anaconda.org/conda-forge/linux-ppc64le/ruamel.yaml-0.17.16-py39ha810350_0.tar.bz2#808878cc17c81f16b18380ad1ec877fd
https://conda.anaconda.org/conda-forge/linux-ppc64le/scipy-1.7.1-py39h6775645_0.tar.bz2#efdc663ed8dfa378591fe04d28348c03
https://conda.anaconda.org/conda-forge/linux-ppc64le/soapysdr-module-airspy-0.2.0-h6f8e04d_0.tar.bz2#6fd4799a26a491406c7e758183188375
https://conda.anaconda.org/conda-forge/linux-ppc64le/soapysdr-module-airspyhf-0.2.0-h6f8e04d_0.tar.bz2#efb4bca0a34b8fefaa4cf1c442334f36
https://conda.anaconda.org/conda-forge/linux-ppc64le/soapysdr-module-lms7-20.10.0-h32dcaff_1.tar.bz2#bbb482d96f7f00db9b0edf95bec95b75
https://conda.anaconda.org/conda-forge/linux-ppc64le/soapysdr-module-remote-0.5.2-h6f8e04d_2.tar.bz2#0252a97f2e29b625aa4aad21ab0a9d85
https://conda.anaconda.org/conda-forge/linux-ppc64le/soapysdr-module-rtlsdr-0.3.0-h6f8e04d_1.tar.bz2#1e16f515e8643ccdc25b865a39e0ffcd
https://conda.anaconda.org/conda-forge/linux-ppc64le/watchdog-2.1.6-py39hc1b9086_0.tar.bz2#c7963021716ddd4a156836b31d6de0a2
https://conda.anaconda.org/conda-forge/linux-ppc64le/at-spi2-atk-2.38.0-h633f9df_3.tar.bz2#c2eb5fe574eb08b882b42dfae6db5982
https://conda.anaconda.org/conda-forge/linux-ppc64le/bcrypt-3.2.0-py39ha810350_1.tar.bz2#c4236ce74840377cdfd734d68e473eed
https://conda.anaconda.org/conda-forge/linux-ppc64le/digital_rf-2.6.7-py39h071fbee_0.tar.bz2#35c50adcaa3a18a321b72324ef9bcd8e
https://conda.anaconda.org/conda-forge/linux-ppc64le/gnuradio-core-3.9.3.0-py39h0e47791_3.tar.bz2#a92a1bf18bacab1e0e7d997db2d1ebb4
https://conda.anaconda.org/conda-forge/linux-ppc64le/matplotlib-3.4.3-py39hc1b9086_1.tar.bz2#4b3c700774eda0326d5c582b7e459d82
https://conda.anaconda.org/conda-forge/linux-ppc64le/pango-1.48.10-h7254360_2.tar.bz2#bb28d3dd28dacdc0dd3b86cbed5fa871
https://conda.anaconda.org/conda-forge/linux-ppc64le/pygobject-3.42.0-py39h38dc551_0.tar.bz2#7a4e4530b88b20cee3253a5c61ccf3d5
https://conda.anaconda.org/conda-forge/noarch/pyopenssl-21.0.0-pyhd8ed1ab_0.tar.bz2#8c49efecb7dca466e18b06015e8c88ce
https://conda.anaconda.org/conda-forge/linux-ppc64le/soapysdr-module-plutosdr-0.2.1-h799bf79_2.tar.bz2#7a22cc5501d23233e2c426e52884901f
https://conda.anaconda.org/conda-forge/noarch/wcwidth-0.2.5-pyh9f0ad1d_2.tar.bz2#5266fcd697043c59621fda522b3d78ee
https://conda.anaconda.org/conda-forge/linux-ppc64le/gnuradio-soapy-intree-3.9.3.0-py39h85a9eb1_3.tar.bz2#b134d47a48642fe213d54d1a5b8f4e2b
https://conda.anaconda.org/conda-forge/linux-ppc64le/gnuradio-video-sdl-3.9.3.0-py39hc702d62_3.tar.bz2#dc4a1b7792a136a84344bd03c1992561
https://conda.anaconda.org/conda-forge/linux-ppc64le/gnuradio-zeromq-3.9.3.0-py39h957e6ed_3.tar.bz2#81ca804ea058f4b20fe281bbfaf78f63
https://conda.anaconda.org/conda-forge/linux-ppc64le/gtk3-3.24.29-h2408fd5_3.tar.bz2#9f53ba3677b4b3b20f962758404298fd
https://conda.anaconda.org/conda-forge/linux-ppc64le/librsvg-2.52.2-h16045e1_0.tar.bz2#2dfe4f8e44e7071b2e72c9cf86c7b129
https://conda.anaconda.org/conda-forge/noarch/paramiko-2.8.0-pyhd8ed1ab_0.tar.bz2#c82c9a9849026cc61ad43dcc99afe160
https://conda.anaconda.org/conda-forge/noarch/prompt-toolkit-3.0.20-pyha770c72_0.tar.bz2#98a90e847b48fc14b2d5b12e4884e8d4
https://conda.anaconda.org/conda-forge/noarch/urllib3-1.26.7-pyhd8ed1ab_0.tar.bz2#be75bab4820a56f77ba1a3fc9139c36a
https://conda.anaconda.org/conda-forge/noarch/adwaita-icon-theme-41.0-ha770c72_0.tar.bz2#01bdebf2215481eacf9acc5382aeb048
https://conda.anaconda.org/conda-forge/linux-ppc64le/ipython-7.28.0-py39h0de2273_0.tar.bz2#e09d20d7a33969ccad4d479c71e2ba72
https://conda.anaconda.org/conda-forge/noarch/pyadi-iio-0.0.10-pyhd8ed1ab_0.tar.bz2#e10bc781461b05a6a93cbdaeac9021fe
https://conda.anaconda.org/conda-forge/noarch/requests-2.26.0-pyhd8ed1ab_0.tar.bz2#0ed2ccbde6db9dd5789068eb7194463f
https://conda.anaconda.org/conda-forge/linux-ppc64le/gnuradio-grc-3.9.3.0-py39hc702d62_3.tar.bz2#5de94207e1b67d46b36d7fa05c93b170
https://conda.anaconda.org/conda-forge/linux-ppc64le/gnuradio-satellites-4.3.1-py39haa90937_1.tar.bz2#6a7ca30598e74b1bde5d913f63f0e29d
https://conda.anaconda.org/conda-forge/linux-ppc64le/uhd-4.1.0.4-py39hc1bdbcc_0.tar.bz2#198a3218aeafa3eb8d29acdfbcf117dd
https://conda.anaconda.org/conda-forge/linux-ppc64le/wxwidgets-3.1.3-h2a1e196_4.tar.bz2#c85a0347799758f46e620f4da94011df
https://conda.anaconda.org/conda-forge/linux-ppc64le/gnuradio-uhd-3.9.3.0-py39hc58a296_3.tar.bz2#bbc2922f32052f249d7e090a0c8540a8
https://conda.anaconda.org/conda-forge/linux-ppc64le/limesuite-20.10.0-hce32679_1.tar.bz2#bda4689db2a60240d69837763f392f96
https://conda.anaconda.org/conda-forge/linux-ppc64le/soapysdr-module-uhd-0.4.1-h8edb1c9_3.tar.bz2#abed83fbcefb9255ac9a2d2376d32dfd
https://conda.anaconda.org/conda-forge/linux-ppc64le/gnuradio-3.9.3.0-py39h8f8c529_3.tar.bz2#5fd872e5b9e3e88a7346a2a15b9b13bf
https://conda.anaconda.org/conda-forge/linux-ppc64le/gnuradio-osmosdr-0.2.3-py39hb898c9d_11.tar.bz2#7a515667acbf525eeab4ce34b7f78e91
