# Generated by conda-lock.
# platform: osx-64
# input_hash: b3ff75a9f8d197200c39e7ca2816dae425fd4a97a8a2a6a840b1b04693d327fc
@EXPLICIT
https://conda.anaconda.org/t/*****/conda-forge/osx-64/ca-certificates-2025.1.31-h8857fd0_0.conda#3418b6c8cac3e71c0bc089fc5ea53042
https://conda.anaconda.org/t/*****/conda-forge/osx-64/epoxy-1.5.10-h5eb16cf_1.tar.bz2#721a46794b9ad1301115068189acb750
https://conda.anaconda.org/t/*****/conda-forge/noarch/font-ttf-dejavu-sans-mono-2.37-hab24e00_0.tar.bz2#0c96522c6bdaed4b1566d11387caaf45
https://conda.anaconda.org/t/*****/conda-forge/noarch/font-ttf-inconsolata-3.000-h77eed37_0.tar.bz2#34893075a5c9e55cdafac56607368fc6
https://conda.anaconda.org/t/*****/conda-forge/noarch/font-ttf-source-code-pro-2.038-h77eed37_0.tar.bz2#4d59c254e01d9cde7957100457e2d5fb
https://conda.anaconda.org/t/*****/conda-forge/noarch/font-ttf-ubuntu-0.83-h77eed37_3.conda#49023d73832ef61042f6a237cb2687e7
https://conda.anaconda.org/t/*****/conda-forge/osx-64/fribidi-1.0.10-hbcb3906_0.tar.bz2#f1c6b41e0f56998ecd9a3e210faa1dc0
https://conda.anaconda.org/t/*****/conda-forge/osx-64/glfw-3.4-h10d778d_0.conda#1e64b2a03d3978cc25b5b83985275272
https://conda.anaconda.org/t/*****/conda-forge/osx-64/hicolor-icon-theme-0.17-h694c41f_2.tar.bz2#f64218f19d9a441e80343cea13be1afb
https://conda.anaconda.org/t/*****/conda-forge/osx-64/lame-3.100-hb7f2c08_1003.tar.bz2#3342b33c9a0921b22b767ed68ee25861
https://conda.anaconda.org/t/*****/conda-forge/osx-64/libcorrect-0.0.0-hb7f2c08_0.conda#1cbd3aecb1efd72a9e536ba8c4f357ce
https://conda.anaconda.org/t/*****/conda-forge/osx-64/libev-4.33-h10d778d_2.conda#899db79329439820b7e8f8de41bca902
https://conda.anaconda.org/t/*****/conda-forge/osx-64/libjpeg-turbo-3.0.0-h0dc2134_1.conda#72507f8e3961bc968af17435060b6dd6
https://conda.anaconda.org/t/*****/conda-forge/osx-64/libopus-1.3.1-hc929b4f_1.tar.bz2#380b9ea5f6a7a277e6c1ac27d034369b
https://conda.anaconda.org/t/*****/conda-forge/osx-64/libpcap-1.10.4-h0dc2134_1.conda#8223edb62cbd0dede2e64eca6c8f4d82
https://conda.anaconda.org/t/*****/conda-forge/noarch/pybind11-abi-4-hd8ed1ab_3.tar.bz2#878f923dd6acc8aeb47a75da6c4098be
https://conda.anaconda.org/t/*****/conda-forge/osx-64/python_abi-3.12-5_cp312.conda#c34dd4920e0addf7cfcc725809f25d8e
https://conda.anaconda.org/t/*****/conda-forge/noarch/tzdata-2025a-h78e105d_0.conda#dbcace4706afdfb7eb891f7b37d07c04
https://conda.anaconda.org/t/*****/conda-forge/osx-64/yaml-0.2.5-h0d85af4_2.tar.bz2#d7e08fcf8259d742156188e8762b4d20
https://conda.anaconda.org/t/*****/conda-forge/osx-64/bzip2-1.0.8-hfdf4475_7.conda#7ed4301d437b59045be7e051a0308211
https://conda.anaconda.org/t/*****/conda-forge/osx-64/c-ares-1.34.4-hf13058a_0.conda#133255af67aaf1e0c0468cc753fd800b
https://conda.anaconda.org/t/*****/conda-forge/noarch/fonts-conda-forge-1-0.tar.bz2#f766549260d6815b0c52253f1fb1bb29
https://conda.anaconda.org/t/*****/ryanvolz/noarch/gnuradio-leo-data-1.0.0.post20250214%2Bg8f62b92-unix_2.conda#c4ae33379222c031be2cd82093e561e1
https://conda.anaconda.org/t/*****/conda-forge/osx-64/gstreamer-orc-0.4.41-h9fdcad8_0.conda#2636605c1ab03121c56d7c2edc170034
https://conda.anaconda.org/t/*****/conda-forge/osx-64/icu-75.1-h120a0e1_0.conda#d68d48a3060eb5abdc1cdc8e2a3a5966
https://conda.anaconda.org/t/*****/conda-forge/osx-64/libbrotlicommon-1.1.0-h00291cd_2.conda#58f2c4bdd56c46cc7451596e4ae68e0b
https://conda.anaconda.org/t/*****/conda-forge/osx-64/libcodec2-1.2.0-h6e16a3a_3.conda#7fa9a8ef024b775cd52ff2563cbffa2a
https://conda.anaconda.org/t/*****/conda-forge/osx-64/libcxx-19.1.7-hf95d169_0.conda#4b8f8dc448d814169dbc58fc7286057d
https://conda.anaconda.org/t/*****/conda-forge/osx-64/libdeflate-1.23-he65b83e_0.conda#120f8f7ba6a8defb59f4253447db4bb4
https://conda.anaconda.org/t/*****/conda-forge/osx-64/libexpat-2.6.4-h240833e_0.conda#20307f4049a735a78a29073be1be2626
https://conda.anaconda.org/t/*****/conda-forge/osx-64/libffi-3.4.6-h281671d_0.conda#b8667b0d0400b8dcb6844d8e06b2027d
https://conda.anaconda.org/t/*****/conda-forge/osx-64/libiconv-1.18-h4b5e92a_1.conda#6283140d7b2b55b6b095af939b71b13f
https://conda.anaconda.org/t/*****/conda-forge/osx-64/liblzma-5.6.4-hd471939_0.conda#db9d7b0152613f097cdb61ccf9f70ef5
https://conda.anaconda.org/t/*****/conda-forge/osx-64/libntlm-1.8-h6e16a3a_0.conda#23d706dbe90b54059ad86ff826677f39
https://conda.anaconda.org/t/*****/conda-forge/osx-64/libogg-1.3.5-hfdf4475_0.conda#7497372c91a31d3e8d64ce3f1a9632e8
https://conda.anaconda.org/t/*****/conda-forge/osx-64/libsodium-1.0.20-hfdf4475_0.conda#6af4b059e26492da6013e79cbcb4d069
https://conda.anaconda.org/t/*****/conda-forge/osx-64/libusb-1.0.27-h6e16a3a_101.conda#5d2adf4c552a2ad45a0aef22c52b9f7e
https://conda.anaconda.org/t/*****/conda-forge/osx-64/libuv-1.50.0-h4cb831e_0.conda#c86c7473f79a3c06de468b923416aa23
https://conda.anaconda.org/t/*****/conda-forge/osx-64/libwebp-base-1.5.0-h6cf52b4_0.conda#5e0cefc99a231ac46ba21e27ae44689f
https://conda.anaconda.org/t/*****/conda-forge/osx-64/libzlib-1.3.1-hd23fc13_2.conda#003a54a4e32b02f7355b50a837e699da
https://conda.anaconda.org/t/*****/conda-forge/osx-64/llvm-openmp-19.1.7-ha54dae1_0.conda#65d08c50518999e69f421838c1d5b91f
https://conda.anaconda.org/t/*****/conda-forge/osx-64/ncurses-6.5-h0622a9a_3.conda#ced34dd9929f491ca6dab6a2927aff25
https://conda.anaconda.org/t/*****/conda-forge/osx-64/openssl-3.4.1-hc426f3f_0.conda#a7d63f8e7ab23f71327ea6d27e2d5eae
https://conda.anaconda.org/t/*****/conda-forge/osx-64/pthread-stubs-0.4-h00291cd_1002.conda#8bcf980d2c6b17094961198284b8e862
https://conda.anaconda.org/t/*****/conda-forge/osx-64/xorg-libxau-1.0.12-h6e16a3a_0.conda#4cf40e60b444d56512a64f39d12c20bd
https://conda.anaconda.org/t/*****/conda-forge/osx-64/xorg-libxdmcp-1.1.5-h00291cd_0.conda#9f438e1b6f4e73fd9e6d78bfe7c36743
https://conda.anaconda.org/t/*****/conda-forge/osx-64/codec2-1.2.0-h6e16a3a_3.conda#f1056247f381f5fb63fac30eb2c2b481
https://conda.anaconda.org/t/*****/conda-forge/osx-64/expat-2.6.4-h240833e_0.conda#81ca1acbdfb112e1c8270d613c92bce4
https://conda.anaconda.org/t/*****/conda-forge/osx-64/fmt-11.1.4-hbf61d64_0.conda#7b9452d495396cf4bb509f6dbdacaa2f
https://conda.anaconda.org/t/*****/conda-forge/noarch/fonts-conda-ecosystem-1-0.tar.bz2#fee5683a3f04bd15cbd8318b096a27ab
https://conda.anaconda.org/t/*****/conda-forge/osx-64/gflags-2.2.2-hac325c4_1005.conda#a26de8814083a6971f14f9c8c3cb36c2
https://conda.anaconda.org/t/*****/conda-forge/osx-64/glew-2.1.0-h046ec9c_2.tar.bz2#6b753c8c7e4c46a8eb17b6f1781f958a
https://conda.anaconda.org/t/*****/conda-forge/osx-64/gmp-6.3.0-hf036a51_2.conda#427101d13f19c4974552a4e5b072eef1
https://conda.anaconda.org/t/*****/conda-forge/osx-64/graphite2-1.3.13-h73e2aa4_1003.conda#fc7124f86e1d359fc5d878accd9e814c
https://conda.anaconda.org/t/*****/conda-forge/osx-64/gtest-1.15.2-h3c5361c_0.conda#172833b001e5b7de8ed32491f1b2753e
https://conda.anaconda.org/t/*****/conda-forge/osx-64/lerc-4.0.0-hb486fe8_0.tar.bz2#f9d6a4c82889d5ecedec1d90eb673c55
https://conda.anaconda.org/t/*****/conda-forge/osx-64/libabseil-20240722.0-cxx17_h0e468a2_4.conda#03dd3d0563d01c2b82881734ee0eb334
https://conda.anaconda.org/t/*****/conda-forge/osx-64/libaec-1.1.3-h73e2aa4_0.conda#66d3c1f6dd4636216b4fca7a748d50eb
https://conda.anaconda.org/t/*****/conda-forge/osx-64/libairspy-1.0.10-h6e16a3a_1.conda#7e803ea72f42dc4369c5ebee111e8ec5
https://conda.anaconda.org/t/*****/conda-forge/osx-64/libairspyhf-1.6.8-h6e16a3a_1.conda#bf0d71747898f26d1fef38946cb76af7
https://conda.anaconda.org/t/*****/conda-forge/osx-64/libasprintf-0.23.1-h27064b9_0.conda#43e1d9e1712208ac61941a513259248d
https://conda.anaconda.org/t/*****/conda-forge/osx-64/libbladerf2-2024.05-h6e16a3a_2.conda#ae3075e73cb05f5847bf2007f746d4a7
https://conda.anaconda.org/t/*****/conda-forge/osx-64/libbrotlidec-1.1.0-h00291cd_2.conda#34709a1f5df44e054c4a12ab536c5459
https://conda.anaconda.org/t/*****/conda-forge/osx-64/libbrotlienc-1.1.0-h00291cd_2.conda#691f0dcb36f1ae67f5c489f20ae987ea
https://conda.anaconda.org/t/*****/conda-forge/osx-64/libedit-3.1.20250104-pl5321ha958ccf_0.conda#1f4ed31220402fcddc083b4bff406868
https://conda.anaconda.org/t/*****/conda-forge/osx-64/libevent-2.1.12-ha90c15b_1.conda#e38e467e577bd193a7d5de7c2c540b04
https://conda.anaconda.org/t/*****/conda-forge/osx-64/libgfortran5-13.2.0-h2873a65_3.conda#e4fb4d23ec2870ff3c40d10afe305aec
https://conda.anaconda.org/t/*****/conda-forge/osx-64/libhackrf0-2024.02.1-h6e16a3a_1.conda#394f77ad1a3d158d69e3ca1584e2ed49
https://conda.anaconda.org/t/*****/conda-forge/osx-64/libhamlib4-4.6.2-h240833e_2.conda#7889dd4ffe5c9faa2309527c76581443
https://conda.anaconda.org/t/*****/conda-forge/osx-64/libintl-0.23.1-h27064b9_0.conda#4182fe11073548596723d9cd2c23b1ac
https://conda.anaconda.org/t/*****/conda-forge/osx-64/liblimesuite-23.11.0-h240833e_1.conda#2413a4598e264de83e50d595e79eeb5f
https://conda.anaconda.org/t/*****/conda-forge/osx-64/libmirisdr4-2.0.0-h6e16a3a_1.conda#23c601a76d38ea95678d22e3ab4a4c7a
https://conda.anaconda.org/t/*****/conda-forge/osx-64/libnghttp2-1.64.0-hc7306c3_0.conda#ab21007194b97beade22ceb7a3f6fee5
https://conda.anaconda.org/t/*****/conda-forge/osx-64/libpng-1.6.47-h3c4a55f_0.conda#8461ab86d2cdb76d6e971aab225be73f
https://conda.anaconda.org/t/*****/conda-forge/osx-64/librtaudio6-5.2.0-h73e2aa4_3.conda#84097c74cdd27e27387ecebbe2905124
https://conda.anaconda.org/t/*****/conda-forge/osx-64/libsqlite-3.49.1-hdb6dae5_1.conda#7958168c20fbbc5014e1fbda868ed700
https://conda.anaconda.org/t/*****/conda-forge/osx-64/libssh2-1.11.1-h3dc7d44_0.conda#b1caec4561059e43a5d056684c5a2de0
https://conda.anaconda.org/t/*****/conda-forge/osx-64/libvorbis-1.3.7-h046ec9c_0.tar.bz2#fbbda1fede0aadaa252f6919148c4ce1
https://conda.anaconda.org/t/*****/conda-forge/osx-64/libxcb-1.17.0-hf1f96e2_0.conda#bbeca862892e2898bdb45792a61c4afc
https://conda.anaconda.org/t/*****/conda-forge/osx-64/libxml2-2.13.6-hebb159f_0.conda#f27851d50ccddf3c3234dd0efc78fdbd
https://conda.anaconda.org/t/*****/conda-forge/osx-64/mpg123-1.32.9-h78e78a4_0.conda#6bdfebc249f2466c2893bdf6d5faf484
https://conda.anaconda.org/t/*****/conda-forge/osx-64/mysql-common-9.0.1-h4d37847_4.conda#84d6e450a46b7c854f89874d32631430
https://conda.anaconda.org/t/*****/conda-forge/osx-64/nspr-4.36-h97d8b74_0.conda#9367273bb726a8991cd9bf9b1a022f57
https://conda.anaconda.org/t/*****/conda-forge/osx-64/pcre2-10.44-h7634a1b_2.conda#58cde0663f487778bcd7a0c8daf50293
https://conda.anaconda.org/t/*****/conda-forge/osx-64/pixman-0.44.2-h1fd1274_0.conda#9d3ed4c1a6e21051bf4ce53851acdc96
https://conda.anaconda.org/t/*****/conda-forge/osx-64/portaudio-19.7.0-h97d8b74_0.conda#894364247b8c15d6407ffcb8df5ac9f3
https://conda.anaconda.org/t/*****/conda-forge/osx-64/pugixml-1.15-h46091d4_0.conda#7a1ad34efe728093c36a76afeaf30586
https://conda.anaconda.org/t/*****/conda-forge/osx-64/qhull-2020.2-h3c5361c_5.conda#dd1ea9ff27c93db7c01a7b7656bd4ad4
https://conda.anaconda.org/t/*****/conda-forge/osx-64/readline-8.2-h7cca4af_2.conda#342570f8e02f2f022147a7f841475784
https://conda.anaconda.org/t/*****/conda-forge/osx-64/rtl-sdr-2.0.2-h6e16a3a_1.conda#faf27694077f3188ecdfe652af59786b
https://conda.anaconda.org/t/*****/conda-forge/osx-64/tk-8.6.13-h1abcd95_1.conda#bf830ba5afc507c6232d4ef0fb1a882d
https://conda.anaconda.org/t/*****/conda-forge/osx-64/volk-3.2.0-hfa89f99_0.conda#9d01c9a15d3c1008e4510fa759f2ccec
https://conda.anaconda.org/t/*****/conda-forge/osx-64/volk-gnss-sdr-0.0.19-h82088ff_8.conda#c9619c2a23cd3b66d247dcd2ce3f449f
https://conda.anaconda.org/t/*****/conda-forge/osx-64/zlib-1.3.1-hd23fc13_2.conda#c989e0295dcbdc08106fe5d9e935f0b9
https://conda.anaconda.org/t/*****/conda-forge/osx-64/zstd-1.5.6-h915ae27_0.conda#4cb2cd56f039b129bb0e491c1164167e
https://conda.anaconda.org/t/*****/conda-forge/osx-64/airspy-1.0.10-h6e16a3a_1.conda#797d35c19d0c4670f088c84472fb9dd6
https://conda.anaconda.org/t/*****/conda-forge/osx-64/airspyhf-1.6.8-h6e16a3a_1.conda#f0fa2996570673972fcc4bca8134950b
https://conda.anaconda.org/t/*****/conda-forge/osx-64/brotli-bin-1.1.0-h00291cd_2.conda#049933ecbf552479a12c7917f0a4ce59
https://conda.anaconda.org/t/*****/conda-forge/osx-64/freetype-2.12.1-h60636b9_2.conda#25152fce119320c980e5470e64834b50
https://conda.anaconda.org/t/*****/conda-forge/osx-64/gettext-tools-0.23.1-h27064b9_0.conda#a6bc310a08cf42286627c818da4c0ba1
https://conda.anaconda.org/t/*****/conda-forge/osx-64/glog-0.7.1-h2790a97_0.conda#06cf91665775b0da395229cd4331b27d
https://conda.anaconda.org/t/*****/conda-forge/osx-64/hamlib-4.6.2-h4b0d998_2.conda#d77a22334ecc440cee216701ad2d2781
https://conda.anaconda.org/t/*****/conda-forge/osx-64/hamlib-tcl-4.6.2-h2c093e9_2.conda#d26bed830bfe43263f401197cc388b66
https://conda.anaconda.org/t/*****/conda-forge/osx-64/krb5-1.21.3-h37d8d59_0.conda#d4765c524b1d91567886bde656fb514b
https://conda.anaconda.org/t/*****/conda-forge/osx-64/libasprintf-devel-0.23.1-h27064b9_0.conda#85b6f23aab6898c44f477f354c675721
https://conda.anaconda.org/t/*****/conda-forge/osx-64/libboost-1.86.0-hf0da243_3.conda#1e25fad7b2c160cd3b9b52f3507eb272
https://conda.anaconda.org/t/*****/conda-forge/osx-64/libgettextpo-0.23.1-h27064b9_0.conda#352ffb2b7788775a65a32c018d972a8a
https://conda.anaconda.org/t/*****/conda-forge/osx-64/libgfortran-5.0.0-13_2_0_h97931a8_3.conda#0b6e23a012ee7a9a5f6b244f5a92c1d5
https://conda.anaconda.org/t/*****/conda-forge/osx-64/libglib-2.82.2-h5c976ab_1.conda#05e05255a2e9c5e9c1b6322d84b4999b
https://conda.anaconda.org/t/*****/conda-forge/osx-64/libiio-c-0.26-h699925a_1.conda#c4672c9c974f6a25cb31d45c768ab4f3
https://conda.anaconda.org/t/*****/conda-forge/osx-64/libintl-devel-0.23.1-h27064b9_0.conda#6d4a30603b01f15bb643e14a9807e46c
https://conda.anaconda.org/t/*****/conda-forge/osx-64/libllvm17-17.0.6-hbedff68_1.conda#fcd38f0553a99fa279fb66a5bfc2fb28
https://conda.anaconda.org/t/*****/conda-forge/osx-64/libllvm19-19.1.7-hc29ff6c_1.conda#a937150d07aa51b50ded6a0816df4a5a
https://conda.anaconda.org/t/*****/conda-forge/osx-64/libprotobuf-5.28.3-h6401091_1.conda#5601e7ce099eb72741e9cd6413f42a07
https://conda.anaconda.org/t/*****/conda-forge/osx-64/libthrift-0.21.0-h75589b3_0.conda#7a472cd20d9ae866aeb6e292b33381d6
https://conda.anaconda.org/t/*****/conda-forge/osx-64/libtiff-4.7.0-hb77a491_3.conda#6f2f9df7b093d6b33bc0c334acc7d2d9
https://conda.anaconda.org/t/*****/conda-forge/osx-64/libxslt-1.1.39-h03b04e6_0.conda#a6e0cec6b3517ffc6b5d36a920fc9312
https://conda.anaconda.org/t/*****/conda-forge/osx-64/lua-5.4.6-hf600f6b_1.conda#cbff4f4475f6f7870d7249149fbd161e
https://conda.anaconda.org/t/*****/conda-forge/osx-64/mirisdr-2.0.0-h6e16a3a_1.conda#37e24b0707544b8cc296d539d46fdf11
https://conda.anaconda.org/t/*****/conda-forge/osx-64/mysql-libs-9.0.1-h2381dc1_4.conda#804fe1ddb235a660c5ad3c22304f2dad
https://conda.anaconda.org/t/*****/conda-forge/osx-64/nss-3.108-h32a8879_0.conda#6205aa62494689d1bdd26ca01af72268
https://conda.anaconda.org/t/*****/conda-forge/osx-64/python-3.12.9-h9ccd52b_1_cpython.conda#b878567b6b749f993dbdbc2834115bc3
https://conda.anaconda.org/t/*****/conda-forge/osx-64/spdlog-1.15.1-h65da0ee_0.conda#869e2924e6f2f44803b550b7059e7395
https://conda.anaconda.org/t/*****/conda-forge/osx-64/xorg-libx11-1.8.11-h217831a_0.conda#3fb3f466eeb402f7648d2710ed3bc1f1
https://conda.anaconda.org/t/*****/conda-forge/noarch/appdirs-1.4.4-pyhd8ed1ab_1.conda#f4e90937bbfc3a4a92539545a37bb448
https://conda.anaconda.org/t/*****/conda-forge/noarch/asttokens-3.0.0-pyhd8ed1ab_1.conda#8f587de4bcf981e26228f268df374a9b
https://conda.anaconda.org/t/*****/conda-forge/osx-64/atk-1.0-2.38.0-h4bec284_2.conda#d9684247c943d492d9aac8687bc5db77
https://conda.anaconda.org/t/*****/conda-forge/noarch/attrs-25.1.0-pyh71513ae_0.conda#2cc3f588512f04f3a0c64b4e9bedc02d
https://conda.anaconda.org/t/*****/conda-forge/osx-64/bcrypt-4.3.0-py312h0d0de52_0.conda#9bee8f0be2c5aa07ed11df1356bdacaa
https://conda.anaconda.org/t/*****/conda-forge/noarch/bidict-0.23.1-pyhd8ed1ab_1.conda#a6d521e8054c6b38aea1095060bd7e14
https://conda.anaconda.org/t/*****/conda-forge/noarch/blinker-1.9.0-pyhff2d567_0.conda#42834439227a4551b939beeeb8a4b085
https://conda.anaconda.org/t/*****/conda-forge/osx-64/brotli-1.1.0-h00291cd_2.conda#2db0c38a7f2321c5bdaf32b181e832c7
https://conda.anaconda.org/t/*****/conda-forge/osx-64/brotli-python-1.1.0-py312h5861a67_2.conda#b95025822e43128835826ec0cc45a551
https://conda.anaconda.org/t/*****/conda-forge/noarch/cached_property-1.5.2-pyha770c72_1.tar.bz2#576d629e47797577ab0f1b351297ef4a
https://conda.anaconda.org/t/*****/conda-forge/noarch/certifi-2025.1.31-pyhd8ed1ab_0.conda#c207fa5ac7ea99b149344385a9c0880d
https://conda.anaconda.org/t/*****/conda-forge/noarch/charset-normalizer-3.4.1-pyhd8ed1ab_0.conda#e83a31202d1c0a000fce3e9cf3825875
https://conda.anaconda.org/t/*****/conda-forge/noarch/click-8.1.8-pyh707e725_0.conda#f22f4d4970e09d68a10b922cbb0408d3
https://conda.anaconda.org/t/*****/conda-forge/noarch/colorama-0.4.6-pyhd8ed1ab_1.conda#962b9857ee8e7018c22f2776ffa0b2d7
https://conda.anaconda.org/t/*****/conda-forge/noarch/construct-2.10.70-pyhd8ed1ab_0.conda#58e88566bfbbf9d3ffbeda3290e7f4f0
https://conda.anaconda.org/t/*****/conda-forge/noarch/cycler-0.12.1-pyhd8ed1ab_1.conda#44600c4667a319d67dbe0681fc0bc833
https://conda.anaconda.org/t/*****/conda-forge/osx-64/cyrus-sasl-2.1.27-hf9bab2b_7.conda#b3a8aa48d3d5e1bfb31ee3bde1f2c544
https://conda.anaconda.org/t/*****/conda-forge/osx-64/dbus-1.13.6-h811a1a6_3.tar.bz2#ea13787a6153d0b4bfed3ece7ea54820
https://conda.anaconda.org/t/*****/conda-forge/noarch/decorator-5.2.1-pyhd8ed1ab_0.conda#9ce473d1d1be1cc3810856a48b3fab32
https://conda.anaconda.org/t/*****/conda-forge/noarch/docutils-0.21.2-pyhd8ed1ab_1.conda#24c1ca34138ee57de72a943237cde4cc
https://conda.anaconda.org/t/*****/conda-forge/osx-64/ephem-4.2-py312h01d7ebd_0.conda#7c671e5180c3e7204cba4b6ad3f116af
https://conda.anaconda.org/t/*****/conda-forge/noarch/exceptiongroup-1.2.2-pyhd8ed1ab_1.conda#a16662747cdeb9abbac74d0057cc976e
https://conda.anaconda.org/t/*****/conda-forge/noarch/executing-2.1.0-pyhd8ed1ab_1.conda#ef8b5fca76806159fc25b4f48d8737eb
https://conda.anaconda.org/t/*****/conda-forge/osx-64/fftw-3.3.10-nompi_h292e606_110.conda#e05219cbabb20b406ff0803a3e552419
https://conda.anaconda.org/t/*****/conda-forge/osx-64/fontconfig-2.15.0-h37eeddb_1.conda#84ccec5ee37eb03dd352db0a3f89ada3
https://conda.anaconda.org/t/*****/conda-forge/noarch/future-1.0.0-pyhd8ed1ab_2.conda#1054c53c95d85e35b88143a3eda66373
https://conda.anaconda.org/t/*****/conda-forge/osx-64/gdk-pixbuf-2.42.12-ha587570_0.conda#ee186d2e8db4605030753dc05025d4a0
https://conda.anaconda.org/t/*****/conda-forge/osx-64/glib-tools-2.82.2-hf8faeaf_1.conda#9c64be7c2dbbdde429d12a84c538ef1e
https://conda.anaconda.org/t/*****/conda-forge/osx-64/greenlet-3.1.1-py312haafddd8_1.conda#19975de700ec101663d9bbef10d6ee9c
https://conda.anaconda.org/t/*****/conda-forge/osx-64/hamlib-lua-4.6.2-lua54h6e16a3a_2.conda#355c1adcf9269ba26609b1d6a4a19207
https://conda.anaconda.org/t/*****/conda-forge/osx-64/hamlib-python-4.6.2-py312h01d7ebd_2.conda#ad8345d5f64dfbab379f49832524d5a9
https://conda.anaconda.org/t/*****/conda-forge/noarch/hpack-4.1.0-pyhd8ed1ab_0.conda#0a802cb9888dd14eeefc611f05c40b6e
https://conda.anaconda.org/t/*****/conda-forge/noarch/hyperframe-6.1.0-pyhd8ed1ab_0.conda#8e6923fc12f1fe8f8c4e5c9f343256ac
https://conda.anaconda.org/t/*****/conda-forge/noarch/idna-3.10-pyhd8ed1ab_1.conda#39a4f67be3286c86d696df570b1201b7
https://conda.anaconda.org/t/*****/conda-forge/noarch/itsdangerous-2.2.0-pyhd8ed1ab_1.conda#7ac5f795c15f288984e32add616cdc59
https://conda.anaconda.org/t/*****/conda-forge/osx-64/kiwisolver-1.4.8-py312h9275861_0.conda#88135d68c4ab7e6aedf52765b92acc70
https://conda.anaconda.org/t/*****/conda-forge/osx-64/lcms2-2.17-h72f5680_0.conda#bf210d0c63f2afb9e414a858b79f0eaa
https://conda.anaconda.org/t/*****/conda-forge/osx-64/libad9361-iio-0.2-hafe1066_3.tar.bz2#9020de48dc37479ae17a33f2a38339ac
https://conda.anaconda.org/t/*****/conda-forge/osx-64/libad9361-iio-c-0.3-h9eea90d_1.conda#e3aa77c08e7ed7988e2a3a958bf44ddf
https://conda.anaconda.org/t/*****/conda-forge/osx-64/libclang-cpp17-17.0.6-default_h3571c67_8.conda#448cfb783b49dd497c41c75e570e220c
https://conda.anaconda.org/t/*****/conda-forge/osx-64/libclang13-19.1.7-default_hf2b7afa_1.conda#a05f68439c2b11e1fe74ae7fab57c84a
https://conda.anaconda.org/t/*****/conda-forge/osx-64/libcurl-8.12.1-h5dec5d8_0.conda#b39e6b74b4eb475eacdfd463fce82138
https://conda.anaconda.org/t/*****/conda-forge/osx-64/libgettextpo-devel-0.23.1-h27064b9_0.conda#fea8af9c8a5d38b3b1b7f72dc3d7080a
https://conda.anaconda.org/t/*****/conda-forge/osx-64/libm2k-0.9.0-py312h3a92375_1.conda#a76cfa0fe4aa21134aa55b10230988b2
https://conda.anaconda.org/t/*****/conda-forge/osx-64/libopenblas-0.3.29-openmp_hbf64a52_0.conda#a30dc52b2a8b6300f17eaabd2f940d41
https://conda.anaconda.org/t/*****/conda-forge/osx-64/lxml-5.3.1-py312h91b2f42_0.conda#a1b3a0206fc6c434fadc25d818002b82
https://conda.anaconda.org/t/*****/conda-forge/osx-64/m17-cxx-demod-2.3.3-haaa64e9_5.conda#04f6d5e81e5aad259688ff4879e824de
https://conda.anaconda.org/t/*****/conda-forge/osx-64/markupsafe-3.0.2-py312h3520af0_1.conda#32d6bc2407685d7e2d8db424f42018c6
https://conda.anaconda.org/t/*****/conda-forge/noarch/munkres-1.1.4-pyh9f0ad1d_0.tar.bz2#2ba8498c1018c1e9c61eb99b973dfe19
https://conda.anaconda.org/t/*****/conda-forge/osx-64/openjpeg-2.5.3-h7fd6d84_0.conda#025c711177fc3309228ca1a32374458d
https://conda.anaconda.org/t/*****/conda-forge/noarch/packaging-24.2-pyhd8ed1ab_2.conda#3bfed7e6228ebf2f7b9eaa47f1b4e2aa
https://conda.anaconda.org/t/*****/conda-forge/noarch/parso-0.8.4-pyhd8ed1ab_1.conda#5c092057b6badd30f75b06244ecd01c9
https://conda.anaconda.org/t/*****/conda-forge/noarch/pickleshare-0.7.5-pyhd8ed1ab_1004.conda#11a9d1d09a3615fc07c3faf79bc0b943
https://conda.anaconda.org/t/*****/conda-forge/noarch/pkgutil-resolve-name-1.3.10-pyhd8ed1ab_2.conda#5a5870a74432aa332f7d32180633ad05
https://conda.anaconda.org/t/*****/conda-forge/noarch/ply-3.11-pyhd8ed1ab_3.conda#fd5062942bfa1b0bd5e0d2a4397b099e
https://conda.anaconda.org/t/*****/conda-forge/noarch/ptyprocess-0.7.0-pyhd8ed1ab_1.conda#7d9daffbb8d8e0af0f769dbbcd173a54
https://conda.anaconda.org/t/*****/conda-forge/noarch/pure_eval-0.2.3-pyhd8ed1ab_1.conda#3bfdfb8dbcdc4af1ae3f9a8eb3948f04
https://conda.anaconda.org/t/*****/conda-forge/noarch/pycparser-2.22-pyh29332c3_1.conda#12c566707c80111f9799308d9e265aef
https://conda.anaconda.org/t/*****/conda-forge/noarch/pygments-2.19.1-pyhd8ed1ab_0.conda#232fb4577b6687b2d503ef8e254270c9
https://conda.anaconda.org/t/*****/conda-forge/noarch/pylibiio-0.26-py_1.conda#3be73c72b1383b1f0e9690333780d6cd
https://conda.anaconda.org/t/*****/conda-forge/noarch/pyopengl-3.1.7-pyhd8ed1ab_0.conda#6d7d03be8e7f788b444c15262408d063
https://conda.anaconda.org/t/*****/conda-forge/noarch/pyparsing-3.2.1-pyhd8ed1ab_0.conda#285e237b8f351e85e7574a2c7bfa6d46
https://conda.anaconda.org/t/*****/conda-forge/noarch/pysocks-1.7.1-pyha55dd90_7.conda#461219d1a5bd61342293efa2c0c90eac
https://conda.anaconda.org/t/*****/conda-forge/noarch/python-tzdata-2025.1-pyhd8ed1ab_0.conda#392c91c42edd569a7ec99ed8648f597a
https://conda.anaconda.org/t/*****/conda-forge/noarch/pytz-2024.1-pyhd8ed1ab_0.conda#3eeeeb9e4827ace8c0c1419c85d590ad
https://conda.anaconda.org/t/*****/conda-forge/noarch/pywin32-on-windows-0.1.0-pyh1179c8e_3.tar.bz2#2807a0becd1d986fe1ef9b7f8135f215
https://conda.anaconda.org/t/*****/conda-forge/osx-64/pyyaml-6.0.2-py312h3520af0_2.conda#4a2d83ac55752681d54f781534ddd209
https://conda.anaconda.org/t/*****/conda-forge/osx-64/rpds-py-0.23.1-py312hb59e30e_0.conda#b77397ede545ef388c85d795a986b40a
https://conda.anaconda.org/t/*****/conda-forge/osx-64/ruamel.yaml.clib-0.2.8-py312h3d0f464_1.conda#f4c0464f98dabcd65064e89991c3c9c2
https://conda.anaconda.org/t/*****/conda-forge/noarch/setuptools-75.8.2-pyhff2d567_0.conda#9bddfdbf4e061821a1a443f93223be61
https://conda.anaconda.org/t/*****/conda-forge/noarch/six-1.17.0-pyhd8ed1ab_0.conda#a451d576819089b0d672f18768be0f65
https://conda.anaconda.org/t/*****/conda-forge/osx-64/soapysdr-0.8.1-py312hc5c4d5f_5.conda#89d9c78b992dd0c558345c5711c32404
https://conda.anaconda.org/t/*****/conda-forge/noarch/toml-0.10.2-pyhd8ed1ab_1.conda#b0dd904de08b7db706167240bf37b164
https://conda.anaconda.org/t/*****/conda-forge/noarch/tomli-2.2.1-pyhd8ed1ab_1.conda#ac944244f1fed2eb49bae07193ae8215
https://conda.anaconda.org/t/*****/conda-forge/osx-64/tornado-6.4.2-py312h01d7ebd_0.conda#1b977164053085b356297127d3d6be49
https://conda.anaconda.org/t/*****/conda-forge/noarch/traitlets-5.14.3-pyhd8ed1ab_1.conda#019a7385be9af33791c989871317e1ed
https://conda.anaconda.org/t/*****/conda-forge/noarch/typing_extensions-4.12.2-pyha770c72_1.conda#d17f13df8b65464ca316cbc000a3cb64
https://conda.anaconda.org/t/*****/conda-forge/osx-64/unicodedata2-16.0.0-py312h01d7ebd_0.conda#27740ecb2764b1cddbe1e7412ed16034
https://conda.anaconda.org/t/*****/conda-forge/noarch/wcwidth-0.2.13-pyhd8ed1ab_1.conda#b68980f2495d096e71c7fd9d7ccf63e6
https://conda.anaconda.org/t/*****/conda-forge/noarch/websocket-client-1.8.0-pyhd8ed1ab_1.conda#84f8f77f0a9c6ef401ee96611745da8f
https://conda.anaconda.org/t/*****/conda-forge/noarch/wheel-0.45.1-pyhd8ed1ab_1.conda#75cb7132eb58d97896e173ef12ac9986
https://conda.anaconda.org/t/*****/conda-forge/osx-64/xorg-libxext-1.3.6-h00291cd_0.conda#62f4f9d7a6c176be164329b4a1fc2616
https://conda.anaconda.org/t/*****/conda-forge/osx-64/xorg-libxfixes-6.0.1-h00291cd_0.conda#466ace5d8c55c03e571e7c0dcd288b17
https://conda.anaconda.org/t/*****/conda-forge/osx-64/xorg-libxrender-0.9.12-h6e16a3a_0.conda#15949671046839008f5e782dfbf63e65
https://conda.anaconda.org/t/*****/conda-forge/osx-64/zeromq-4.3.5-h7130eaa_7.conda#6a0a76cd2b3d575e1b7aaeb283b9c3ed
https://conda.anaconda.org/t/*****/conda-forge/noarch/zipp-3.21.0-pyhd8ed1ab_1.conda#0c3cc595284c5e8f0f9900a9b228a332
https://conda.anaconda.org/t/*****/conda-forge/noarch/cached-property-1.5.2-hd8ed1ab_1.tar.bz2#9b347a7ec10940d3f7941ff6c460b551
https://conda.anaconda.org/t/*****/conda-forge/osx-64/cairo-1.18.4-h950ec3b_0.conda#32403b4ef529a2018e4d8c4f2a719f16
https://conda.anaconda.org/t/*****/conda-forge/osx-64/cffi-1.17.1-py312hf857d28_0.conda#5bbc69b8194fedc2792e451026cac34f
https://conda.anaconda.org/t/*****/conda-forge/osx-64/fonttools-4.56.0-py312h3520af0_0.conda#9b603b2fa3072c966ef2ff119e8203f3
https://conda.anaconda.org/t/*****/conda-forge/noarch/fs-2.4.16-pyhd8ed1ab_0.conda#a231fa7cb5f101f1f3ae8480c0002f91
https://conda.anaconda.org/t/*****/conda-forge/osx-64/gettext-0.23.1-hd385c8e_0.conda#22d89ca70e22979c38bd0146abf21c2a
https://conda.anaconda.org/t/*****/conda-forge/osx-64/glib-2.82.2-h915cd9b_1.conda#d9048176e6c7e96f52927e752b71136b
https://conda.anaconda.org/t/*****/conda-forge/noarch/h11-0.14.0-pyhd8ed1ab_1.conda#7ee49e89531c0dcbba9466f6d115d585
https://conda.anaconda.org/t/*****/conda-forge/noarch/h2-4.2.0-pyhd8ed1ab_0.conda#b4754fb1bdcb70c8fd54f918301582c6
https://conda.anaconda.org/t/*****/conda-forge/osx-64/hackrf-2024.02.1-h979b6e9_1.conda#23fb7ffa732ada9b59a306bdd80ec669
https://conda.anaconda.org/t/*****/conda-forge/noarch/hamlib-all-4.6.2-osx_2.conda#7dcf53c55bbff281ad826d44dde9ca84
https://conda.anaconda.org/t/*****/conda-forge/osx-64/hdf5-1.14.3-nompi_h1607680_109.conda#aa2b87330df24a89585b9d3e4d70c4d4
https://conda.anaconda.org/t/*****/conda-forge/noarch/importlib-metadata-8.6.1-pyha770c72_0.conda#f4b39bf00c69f56ac01e020ebfac066c
https://conda.anaconda.org/t/*****/conda-forge/noarch/importlib_resources-6.5.2-pyhd8ed1ab_0.conda#c85c76dc67d75619a92f51dfbce06992
https://conda.anaconda.org/t/*****/conda-forge/noarch/ipython_pygments_lexers-1.1.1-pyhd8ed1ab_0.conda#bd80ba060603cc228d9d81c257093119
https://conda.anaconda.org/t/*****/conda-forge/noarch/jedi-0.19.2-pyhd8ed1ab_1.conda#a4f4c5dc9b80bc50e0d3dc4e6e8f1bd9
https://conda.anaconda.org/t/*****/conda-forge/noarch/jinja2-3.1.6-pyhd8ed1ab_0.conda#446bd6c8cb26050d528881df495ce646
https://conda.anaconda.org/t/*****/conda-forge/osx-64/libblas-3.9.0-31_h7f60823_openblas.conda#a8c1c9f95d1c46d67028a6146c1ea77c
https://conda.anaconda.org/t/*****/conda-forge/osx-64/libiio-0.26-h98b3b24_1.conda#1ae331913d288794754c3696a1de63d6
https://conda.anaconda.org/t/*****/conda-forge/osx-64/libliquid1-1.6.0-h8a64ec7_2.conda#7c7eb733e95ab82b59aa5af8f5b8a064
https://conda.anaconda.org/t/*****/conda-forge/osx-64/libosmodsp0-0.4.0-h8a64ec7_2.conda#00bde4c9fc29ddb57b453f6249a72d09
https://conda.anaconda.org/t/*****/conda-forge/noarch/matplotlib-inline-0.1.7-pyhd8ed1ab_1.conda#af6ab708897df59bd6e7283ceab1b56b
https://conda.anaconda.org/t/*****/conda-forge/osx-64/openldap-2.6.9-hd8a590d_0.conda#10dff9d8c67ae8b807b9fe8cfe9ca1d0
https://conda.anaconda.org/t/*****/conda-forge/noarch/pexpect-4.9.0-pyhd8ed1ab_1.conda#d0d408b1f18883a944376da5cf8101ea
https://conda.anaconda.org/t/*****/conda-forge/osx-64/pillow-11.1.0-py312hd9f36e3_0.conda#3b4657a78aaca3af9b392b0657eb3e94
https://conda.anaconda.org/t/*****/conda-forge/noarch/pip-25.0.1-pyh8b19718_0.conda#79b5c1440aedc5010f687048d9103628
https://conda.anaconda.org/t/*****/conda-forge/noarch/prompt-toolkit-3.0.50-pyha770c72_0.conda#7d823138f550b14ecae927a5ff3286de
https://conda.anaconda.org/t/*****/conda-forge/noarch/pyfiglet-0.8.post1-py_0.tar.bz2#e22d3c090f24856764e9d70e76fa3a5f
https://conda.anaconda.org/t/*****/conda-forge/noarch/python-dateutil-2.9.0.post0-pyhff2d567_1.conda#5ba79d7c71f03c678c8ead841f347d6e
https://conda.anaconda.org/t/*****/conda-forge/osx-64/pyzmq-26.2.1-py312h679dbab_0.conda#e66197c106bee0f80013a36d7fbcbde9
https://conda.anaconda.org/t/*****/conda-forge/noarch/qtpy-2.4.3-pyhd8ed1ab_0.conda#c9ca35b6fb8fa9af418625192c118567
https://conda.anaconda.org/t/*****/conda-forge/noarch/referencing-0.36.2-pyh29332c3_0.conda#9140f1c09dd5489549c6a33931b943c7
https://conda.anaconda.org/t/*****/conda-forge/osx-64/ruamel.yaml-0.18.10-py312h01d7ebd_0.conda#e6fb89d650ea648b6be3bf2fa5026523
https://conda.anaconda.org/t/*****/conda-forge/osx-64/sdl3-3.2.8-h6dd79e8_0.conda#9c5cef995bcf827cc60796295e7a9846
https://conda.anaconda.org/t/*****/conda-forge/osx-64/sip-6.7.12-py312h444b7ae_0.conda#9c576e4025eb39cadac5b418d6203d38
https://conda.anaconda.org/t/*****/conda-forge/osx-64/soapysdr-module-airspy-0.2.0-ha64c28d_0.tar.bz2#b59403f2f4c2a8a5e63e1c85eac94721
https://conda.anaconda.org/t/*****/conda-forge/osx-64/soapysdr-module-airspyhf-0.2.0-ha64c28d_0.tar.bz2#db15c5581723856f829b15729a93b61b
https://conda.anaconda.org/t/*****/conda-forge/osx-64/soapysdr-module-audio-0.1.1-h4045702_2.conda#6e3e87c840cc1ba0edae90eedb986584
https://conda.anaconda.org/t/*****/conda-forge/osx-64/soapysdr-module-bladerf-0.4.1-h3f20bda_0.tar.bz2#9d17170198be228b05d25997cd53f5cb
https://conda.anaconda.org/t/*****/conda-forge/osx-64/soapysdr-module-hackrf-0.3.4-ha64c28d_0.tar.bz2#e995f7c2dcdf42749638838e3c0b53da
https://conda.anaconda.org/t/*****/conda-forge/osx-64/soapysdr-module-lms7-23.11.0-hd56791b_1.conda#1da83b05474dac999117c0401f132908
https://conda.anaconda.org/t/*****/conda-forge/osx-64/soapysdr-module-netsdr-0.2.0-h7ecdfb7_1.conda#057b901107874beef0dc507365d4e226
https://conda.anaconda.org/t/*****/conda-forge/osx-64/soapysdr-module-plutosdr-0.2.2-ha1538ea_0.conda#6e6884f1eadee06ff927f34feb1086e0
https://conda.anaconda.org/t/*****/conda-forge/osx-64/soapysdr-module-redpitaya-0.1.1-h7ecdfb7_0.conda#9365abf68cbb1a315f2b42333081b14b
https://conda.anaconda.org/t/*****/conda-forge/osx-64/soapysdr-module-remote-0.5.2-ha64c28d_2.tar.bz2#b46013cf640ecbe5bfb5ecb01d53561c
https://conda.anaconda.org/t/*****/conda-forge/osx-64/soapysdr-module-rtlsdr-0.3.3-h4104cfc_2.conda#04c6e158e3d0279348317b5cceb8c365
https://conda.anaconda.org/t/*****/conda-forge/osx-64/soapysdr-module-volk-converters-0.1.1-ha5c124a_3.conda#820b42a2b76b0089540f6c08b55dfca1
https://conda.anaconda.org/t/*****/conda-forge/noarch/stack_data-0.6.3-pyhd8ed1ab_1.conda#b1b505328da7a6b246787df4b5a49fbc
https://conda.anaconda.org/t/*****/conda-forge/osx-64/watchdog-6.0.0-py312h01d7ebd_0.conda#6bf329e9cdc3e6d65c0d11a43eca6e21
https://conda.anaconda.org/t/*****/conda-forge/noarch/werkzeug-3.1.3-pyhd8ed1ab_1.conda#0a9b57c159d56b508613cc39022c1b9e
https://conda.anaconda.org/t/*****/conda-forge/osx-64/xorg-libxdamage-1.1.6-h00291cd_0.conda#e5676cd0b207fc981cda61dff7fa8553
https://conda.anaconda.org/t/*****/conda-forge/osx-64/xorg-libxrandr-1.5.4-h00291cd_0.conda#5c1b6e96c60d0fb520898f2668352470
https://conda.anaconda.org/t/*****/conda-forge/noarch/zope.event-5.0-pyhd8ed1ab_1.conda#eed0f4438d9f9cc67314ed2926c3cdd3
https://conda.anaconda.org/t/*****/conda-forge/osx-64/zope.interface-7.2-py312h01d7ebd_0.conda#85291fede63ab150b08c785d05bade4c
https://conda.anaconda.org/t/*****/conda-forge/noarch/asciimatics-1.15.0-pyhd8ed1ab_1.conda#1e4474adec5bda131d146a587dcf5c79
https://conda.anaconda.org/t/*****/conda-forge/osx-64/cryptography-44.0.2-py312h0995e51_0.conda#f7bc4b60452afd2b788172a8e12a0371
https://conda.anaconda.org/t/*****/conda-forge/noarch/flask-3.1.0-pyhff2d567_0.conda#3963487fb67f4deb3e16728ad101da7c
https://conda.anaconda.org/t/*****/conda-forge/osx-64/gevent-24.11.1-py312hd2a4d73_0.conda#0b5e2e1043cd19cb10fdb766a8fc324c
https://conda.anaconda.org/t/*****/conda-forge/osx-64/gstreamer-1.24.7-h3271b85_0.conda#9605eae5ac683af5aeb0aef5dc7871fb
https://conda.anaconda.org/t/*****/conda-forge/osx-64/harfbuzz-10.4.0-h86b413f_0.conda#05493515d0b4467f8229f1e154ec80c3
https://conda.anaconda.org/t/*****/conda-forge/noarch/ipython-9.0.2-pyhfb0248b_0.conda#b031bcd65b260a0a3353531eab50d465
https://conda.anaconda.org/t/*****/conda-forge/noarch/jsonschema-specifications-2024.10.1-pyhd8ed1ab_1.conda#3b519bc21bc80e60b456f1e62962a766
https://conda.anaconda.org/t/*****/conda-forge/noarch/libbladerf-python-2024.05-py_2.conda#1463dfd317f3603a9593cac153527c6e
https://conda.anaconda.org/t/*****/conda-forge/osx-64/libcblas-3.9.0-31_hff6cab4_openblas.conda#c655cc2b0c48ec454f7a4db92415d012
https://conda.anaconda.org/t/*****/conda-forge/osx-64/libflac-1.4.3-he965462_0.conda#7e330625e51803556425142ca5ccbdd8
https://conda.anaconda.org/t/*****/conda-forge/osx-64/libgirepository-1.82.0-hdf4f3f7_0.conda#9b20e7a0c62f4446253dd4f5cb53bd02
https://conda.anaconda.org/t/*****/conda-forge/osx-64/liblapack-3.9.0-31_h236ab99_openblas.conda#d0f3bc17e0acef003cb9d9195a205888
https://conda.anaconda.org/t/*****/conda-forge/osx-64/libmatio-1.5.28-h0572109_2.conda#abee721ed63e85a94f6923a6aae16699
https://conda.anaconda.org/t/*****/conda-forge/osx-64/libpq-17.4-h9c5cfc2_0.conda#a3d6873b396f5dfdb5e4674ef01a9c13
https://conda.anaconda.org/t/*****/conda-forge/noarch/mako-1.3.9-pyhd8ed1ab_0.conda#422113c902cc5181ccaafbb4b827e492
https://conda.anaconda.org/t/*****/conda-forge/noarch/markdown-3.6-pyhd8ed1ab_0.conda#06e9bebf748a0dea03ecbe1f0e27e909
https://conda.anaconda.org/t/*****/conda-forge/osx-64/mesalib-24.3.4-hc187380_1.conda#48206b34b98ccaa3214547ef9c98b3ff
https://conda.anaconda.org/t/*****/conda-forge/osx-64/pycairo-1.27.0-py312hc3eca63_0.conda#bfd17b0b7d82cf5fe23c272a2600392c
https://conda.anaconda.org/t/*****/conda-forge/osx-64/pynacl-1.5.0-py312hb553811_4.conda#88be5bbe28b39b591eb61520d12658d0
https://conda.anaconda.org/t/*****/conda-forge/osx-64/pyqt5-sip-12.12.2-py312he36337a_5.conda#933ecaa04344fbbe126f9cb731adeb84
https://conda.anaconda.org/t/*****/conda-forge/noarch/qdarkstyle-3.2.3-pyhd8ed1ab_1.conda#b5d204064e9c816535282a94f30a40c9
https://conda.anaconda.org/t/*****/conda-forge/osx-64/sdl2-2.32.50-hc0cb955_1.conda#9b99d270e406fdd34cb397c5c018f424
https://conda.anaconda.org/t/*****/conda-forge/noarch/wsproto-1.2.0-pyhd8ed1ab_1.conda#2c7536a04d9c21e1dd05bd4a3b1e3a39
https://conda.anaconda.org/t/*****/conda-forge/osx-64/zstandard-0.23.0-py312h7122b0e_1.conda#bd132ba98f3fc0a6067f355f8efe4cb6
https://conda.anaconda.org/t/*****/conda-forge/osx-64/arpack-3.9.1-nompi_hdfe9103_102.conda#4fbf1ddfe3784263c01b7c33e6a6a3f7
https://conda.anaconda.org/t/*****/conda-forge/osx-64/bladerf-2024.05-h6e16a3a_2.conda#543918f9d39b3779093c6c80ec27f078
https://conda.anaconda.org/t/*****/conda-forge/noarch/gevent-websocket-0.10.1-py_0.tar.bz2#25b4b60b6ea50368cd90b75b4d00c711
https://conda.anaconda.org/t/*****/conda-forge/osx-64/gsl-2.7-h93259b0_0.tar.bz2#b4942b1ee2a52fd67f446074488d774d
https://conda.anaconda.org/t/*****/conda-forge/osx-64/gst-plugins-base-1.24.7-h0ee1d58_0.conda#f012d1ef168db3b601031bcef1c47343
https://conda.anaconda.org/t/*****/conda-forge/noarch/jsonschema-4.23.0-pyhd8ed1ab_1.conda#a3cead9264b331b32fe8f0aabc967522
https://conda.anaconda.org/t/*****/conda-forge/osx-64/libsndfile-1.2.2-h9603cec_1.conda#8440dcb1adeceda826729f4244f0fd14
https://conda.anaconda.org/t/*****/conda-forge/osx-64/numpy-2.2.3-py312h6693b03_0.conda#19ba5fe74ffc9d196a75fbe1a3cd5fe3
https://conda.anaconda.org/t/*****/conda-forge/osx-64/pango-1.56.1-hf94f63b_0.conda#3888a31896ccefaa6aa608ff13fd527c
https://conda.anaconda.org/t/*****/conda-forge/noarch/paramiko-3.5.1-pyhd8ed1ab_0.conda#4e6bea7eee94bb9d8a599385215719f9
https://conda.anaconda.org/t/*****/conda-forge/osx-64/pygobject-3.50.0-py312h30111ac_1.conda#cc3539c885b6c74cf9f09f46533db930
https://conda.anaconda.org/t/*****/conda-forge/osx-64/sdl-1.2.68-hc0cb955_1.conda#c86e5594a623e90ceef8ed75d513cc5b
https://conda.anaconda.org/t/*****/conda-forge/noarch/simple-websocket-1.1.0-pyhd8ed1ab_0.conda#62e0b21f75a81735ddc72e6019d27c16
https://conda.anaconda.org/t/*****/conda-forge/osx-64/superlu-5.2.2-h1f0f902_0.tar.bz2#415a218b750ec31760d6a530d11dc98d
https://conda.anaconda.org/t/*****/conda-forge/noarch/urllib3-2.3.0-pyhd8ed1ab_0.conda#32674f8dbfb7b26410ed580dd3c10a29
https://conda.anaconda.org/t/*****/conda-forge/osx-64/wxwidgets-3.2.6-h6fd9885_2.conda#801a5f99b2ef250ccc595da1c6fdc894
https://conda.anaconda.org/t/*****/conda-forge/osx-64/armadillo-14.4.0-h771da8f_0.conda#d0dc282bd92bb96522bec116996b5e5d
https://conda.anaconda.org/t/*****/conda-forge/osx-64/contourpy-1.3.1-py312hc47a885_0.conda#94715deb514df3f341f62bc2ffea5637
https://conda.anaconda.org/t/*****/conda-forge/osx-64/gnuradio-pmt-3.10.12.0-py312h1b5aeec_1.conda#3a3029a2e4ba6b6b98b27d329811b44c
https://conda.anaconda.org/t/*****/conda-forge/osx-64/gtk3-3.24.43-h82a860e_4.conda#522364f052b5e18bfea181e33d1eed1b
https://conda.anaconda.org/t/*****/conda-forge/osx-64/h5py-3.13.0-nompi_py312hea5ca7c_100.conda#55bc071459c1de6abc4d02133a540021
https://conda.anaconda.org/t/*****/conda-forge/osx-64/librsvg-2.58.4-h21a6cfa_2.conda#0aa68f5a6ebfd2254daae40170439f03
https://conda.anaconda.org/t/*****/conda-forge/osx-64/limesuite-23.11.0-h8f9d4fd_1.conda#24b1b39b75d7870a61760a0ae05f32ba
https://conda.anaconda.org/t/*****/conda-forge/osx-64/numexpr-2.10.2-py312ha51eba0_0.conda#ffe2e5fb72043ed4aeb2877f3e0e61fd
https://conda.anaconda.org/t/*****/conda-forge/osx-64/pandas-2.2.3-py312h98e817e_1.conda#a7f7c58bbbfcdf820edb6e544555fe8f
https://conda.anaconda.org/t/*****/conda-forge/noarch/pyadi-iio-0.0.19-pyhd8ed1ab_0.conda#aca3bc166b666f8951a3f8b41f0d05be
https://conda.anaconda.org/t/*****/conda-forge/noarch/pyqtgraph-0.13.7-pyhd8ed1ab_1.conda#569357b4d0b4565c57698a6e2dade74e
https://conda.anaconda.org/t/*****/conda-forge/noarch/python-engineio-4.11.2-pyhff2d567_0.conda#480833a0855e1d1782d8ec3aa9d91db2
https://conda.anaconda.org/t/*****/conda-forge/osx-64/qt-main-5.15.15-h30a8c49_2.conda#7ae830dbcf46d82330392433104b15e0
https://conda.anaconda.org/t/*****/conda-forge/noarch/requests-2.32.3-pyhd8ed1ab_1.conda#a9b9368f3701a417eac9edbcae7cb737
https://conda.anaconda.org/t/*****/conda-forge/osx-64/scipy-1.15.2-py312hd04560d_0.conda#cea880e674e00193c7fb915eea6c8200
https://conda.anaconda.org/t/*****/conda-forge/noarch/adwaita-icon-theme-47.0-unix_0.conda#49436a5c604f99058473d84580f0e341
https://conda.anaconda.org/t/*****/conda-forge/osx-64/digital_rf-2.6.11-py312hb4e6a8e_0.conda#b605165ef9aef34fbf4c2688d1f2fa82
https://conda.anaconda.org/t/*****/conda-forge/osx-64/gnuradio-core-3.10.12.0-py312h74f4228_1.conda#5b6a78578d7b288546cfdd45062a1dbf
https://conda.anaconda.org/t/*****/conda-forge/osx-64/inspectrum-0.3.1-h4507090_0.conda#fae8fbc19b18b70bab47e05e0ea8361a
https://conda.anaconda.org/t/*****/conda-forge/osx-64/matplotlib-base-3.10.1-py312h535dea3_0.conda#9cbfac1eb73702dd1e4f379564658d48
https://conda.anaconda.org/t/*****/conda-forge/osx-64/pyqt-5.15.9-py312hd74d816_5.conda#d62c7597491cbfd388936263fc592670
https://conda.anaconda.org/t/*****/conda-forge/noarch/python-socketio-5.12.1-pyhd8ed1ab_0.conda#d3ef77c1cebc66115af8109e893480b2
https://conda.anaconda.org/t/*****/conda-forge/osx-64/qwt-6.3.0-h69e1d46_0.conda#c14911f58f838744a023082cd842ec1a
https://conda.anaconda.org/t/*****/conda-forge/osx-64/uhd-4.8.0.0-py312h807a617_0.conda#42cc637c414b739cc26b2c8d68aa198f
https://conda.anaconda.org/t/*****/conda-forge/noarch/flask-socketio-5.5.1-pyh29332c3_0.conda#03fb6a9594f156a510118a5b4fe64a02
https://conda.anaconda.org/t/*****/ryanvolz/osx-64/gnuradio-dect2-0.0.0.20250304.dev%2Bg27a3d6-np20py312ha54dcc3_1.conda#cb869a1662f5f74bdeec26e442d2b549
https://conda.anaconda.org/t/*****/ryanvolz/osx-64/gnuradio-filerepeater-0.0.0.20250304.dev%2Bgec6b386-np20py312hd6957e9_2.conda#37734b9389ffdcd21b0fddbb19b1cbb6
https://conda.anaconda.org/t/*****/ryanvolz/osx-64/gnuradio-foo-0.0.0.20250304.dev%2Bg9e0e2-np20py312ha031aef_1.conda#b8d74ddce1106a7e9bb53f8792118810
https://conda.anaconda.org/t/*****/ryanvolz/osx-64/gnuradio-fosphor-0.0.0.20250304.dev%2Bg85a0b8f-np20py312hbc77901_1.conda#6f44d0760e25ae7214d6ced786e0652f
https://conda.anaconda.org/t/*****/ryanvolz/noarch/gnuradio-gpredict-doppler-0.0.0.20250303.dev%2Bg9473cbf-unix_py_1.conda#2a8e3e6791c85a38c88dfc94292dd084
https://conda.anaconda.org/t/*****/conda-forge/osx-64/gnuradio-grc-3.10.12.0-py312h4fad5d9_1.conda#21b2815051b900114acc56d2191c41ba
https://conda.anaconda.org/t/*****/ryanvolz/osx-64/gnuradio-hermeslite2-1.0.0.0.post20250305%2Bg2e66561-np20py312ha54dcc3_0.conda#7e3bf0806ed3c468f27a0c35ffa85c14
https://conda.anaconda.org/t/*****/ryanvolz/osx-64/gnuradio-hpsdr-0.0.0.20250304.dev%2Bg7748cc9-np20py312ha54dcc3_1.conda#693c2c3fc4cd9a5074a558013d90513b
https://conda.anaconda.org/t/*****/conda-forge/osx-64/gnuradio-iio-3.10.12.0-py312h0ef5ef5_1.conda#2a465577d17bb7d9265652d1345550b0
https://conda.anaconda.org/t/*****/conda-forge/osx-64/gnuradio-iqbalance-0.38.2-py312h792ae45_7.conda#2e7f10a70f3f593d337fafa568359339
https://conda.anaconda.org/t/*****/conda-forge/osx-64/gnuradio-iridium-1%211.0.0-py312h8846ea6_16.conda#394023bb5c91501b1725e14e7bced5c0
https://conda.anaconda.org/t/*****/ryanvolz/osx-64/gnuradio-leo-1.0.0.post20250214%2Bg8f62b92-np20py312ha067ba0_2.conda#b60739349fc0a34f074a5a24415fc0bf
https://conda.anaconda.org/t/*****/ryanvolz/osx-64/gnuradio-lora_sdr-0.0.0.20250305.dev%2Bga8143cb-np20py312hcd68dcb_0.conda#9a0790f0490ec05bfab1454377cb252a
https://conda.anaconda.org/t/*****/conda-forge/osx-64/gnuradio-m2k-1.0.0-py312he14e3f5_13.conda#9b3a335c0e58433043392ff7267cef92
https://conda.anaconda.org/t/*****/ryanvolz/osx-64/gnuradio-paint-0.0.0.20250303.dev%2Bgfb4f7b6-np20py312hcd68dcb_2.conda#ab5663de0ef6a3dbd5e63c88819dc6c0
https://conda.anaconda.org/t/*****/conda-forge/osx-64/gnuradio-qtgui-3.10.12.0-py312h37fa559_1.conda#ea5d97c1fff190d65ba3f5aa75e87c62
https://conda.anaconda.org/t/*****/ryanvolz/osx-64/gnuradio-radar-0.0.0.20250220.dev%2Bg92adce2-np20py312hd333b83_1.conda#8de991c8df9d5e6a843f4d86880638cb
https://conda.anaconda.org/t/*****/ryanvolz/osx-64/gnuradio-rds-3.10.post20250305%2Bgc1cba54-np20py312ha54dcc3_0.conda#e20dc3e71edbbc7540fe1ed65b884379
https://conda.anaconda.org/t/*****/conda-forge/osx-64/gnuradio-soapy-3.10.12.0-py312hcd7aecb_1.conda#7a52353308a97aaf5f703d4b8b81ee11
https://conda.anaconda.org/t/*****/conda-forge/osx-64/gnuradio-uhd-3.10.12.0-py312h882d36b_1.conda#e55bc5ca6286e4b0387cf7b19db7b589
https://conda.anaconda.org/t/*****/conda-forge/osx-64/gnuradio-video-sdl-3.10.12.0-py312h4fad5d9_1.conda#00447f1901d54caa98aaa736dc50caad
https://conda.anaconda.org/t/*****/conda-forge/osx-64/gnuradio-zeromq-3.10.12.0-py312h074ed27_1.conda#92da88334b061d4d889f2982371d1cca
https://conda.anaconda.org/t/*****/conda-forge/osx-64/matplotlib-3.10.1-py312hb401068_0.conda#f2fb30daab9368843c5776fa9fe8c842
https://conda.anaconda.org/t/*****/conda-forge/noarch/mplcursors-0.6-pyhd8ed1ab_1.conda#fa7bf31f4427e5582f7373d0ba8498f6
https://conda.anaconda.org/t/*****/conda-forge/osx-64/soapysdr-module-uhd-0.4.1-h7986aa4_14.conda#6c1b727238ef4fd5465b799bb189e176
https://conda.anaconda.org/t/*****/conda-forge/osx-64/gnuradio-3.10.12.0-py312h0b3b3f0_1.conda#d6ced7a06d768aa2969adca0f45d23c1
https://conda.anaconda.org/t/*****/ryanvolz/noarch/gnuradio-adsb-0.0.0.20250304.dev%2Bg9645757-unix_py_1.conda#9e67f1f65df571de24cf8b19f06a51fb
https://conda.anaconda.org/t/*****/ryanvolz/osx-64/gnuradio-ieee802_11-0.0.0.20250304.dev%2Bg761bdd9-np20py312hb9afde1_1.conda#c4e280cf4703f43e969a20887dbeb906
https://conda.anaconda.org/t/*****/ryanvolz/osx-64/gnuradio-ieee802_15_4-3.6.post20250304%2Bg61f4c4a-np20py312hcd68dcb_1.conda#f8777eddfc8f9e1779683e02e54cd350
https://conda.anaconda.org/t/*****/ryanvolz/osx-64/gnuradio-inspector-0.0.0.20250303.dev%2Bgad6a69e-np20py312h3c55089_1.conda#48582e5d2f9f26abe7eb9a30f6bde439
https://conda.anaconda.org/t/*****/conda-forge/osx-64/gnuradio-osmosdr-0.2.6-py312h338709e_7.conda#573d7e7d1747faf8facf019d75238527
https://conda.anaconda.org/t/*****/conda-forge/osx-64/gnuradio-satellites-5.7.0-py312h334535e_1.conda#37ab4ff23cae981838ad728cef0f7537
https://conda.anaconda.org/t/*****/conda-forge/noarch/pyfda-0.9.2-pyh9208f05_1.conda#a1fdcc4e47c1abb4e0554e2fd02a841c
https://conda.anaconda.org/t/*****/conda-forge/osx-64/gnss-sdr-0.0.19-h27504fe_8.conda#e316f38984fca6538152b7601f1d1127
https://conda.anaconda.org/t/*****/conda-forge/osx-64/gqrx-2.17.6-h33da310_1.conda#d278a5edd5c36ec66bf019f4c3af1ea1
