# Generated by conda-lock.
# platform: osx-arm64
# input_hash: 23fa0751d477d13a41ca0e0787ac667bf901ace1ef395d9706ecd1e77be4b7b8
@EXPLICIT
https://conda.anaconda.org/conda-forge/osx-arm64/bzip2-1.0.8-h3422bc3_4.tar.bz2#fc76ace7b94fb1f694988ab1b14dd248
https://conda.anaconda.org/conda-forge/osx-arm64/c-ares-1.18.1-h3422bc3_0.tar.bz2#5dd04dad345af4f1e8f3f0d5afc03b67
https://conda.anaconda.org/conda-forge/osx-arm64/ca-certificates-2021.10.8-h4653dfc_0.tar.bz2#d68f418ab2f7a46948ccb4053636f913
https://conda.anaconda.org/conda-forge/osx-arm64/epoxy-1.5.9-h3422bc3_0.tar.bz2#177cab93b9d2466ed46f9811adb3f313
https://conda.anaconda.org/conda-forge/noarch/font-ttf-dejavu-sans-mono-2.37-hab24e00_0.tar.bz2#0c96522c6bdaed4b1566d11387caaf45
https://conda.anaconda.org/conda-forge/noarch/font-ttf-inconsolata-3.000-h77eed37_0.tar.bz2#34893075a5c9e55cdafac56607368fc6
https://conda.anaconda.org/conda-forge/noarch/font-ttf-source-code-pro-2.038-h77eed37_0.tar.bz2#4d59c254e01d9cde7957100457e2d5fb
https://conda.anaconda.org/conda-forge/noarch/font-ttf-ubuntu-0.83-hab24e00_0.tar.bz2#19410c3df09dfb12d1206132a1d357c5
https://conda.anaconda.org/conda-forge/osx-arm64/fribidi-1.0.10-h27ca646_0.tar.bz2#c64443234ff91d70cb9c7dc926c58834
https://conda.anaconda.org/conda-forge/osx-arm64/giflib-5.2.1-h27ca646_2.tar.bz2#fcfaa10e989b15ef30f93b6329c35add
https://conda.anaconda.org/conda-forge/osx-arm64/gstreamer-orc-0.4.32-h3422bc3_1.tar.bz2#d10370816e89196f96476bd8c90b4343
https://conda.anaconda.org/conda-forge/osx-arm64/hicolor-icon-theme-0.17-hce30654_2.tar.bz2#237b05b7eb284d7eebc3c5d93f5e4bca
https://conda.anaconda.org/conda-forge/osx-arm64/jbig-2.1-h3422bc3_2003.tar.bz2#38e4745944cf5b4598ad7f1cfed5430d
https://conda.anaconda.org/conda-forge/osx-arm64/jpeg-9e-h3422bc3_0.tar.bz2#846d85b58bfb5fd25b82fc9fe09b0f83
https://conda.anaconda.org/conda-forge/osx-arm64/libbrotlicommon-1.0.9-h3422bc3_6.tar.bz2#b3eda06c8994f20d829fbe89ccc4b0b1
https://conda.anaconda.org/conda-forge/osx-arm64/libcodec2-1.0.3-h3422bc3_0.tar.bz2#0895b09c580f78a3b370c6a15ed2fa3e
https://conda.anaconda.org/conda-forge/osx-arm64/libcxx-12.0.1-h168391b_1.tar.bz2#ff81bd5236632ba2e0100ce806144aa8
https://conda.anaconda.org/conda-forge/osx-arm64/libdeflate-1.10-h3422bc3_0.tar.bz2#94a51083eac1f1143274a7f1bb8839f4
https://conda.anaconda.org/conda-forge/osx-arm64/libev-4.33-h642e427_1.tar.bz2#566dbf70fe79eacdb3c3d3d195a27f55
https://conda.anaconda.org/conda-forge/osx-arm64/libffi-3.4.2-h3422bc3_5.tar.bz2#086914b672be056eb70fd4285b6783b6
https://conda.anaconda.org/conda-forge/osx-arm64/libiconv-1.16-h642e427_0.tar.bz2#981f3119b0c5d73282401ee66c14ea04
https://conda.anaconda.org/conda-forge/osx-arm64/libogg-1.3.4-h27ca646_1.tar.bz2#fb211883ad5716e398b974a9cde9d78e
https://conda.anaconda.org/conda-forge/osx-arm64/libopus-1.3.1-h27ca646_1.tar.bz2#3d0dbee0ccd2f6d6781d270313627b62
https://conda.anaconda.org/conda-forge/osx-arm64/libsodium-1.0.18-h27ca646_1.tar.bz2#90859688dbca4735b74c02af14c4c793
https://conda.anaconda.org/conda-forge/osx-arm64/libusb-1.0.25-h3422bc3_100.tar.bz2#1bc81eaab30bfe48bf4dd53f36a945f8
https://conda.anaconda.org/conda-forge/osx-arm64/libwebp-base-1.2.2-h3422bc3_1.tar.bz2#f8a72108f792b997fc354c16ef0492e1
https://conda.anaconda.org/conda-forge/osx-arm64/libzlib-1.2.11-hee7b306_1013.tar.bz2#fe3c74ef0fe456a4011468f860b0c3dc
https://conda.anaconda.org/conda-forge/osx-arm64/llvm-openmp-13.0.1-hf3c4609_0.tar.bz2#22cdcc2eed7e54579ff650be9c4d4d0c
https://conda.anaconda.org/conda-forge/osx-arm64/ncurses-6.3-hc470f4d_0.tar.bz2#6b5b4e8e22d02a9f30fc4c703d2a69f6
https://conda.anaconda.org/conda-forge/osx-arm64/pixman-0.40.0-h27ca646_0.tar.bz2#0cedfe37c9aee28f5e926a870965466a
https://conda.anaconda.org/conda-forge/osx-arm64/pthread-stubs-0.4-h27ca646_1001.tar.bz2#d3f26c6494d4105d4ecb85203d687102
https://conda.anaconda.org/conda-forge/noarch/pybind11-abi-4-hd8ed1ab_3.tar.bz2#878f923dd6acc8aeb47a75da6c4098be
https://conda.anaconda.org/conda-forge/noarch/tzdata-2021e-he74cb21_0.tar.bz2#a751ec502589ebdc2eceb183ff602569
https://conda.anaconda.org/conda-forge/osx-arm64/xorg-kbproto-1.0.7-h27ca646_1002.tar.bz2#7fb248f07fec67488000ebd466a5b73d
https://conda.anaconda.org/conda-forge/osx-arm64/xorg-libxau-1.0.9-h27ca646_0.tar.bz2#e2fa1f5a28cf0ce02516baf910be132e
https://conda.anaconda.org/conda-forge/osx-arm64/xorg-libxdmcp-1.1.3-h27ca646_0.tar.bz2#6738b13f7fadc18725965abdd4129c36
https://conda.anaconda.org/conda-forge/osx-arm64/xorg-xextproto-7.3.0-h27ca646_1002.tar.bz2#53d3accb288705d1f2de938a225cc8db
https://conda.anaconda.org/conda-forge/osx-arm64/xorg-xproto-7.0.31-h27ca646_1007.tar.bz2#fca1f15eca1f9fd68a5f2433cb8e5a3f
https://conda.anaconda.org/conda-forge/osx-arm64/xz-5.2.5-h642e427_1.tar.bz2#9ab2316785cb81c464ab9a99512dae71
https://conda.anaconda.org/conda-forge/osx-arm64/yaml-0.2.5-h3422bc3_2.tar.bz2#4bb3f014845110883a3c5ee811fd84b4
https://conda.anaconda.org/conda-forge/osx-arm64/codec2-1.0.3-h3422bc3_0.tar.bz2#0a5879963953069e33af28d6d415430b
https://conda.anaconda.org/conda-forge/noarch/fonts-conda-forge-1-0.tar.bz2#f766549260d6815b0c52253f1fb1bb29
https://conda.anaconda.org/conda-forge/osx-arm64/gettext-0.19.8.1-h049c9fb_1008.tar.bz2#ce140e40b0c991bf6e111a131418c3c5
https://conda.anaconda.org/conda-forge/osx-arm64/glew-2.1.0-h9f76cd9_2.tar.bz2#ec67d4b810ad567618722a2772e9755c
https://conda.anaconda.org/conda-forge/osx-arm64/gmp-6.2.1-h9f76cd9_0.tar.bz2#f8140773b6ca51bf32feec9b4290a8c5
https://conda.anaconda.org/conda-forge/osx-arm64/graphite2-1.3.13-h9f76cd9_1001.tar.bz2#288b591645cb9cb9c0af7309ac1114f5
https://conda.anaconda.org/conda-forge/osx-arm64/icu-69.1-hbdafb3b_0.tar.bz2#09aa1288507a285c7161732adbf2eb2b
https://conda.anaconda.org/conda-forge/osx-arm64/lerc-3.0-hbdafb3b_0.tar.bz2#8f210e26ca368c3d2b418f213b903aef
https://conda.anaconda.org/conda-forge/osx-arm64/libairspy-1.0.10-h3422bc3_0.tar.bz2#292b931a0bb3b0ef53668caa7b2306e5
https://conda.anaconda.org/conda-forge/osx-arm64/libairspyhf-1.6.8-h3422bc3_0.tar.bz2#3dab7eb103a9ae00eceb5f070ed954ca
https://conda.anaconda.org/conda-forge/osx-arm64/libbrotlidec-1.0.9-h3422bc3_6.tar.bz2#5ee99175123dcd24b3857bf467f1044f
https://conda.anaconda.org/conda-forge/osx-arm64/libbrotlienc-1.0.9-h3422bc3_6.tar.bz2#be28e048477fc17a4b59a66f4f4418a7
https://conda.anaconda.org/conda-forge/osx-arm64/libedit-3.1.20191231-hc8eb9b7_2.tar.bz2#30e4362988a2623e9eb34337b83e01f9
https://conda.anaconda.org/conda-forge/osx-arm64/libgfortran5-11.0.1.dev0-hf114ba7_23.tar.bz2#402c05211a9c339c71a1e82ac8b7ad81
https://conda.anaconda.org/conda-forge/osx-arm64/libhackrf0-2021.03.1-h3422bc3_0.tar.bz2#0888b1f9cc18a6dbb692d1257e346138
https://conda.anaconda.org/conda-forge/osx-arm64/liblimesuite-20.10.0-hbdafb3b_1.tar.bz2#fdec281817b728ac7b0b4568a393d197
https://conda.anaconda.org/conda-forge/osx-arm64/libvorbis-1.3.7-h9f76cd9_0.tar.bz2#92a1a88d1a1d468c19d9e1659ac8d3df
https://conda.anaconda.org/conda-forge/osx-arm64/libxcb-1.13-h9b22ae9_1004.tar.bz2#6b3457a192f8091cb413962f65740ac4
https://conda.anaconda.org/conda-forge/osx-arm64/lz4-c-1.9.3-hbdafb3b_1.tar.bz2#074b9beb2e563515c0dd46229b18d521
https://conda.anaconda.org/conda-forge/osx-arm64/openssl-1.1.1l-h3422bc3_0.tar.bz2#0b3c59333ff2693e8de50b6f679bd3cd
https://conda.anaconda.org/conda-forge/osx-arm64/pcre-8.45-hbdafb3b_0.tar.bz2#500758f2515ae07c640d255c11afc19f
https://conda.anaconda.org/conda-forge/osx-arm64/portaudio-19.6.0-hbdafb3b_4.tar.bz2#e6cc3640ee7cd6a08bf7e0f2867480d6
https://conda.anaconda.org/conda-forge/osx-arm64/readline-8.1-hedafd6a_0.tar.bz2#3ab98d5fd433cd392a1b0781391a9e38
https://conda.anaconda.org/conda-forge/osx-arm64/rtl-sdr-0.6.0.post20220126-h3422bc3_0.tar.bz2#ec43e9a3905a299a5b64154485956059
https://conda.anaconda.org/conda-forge/osx-arm64/spdlog-1.9.2-hc021e02_1.tar.bz2#3e6be00bad11d794b1a6699eaae78739
https://conda.anaconda.org/conda-forge/osx-arm64/tk-8.6.12-he1e0b03_0.tar.bz2#2cb3d18eac154109107f093860bd545f
https://conda.anaconda.org/conda-forge/osx-arm64/volk-2.5.1-hbdafb3b_0.tar.bz2#f3fe3050e747aaeafa5ff048540d233b
https://conda.anaconda.org/conda-forge/osx-arm64/zeromq-4.3.4-hbdafb3b_1.tar.bz2#49132c08da6545dc68351ff8b659ac8e
https://conda.anaconda.org/conda-forge/osx-arm64/zlib-1.2.11-hee7b306_1013.tar.bz2#0b65c3db409dd06257dd879605eddb45
https://conda.anaconda.org/conda-forge/osx-arm64/airspy-1.0.10-h3422bc3_0.tar.bz2#0fda367c4b6fdb30b647f58536441f52
https://conda.anaconda.org/conda-forge/osx-arm64/airspyhf-1.6.8-h3422bc3_0.tar.bz2#884033788eb06726f5be734389b44c4d
https://conda.anaconda.org/conda-forge/osx-arm64/brotli-bin-1.0.9-h3422bc3_6.tar.bz2#5138af369d34b54bab0bc3bb3ff70d4e
https://conda.anaconda.org/conda-forge/noarch/fonts-conda-ecosystem-1-0.tar.bz2#fee5683a3f04bd15cbd8318b096a27ab
https://conda.anaconda.org/conda-forge/osx-arm64/krb5-1.19.2-hd92b7a7_3.tar.bz2#833b40d09291292d3d6649535aa56b9c
https://conda.anaconda.org/conda-forge/osx-arm64/libevent-2.1.10-hbae9a57_4.tar.bz2#a1f2aca3c5999a24527d6f8a3a8e9320
https://conda.anaconda.org/conda-forge/osx-arm64/libflac-1.3.4-h07bb92c_0.tar.bz2#e3d4f65dc55179e6964fe1d6fe0add98
https://conda.anaconda.org/conda-forge/osx-arm64/libgfortran-5.0.0.dev0-11_0_1_hf114ba7_23.tar.bz2#75f6bd23c894fbb8d353c75edb7041d6
https://conda.anaconda.org/conda-forge/osx-arm64/libglib-2.70.2-h67e64d8_4.tar.bz2#398938dd942644f0a44a4eee1f0530ed
https://conda.anaconda.org/conda-forge/osx-arm64/libnghttp2-1.47.0-he723fca_0.tar.bz2#961b2f1f6307a6bd85aa32cbfa3a6218
https://conda.anaconda.org/conda-forge/osx-arm64/libpng-1.6.37-hf7e6567_2.tar.bz2#1c5087c1f23ba00c342cfb725f69a57c
https://conda.anaconda.org/conda-forge/osx-arm64/libssh2-1.10.0-hb80f160_2.tar.bz2#0c349d0f6965a927b5b57dedbb0a650b
https://conda.anaconda.org/conda-forge/osx-arm64/libxml2-2.9.12-hedbfbf4_1.tar.bz2#7d0bb62f2bb3f01eee631ed1aef02518
https://conda.anaconda.org/conda-forge/osx-arm64/sqlite-3.37.0-h72a2b83_0.tar.bz2#f74a80bbaeb1ba21140af97042e9192c
https://conda.anaconda.org/conda-forge/osx-arm64/xorg-libx11-1.7.2-h3422bc3_0.tar.bz2#086d21cd75de63fc62d165a84dab0b70
https://conda.anaconda.org/conda-forge/osx-arm64/zstd-1.5.2-h861e0a7_0.tar.bz2#1ecb5634b253f1849feefe7227824e3f
https://conda.anaconda.org/conda-forge/osx-arm64/atk-1.0-2.36.0-heb41896_4.tar.bz2#b872b7822a07f3f2f68d992fbb3f7294
https://conda.anaconda.org/conda-forge/osx-arm64/boost-cpp-1.74.0-h3afdda6_7.tar.bz2#e1038de414887ce7860a32175d956ec6
https://conda.anaconda.org/conda-forge/osx-arm64/brotli-1.0.9-h3422bc3_6.tar.bz2#7caa5234739c9b0aed75bb868ac58ce5
https://conda.anaconda.org/conda-forge/osx-arm64/fftw-3.3.10-nompi_h828537f_102.tar.bz2#05a76355a466250ac16a01e704ca3325
https://conda.anaconda.org/conda-forge/osx-arm64/freetype-2.10.4-h17b34a0_1.tar.bz2#c34e8d42b8dcb72cad14b45a4132e9c7
https://conda.anaconda.org/conda-forge/osx-arm64/glib-tools-2.70.2-hccf11d3_4.tar.bz2#587a5b8dae2dcc7a2895eb5dd35ede6e
https://conda.anaconda.org/conda-forge/osx-arm64/libcurl-7.81.0-h8fe1914_0.tar.bz2#69a0d49c499feec90cba515d7860f6bd
https://conda.anaconda.org/conda-forge/osx-arm64/libiio-c-0.23-h8934e3a_0.tar.bz2#d92feeda89fd8528bab6766f4fd0015f
https://conda.anaconda.org/conda-forge/osx-arm64/libopenblas-0.3.18-openmp_h5dd58f0_0.tar.bz2#8860a24cd05b691ea33f8c85f9981d4b
https://conda.anaconda.org/conda-forge/osx-arm64/libsndfile-1.0.31-h9f76cd9_1.tar.bz2#94c0b4b68291f7df4b488096fcae35a6
https://conda.anaconda.org/conda-forge/osx-arm64/libthrift-0.15.0-h28a9c34_1.tar.bz2#5aa405675684f579041d9d296f89cfc4
https://conda.anaconda.org/conda-forge/osx-arm64/libtiff-4.3.0-h77dc3b6_3.tar.bz2#7a6310cbbd24d7e749f9b3606d506613
https://conda.anaconda.org/conda-forge/osx-arm64/libxslt-1.1.33-hecd09c7_3.tar.bz2#39412b9fa071b5491fdc239a9fd82728
https://conda.anaconda.org/conda-forge/osx-arm64/python-3.10.2-hd16f9c5_3_cpython.tar.bz2#d751bc68b591b9915b0191fe6d2fe51e
https://conda.anaconda.org/conda-forge/osx-arm64/xorg-libxext-1.3.4-h27ca646_1.tar.bz2#018e331c817a27dc467eb5586cb2fe62
https://conda.anaconda.org/conda-forge/noarch/appdirs-1.4.4-pyh9f0ad1d_0.tar.bz2#5f095bc6454094e96f146491fd03633b
https://conda.anaconda.org/conda-forge/noarch/argh-0.26.2-pyh9f0ad1d_1002.tar.bz2#0af89261f0352895e1c1000d306b3dc7
https://conda.anaconda.org/conda-forge/noarch/backcall-0.2.0-pyh9f0ad1d_0.tar.bz2#6006a6d08a3fa99268a2681c7fb55213
https://conda.anaconda.org/conda-forge/noarch/backports-1.0-py_2.tar.bz2#0da16b293affa6ac31812376f8eb79dd
https://conda.anaconda.org/conda-forge/noarch/cached_property-1.5.2-pyha770c72_1.tar.bz2#576d629e47797577ab0f1b351297ef4a
https://conda.anaconda.org/conda-forge/noarch/charset-normalizer-2.0.12-pyhd8ed1ab_0.tar.bz2#1f5b32dabae0f1893ae3283dac7f799e
https://conda.anaconda.org/conda-forge/noarch/construct-2.10.67-pyhd8ed1ab_0.tar.bz2#c0342083bda76a952543457ce95e99b6
https://conda.anaconda.org/conda-forge/noarch/cycler-0.11.0-pyhd8ed1ab_0.tar.bz2#a50559fad0affdbb33729a68669ca1cb
https://conda.anaconda.org/conda-forge/noarch/dataclasses-0.8-pyhc8e2a94_3.tar.bz2#a362b2124b06aad102e2ee4581acee7d
https://conda.anaconda.org/conda-forge/noarch/decorator-5.1.1-pyhd8ed1ab_0.tar.bz2#43afe5ab04e35e17ba28649471dd7364
https://conda.anaconda.org/conda-forge/noarch/executing-0.8.2-pyhd8ed1ab_0.tar.bz2#dcd884e2cf5bcdccdf78f7db35999d62
https://conda.anaconda.org/conda-forge/osx-arm64/fontconfig-2.13.96-heb65262_0.tar.bz2#6ed932560c7d530337edd36d9a091c7e
https://conda.anaconda.org/conda-forge/osx-arm64/gdk-pixbuf-2.42.6-hff60771_0.tar.bz2#63315b179bb0fe73d4ad7e43e64407cd
https://conda.anaconda.org/conda-forge/osx-arm64/hackrf-2021.03.1-h52ad5b1_0.tar.bz2#ff402e7e9b86261473abb93e757f3d18
https://conda.anaconda.org/conda-forge/osx-arm64/hdf5-1.12.1-nompi_had0e5e0_103.tar.bz2#2bd0f156acd9868354c07ca6667a46d9
https://conda.anaconda.org/conda-forge/noarch/idna-3.3-pyhd8ed1ab_0.tar.bz2#40b50b8b030f5f2f22085c062ed013dd
https://conda.anaconda.org/conda-forge/osx-arm64/lcms2-2.12-had6a04f_0.tar.bz2#e66c48b683085eaa6627cc61ba76c1e2
https://conda.anaconda.org/conda-forge/osx-arm64/libad9361-iio-0.2-h5f0d74c_3.tar.bz2#39f976ce1cb5e7f88f8f37ad125f1f4a
https://conda.anaconda.org/conda-forge/osx-arm64/libblas-3.9.0-13_osxarm64_openblas.tar.bz2#cfe4c943d79f32e927f859de87fb03f1
https://conda.anaconda.org/conda-forge/osx-arm64/libwebp-1.2.2-h0d20362_0.tar.bz2#cb075e1a75ed216a438bdea6b1c787c4
https://conda.anaconda.org/conda-forge/noarch/munkres-1.1.4-pyh9f0ad1d_0.tar.bz2#2ba8498c1018c1e9c61eb99b973dfe19
https://conda.anaconda.org/conda-forge/osx-arm64/openjpeg-2.4.0-h062765e_1.tar.bz2#02ec6e9debe1bf6488ac302592d067fc
https://conda.anaconda.org/conda-forge/noarch/parso-0.8.3-pyhd8ed1ab_0.tar.bz2#17a565a0c3899244e938cdf417e7b094
https://conda.anaconda.org/conda-forge/noarch/pathspec-0.9.0-pyhd8ed1ab_0.tar.bz2#f93dc0ccbc0a8472624165f6e256c7d1
https://conda.anaconda.org/conda-forge/noarch/pickleshare-0.7.5-py_1003.tar.bz2#415f0ebb6198cc2801c73438a9fb5761
https://conda.anaconda.org/conda-forge/noarch/platformdirs-2.5.1-pyhd8ed1ab_0.tar.bz2#d5df87964a39f67c46a5448f4e78d9b6
https://conda.anaconda.org/conda-forge/noarch/ptyprocess-0.7.0-pyhd3deb0d_0.tar.bz2#359eeb6536da0e687af562ed265ec263
https://conda.anaconda.org/conda-forge/noarch/pure_eval-0.2.2-pyhd8ed1ab_0.tar.bz2#6784285c7e55cb7212efabc79e4c2883
https://conda.anaconda.org/conda-forge/noarch/pycparser-2.21-pyhd8ed1ab_0.tar.bz2#076becd9e05608f8dc72757d5f3a91ff
https://conda.anaconda.org/conda-forge/noarch/pylibiio-0.23-py_0.tar.bz2#f1c4c0d44674192ae3d27e8da093064a
https://conda.anaconda.org/conda-forge/noarch/pyparsing-3.0.7-pyhd8ed1ab_0.tar.bz2#727e2216d9c47455d8ddc060eb2caad9
https://conda.anaconda.org/conda-forge/osx-arm64/python_abi-3.10-2_cp310.tar.bz2#b14f70f943f726b5738da894a979356c
https://conda.anaconda.org/conda-forge/noarch/pytz-2021.3-pyhd8ed1ab_0.tar.bz2#7e4f811bff46a5a6a7e0094921389395
https://conda.anaconda.org/conda-forge/osx-arm64/sdl-1.2.15-hbdafb3b_1.tar.bz2#57f6d68f2ac101086705640c77cab85d
https://conda.anaconda.org/conda-forge/noarch/six-1.16.0-pyh6c4a22f_0.tar.bz2#e5f25f8dbc060e9a8d912e432202afc2
https://conda.anaconda.org/conda-forge/noarch/tomli-2.0.1-pyhd8ed1ab_0.tar.bz2#5844808ffab9ebdb694585b50ba02a96
https://conda.anaconda.org/conda-forge/noarch/traitlets-5.1.1-pyhd8ed1ab_0.tar.bz2#a1bc9765ef9499760e88f568b3a6622c
https://conda.anaconda.org/conda-forge/noarch/typing_extensions-4.1.1-pyha770c72_0.tar.bz2#74761ba7bc682e9009520163a1031ace
https://conda.anaconda.org/conda-forge/noarch/wheel-0.37.1-pyhd8ed1ab_0.tar.bz2#1ca02aaf78d9c70d9a81a3bed5752022
https://conda.anaconda.org/conda-forge/osx-arm64/appnope-0.1.2-py310hbe9552e_2.tar.bz2#92cbd56bb3212474e5dd57a1d72e51a4
https://conda.anaconda.org/conda-forge/noarch/asttokens-2.0.5-pyhd8ed1ab_0.tar.bz2#74badce16f060701fee55c39332f5253
https://conda.anaconda.org/conda-forge/noarch/cached-property-1.5.2-hd8ed1ab_1.tar.bz2#9b347a7ec10940d3f7941ff6c460b551
https://conda.anaconda.org/conda-forge/osx-arm64/cairo-1.16.0-hb99c34e_1009.tar.bz2#193707b2571db3ea8d6f6a84427bad65
https://conda.anaconda.org/conda-forge/osx-arm64/certifi-2021.10.8-py310hbe9552e_1.tar.bz2#e66adde8afbea71d2b852ef835be4592
https://conda.anaconda.org/conda-forge/osx-arm64/cffi-1.15.0-py310hf10583b_0.tar.bz2#cfaaa757a0b8e55127f5999092b3f137
https://conda.anaconda.org/conda-forge/osx-arm64/click-8.0.4-py310hbe9552e_0.tar.bz2#036cf908dbfb0134f1a8ceaa4fe8a48f
https://conda.anaconda.org/conda-forge/osx-arm64/jedi-0.18.1-py310hbe9552e_0.tar.bz2#016c48298b43d6e87a85c48099025947
https://conda.anaconda.org/conda-forge/osx-arm64/kiwisolver-1.3.2-py310hd99b56e_1.tar.bz2#b65df69669121878311d94356d67aa57
https://conda.anaconda.org/conda-forge/osx-arm64/libcblas-3.9.0-13_osxarm64_openblas.tar.bz2#edf690edcb07d6a02fc12c9f31c2dd94
https://conda.anaconda.org/conda-forge/osx-arm64/libiio-0.23-hce30654_0.tar.bz2#36f2823b53be3c1652910ef90288b4e6
https://conda.anaconda.org/conda-forge/osx-arm64/liblapack-3.9.0-13_osxarm64_openblas.tar.bz2#a362cd24e842692a7fcacee3788f4af9
https://conda.anaconda.org/conda-forge/osx-arm64/libm2k-0.5.0-py310haa25963_3.tar.bz2#faca87575c52722ec36f25cb8fb89ade
https://conda.anaconda.org/conda-forge/osx-arm64/lxml-4.8.0-py310h3b64414_0.tar.bz2#37e8e1f0ad3f0de02d9667377fffd07d
https://conda.anaconda.org/conda-forge/osx-arm64/markupsafe-2.1.0-py310hf8d0d8f_0.tar.bz2#5f208e05458e56a1a912c70106496d3a
https://conda.anaconda.org/conda-forge/noarch/matplotlib-inline-0.1.3-pyhd8ed1ab_0.tar.bz2#be3bfd435802d2c768c6b2439f325f3d
https://conda.anaconda.org/conda-forge/osx-arm64/mypy_extensions-0.4.3-py310hbe9552e_4.tar.bz2#5fa4ad36fa7c4cd2c3b412511d128da9
https://conda.anaconda.org/conda-forge/noarch/packaging-21.3-pyhd8ed1ab_0.tar.bz2#71f1ab2de48613876becddd496371c85
https://conda.anaconda.org/conda-forge/noarch/pexpect-4.8.0-pyh9f0ad1d_2.tar.bz2#5909e7b978141dd80d28dbf9de627827
https://conda.anaconda.org/conda-forge/osx-arm64/pillow-9.0.1-py310hade9107_2.tar.bz2#6d33bbf4b1a6b72a40200fe154aaaf71
https://conda.anaconda.org/conda-forge/osx-arm64/pysocks-1.7.1-py310hbe9552e_4.tar.bz2#24c7a058528828b669728571671dc1d5
https://conda.anaconda.org/conda-forge/noarch/python-dateutil-2.8.2-pyhd8ed1ab_0.tar.bz2#dd999d1cc9f79e67dbb855c8924c7984
https://conda.anaconda.org/conda-forge/osx-arm64/pyyaml-6.0-py310he2143c4_3.tar.bz2#55cc5b24336a156385a6c1961ab75979
https://conda.anaconda.org/conda-forge/osx-arm64/pyzmq-22.3.0-py310h7939bef_1.tar.bz2#9aa227f5c79737a5eaed7574f3dfd64f
https://conda.anaconda.org/conda-forge/osx-arm64/ruamel.yaml.clib-0.2.6-py310he2143c4_0.tar.bz2#0b1ad587660fe4b48ae100e73c1323bd
https://conda.anaconda.org/conda-forge/osx-arm64/setuptools-60.9.3-py310hbe9552e_0.tar.bz2#f51e925d1f49c864f7c787c3d3c8e976
https://conda.anaconda.org/conda-forge/osx-arm64/soapysdr-0.8.1-py310hd99b56e_1.tar.bz2#f90e46a101fa90de92988225173f5776
https://conda.anaconda.org/conda-forge/osx-arm64/thrift-0.16.0-py310h1b49c16_0.tar.bz2#ca988f06a0d2e6d63fc36c400ea8d4e7
https://conda.anaconda.org/conda-forge/osx-arm64/tornado-6.1-py310he2143c4_2.tar.bz2#cb49433c0db771b326c1eb020a937729
https://conda.anaconda.org/conda-forge/osx-arm64/typed-ast-1.5.2-py310he2143c4_0.tar.bz2#8a939314bb41aa5c155efa829bc3cc5f
https://conda.anaconda.org/conda-forge/osx-arm64/unicodedata2-14.0.0-py310he2143c4_0.tar.bz2#c18c35c66ab81c617d19f162fc3f2b07
https://conda.anaconda.org/conda-forge/noarch/backports.functools_lru_cache-1.6.4-pyhd8ed1ab_0.tar.bz2#c5b3edc62d6309088f4970b3eaaa65a6
https://conda.anaconda.org/conda-forge/noarch/black-22.1.0-pyhd8ed1ab_0.tar.bz2#fbc4b306c6ba24c244ffb22a910424da
https://conda.anaconda.org/conda-forge/osx-arm64/brotlipy-0.7.0-py310he2143c4_1003.tar.bz2#22d48aedb54b295308dc83fc390845c2
https://conda.anaconda.org/conda-forge/noarch/click-plugins-1.1.1-py_0.tar.bz2#4fd2c6b53934bd7d96d1f3fdaf99b79f
https://conda.anaconda.org/conda-forge/osx-arm64/cryptography-36.0.1-py310heb878e4_0.tar.bz2#851c6cd18f7aa1e989cfd712279898ec
https://conda.anaconda.org/conda-forge/osx-arm64/fonttools-4.29.1-py310he2143c4_0.tar.bz2#c02b56daed5a8bcf9efe1c4c6935f0e8
https://conda.anaconda.org/conda-forge/noarch/fs-2.4.11-pyhd8ed1ab_3.tar.bz2#710fee5ef8489fc72f069da127888dd8
https://conda.anaconda.org/conda-forge/osx-arm64/gsl-2.7-h6e638da_0.tar.bz2#2a2126a940e033e7225a5dc7215eea9a
https://conda.anaconda.org/conda-forge/osx-arm64/harfbuzz-3.4.0-h6efa254_0.tar.bz2#0fbd9fe5758730a016a4c7bb9a796529
https://conda.anaconda.org/conda-forge/osx-arm64/libgirepository-1.70.0-h47fd5e3_1.tar.bz2#56ff1978dd1e2fb498fddf0d67539d9b
https://conda.anaconda.org/conda-forge/noarch/mako-1.1.6-pyhd8ed1ab_0.tar.bz2#cb952a55037148f6a5ddd9770ee1384f
https://conda.anaconda.org/conda-forge/osx-arm64/numpy-1.22.2-py310h567df17_0.tar.bz2#c914f35045ba3587b3073a4ab325cc22
https://conda.anaconda.org/conda-forge/noarch/pip-22.0.3-pyhd8ed1ab_0.tar.bz2#45dedae69a0ea21cb8566d04b2ca5536
https://conda.anaconda.org/conda-forge/osx-arm64/pycairo-1.20.1-py310h445da30_1.tar.bz2#6b743cc5ca9397bfd3587f37096a59e2
https://conda.anaconda.org/conda-forge/noarch/pygments-2.11.2-pyhd8ed1ab_0.tar.bz2#caef60540e2239e27bf62569a5015e3b
https://conda.anaconda.org/conda-forge/osx-arm64/pynacl-1.5.0-py310he2143c4_0.tar.bz2#dced0c07cf228b808331356aab6eb075
https://conda.anaconda.org/conda-forge/osx-arm64/ruamel.yaml-0.17.21-py310he2143c4_0.tar.bz2#a65ff4eb03c6377795fda74d48af76c6
https://conda.anaconda.org/conda-forge/osx-arm64/soapysdr-module-airspy-0.2.0-h4306ade_0.tar.bz2#718454fcd0364ede5ea5f4711601830d
https://conda.anaconda.org/conda-forge/osx-arm64/soapysdr-module-airspyhf-0.2.0-h4306ade_0.tar.bz2#58e9064bfe34a66c96ba5b7ffc11fd3a
https://conda.anaconda.org/conda-forge/osx-arm64/soapysdr-module-hackrf-0.3.4-h4306ade_0.tar.bz2#3452da20c05a4f67925983d8e4afcb2e
https://conda.anaconda.org/conda-forge/osx-arm64/soapysdr-module-lms7-20.10.0-h1576d20_1.tar.bz2#12640966fc6caec55a5a0741496d67ee
https://conda.anaconda.org/conda-forge/osx-arm64/soapysdr-module-plutosdr-0.2.1-he314a61_3.tar.bz2#35cf19bb9fc1ae703b0a33192e1a9b57
https://conda.anaconda.org/conda-forge/osx-arm64/soapysdr-module-remote-0.5.2-h4306ade_2.tar.bz2#2a80ff3672c59b7e15f87c206a1923c2
https://conda.anaconda.org/conda-forge/osx-arm64/soapysdr-module-rtlsdr-0.3.0-h4306ade_1.tar.bz2#fb02a919dab3c37d783849102ee62f0c
https://conda.anaconda.org/conda-forge/noarch/stack_data-0.2.0-pyhd8ed1ab_0.tar.bz2#8c0ce3e6bf18a0c810125aef58a2a6f3
https://conda.anaconda.org/conda-forge/osx-arm64/watchdog-2.1.6-py310he2143c4_1.tar.bz2#8c3ab628e6beea793993c6f4d8caf8fd
https://conda.anaconda.org/conda-forge/osx-arm64/bcrypt-3.2.0-py310he2143c4_2.tar.bz2#f28c9767d747feb2b8eb0cfbec5b89c7
https://conda.anaconda.org/conda-forge/osx-arm64/gnuradio-core-3.10.1.1-py310hbfa74e1_0.tar.bz2#f73d39ae2460b59b7258caa626ac70ff
https://conda.anaconda.org/conda-forge/osx-arm64/h5py-3.6.0-nompi_py310hb8bbf05_100.tar.bz2#1d1d60c42c0386f3de9951aa8e6f5493
https://conda.anaconda.org/conda-forge/osx-arm64/limesuite-20.10.0-h75efa04_1.tar.bz2#9dc1fbdc4689ffa7b6f7551cb8b54922
https://conda.anaconda.org/conda-forge/osx-arm64/matplotlib-base-3.5.1-py310hacb9267_0.tar.bz2#27a5b6f8114f7f10668ed3e6008fb021
https://conda.anaconda.org/conda-forge/osx-arm64/pandas-1.4.1-py310hdead3df_0.tar.bz2#85a3e06f5aadfd97a1c800ce876007e0
https://conda.anaconda.org/conda-forge/osx-arm64/pango-1.50.3-hcdcce77_0.tar.bz2#a66bd619638b05a93d304c1cd950968f
https://conda.anaconda.org/conda-forge/osx-arm64/pygobject-3.42.0-py310hc19bc76_1.tar.bz2#7e3c6a4002191941bc63e6d9c75c83b3
https://conda.anaconda.org/conda-forge/noarch/pyopenssl-22.0.0-pyhd8ed1ab_0.tar.bz2#1d7e241dfaf5475e893d4b824bb71b44
https://conda.anaconda.org/conda-forge/osx-arm64/scipy-1.8.0-py310h6ecf4ae_1.tar.bz2#943ef534289745c3c7f6b07f584ba68a
https://conda.anaconda.org/conda-forge/noarch/wcwidth-0.2.5-pyh9f0ad1d_2.tar.bz2#5266fcd697043c59621fda522b3d78ee
https://conda.anaconda.org/conda-forge/osx-arm64/digital_rf-2.6.7-py310hddfa20c_2.tar.bz2#46d0f723286a028fa50756872f585884
https://conda.anaconda.org/conda-forge/osx-arm64/gnuradio-iio-3.10.1.1-py310h5bf75fd_0.tar.bz2#31832184ae36928320f58f23efcbd860
https://conda.anaconda.org/conda-forge/osx-arm64/gnuradio-iridium-2022.02.02.gr3.9-py310hd20215f_1.tar.bz2#895255262cf25cac78fe4005021d21e3
https://conda.anaconda.org/conda-forge/osx-arm64/gnuradio-soapy-3.10.1.1-py310h4e5300e_0.tar.bz2#9cf12d1409e1c01617e53c98ca843233
https://conda.anaconda.org/conda-forge/osx-arm64/gnuradio-video-sdl-3.10.1.1-py310hfde7099_0.tar.bz2#ba0897ed891eddbe18265f8a48fb1655
https://conda.anaconda.org/conda-forge/osx-arm64/gnuradio-zeromq-3.10.1.1-py310h6b64701_0.tar.bz2#26f2bd8cfea7f3b76121b52a154eb6ab
https://conda.anaconda.org/conda-forge/osx-arm64/gtk3-3.24.31-h38cc261_3.tar.bz2#8f3e112aaf5739138f813ea56bad596f
https://conda.anaconda.org/conda-forge/osx-arm64/librsvg-2.52.5-h6312b7c_2.tar.bz2#ee2e38db8b1f4cd880d9a700e395c658
https://conda.anaconda.org/conda-forge/osx-arm64/matplotlib-3.5.1-py310hb6292c7_0.tar.bz2#1e6fb76748f236269679c1c76bb17f50
https://conda.anaconda.org/conda-forge/noarch/paramiko-2.9.2-pyhd8ed1ab_0.tar.bz2#7eb082468c39900a1985a9f448aeec5a
https://conda.anaconda.org/conda-forge/noarch/prompt-toolkit-3.0.27-pyha770c72_0.tar.bz2#6c23d05d56ee3a82b57af972a8509888
https://conda.anaconda.org/conda-forge/noarch/urllib3-1.26.8-pyhd8ed1ab_1.tar.bz2#53f1387c68c21cecb386e2cde51b3f7c
https://conda.anaconda.org/conda-forge/noarch/adwaita-icon-theme-41.0-ha770c72_1.tar.bz2#5afadad4ca4b6f4d8092b50ea9ed1001
https://conda.anaconda.org/conda-forge/osx-arm64/ipython-8.0.1-py310hbe9552e_2.tar.bz2#32efdb149e5bd613469e9a5276fbb448
https://conda.anaconda.org/conda-forge/noarch/pyadi-iio-0.0.12-pyhd8ed1ab_0.tar.bz2#54842c19eb4daa510a5fe1736b500a78
https://conda.anaconda.org/conda-forge/noarch/requests-2.27.1-pyhd8ed1ab_0.tar.bz2#7c1c427246b057b8fa97200ecdb2ed62
https://conda.anaconda.org/conda-forge/osx-arm64/gnuradio-grc-3.10.1.1-py310hfde7099_0.tar.bz2#55948df378aab46986b75cac4afac0d9
https://conda.anaconda.org/conda-forge/osx-arm64/gnuradio-satellites-4.5.0-py310hc593c3b_0.tar.bz2#5ad6b61a0da29cd9c549803e45e2af8c
https://conda.anaconda.org/conda-forge/osx-arm64/uhd-4.1.0.5-py310he857884_1.tar.bz2#e4cd2fc50ce881ef9eb9229bcd83a449
https://conda.anaconda.org/conda-forge/osx-arm64/gnuradio-uhd-3.10.1.1-py310h9d77818_0.tar.bz2#9326f5d54df0219a9df02717ba0eb5bd
https://conda.anaconda.org/conda-forge/osx-arm64/soapysdr-module-uhd-0.4.1-h52384ce_3.tar.bz2#9ff57947616fa418351a4db1c12ea923
https://conda.anaconda.org/conda-forge/osx-arm64/gnuradio-3.10.1.1-py310h264cb18_0.tar.bz2#e6ba174e09806d876dd6243db90fbdd2
https://conda.anaconda.org/conda-forge/osx-arm64/gnuradio-osmosdr-0.2.3-py310hb3127fc_17.tar.bz2#277c0cfae4566737b313e77e8a9af1cd
