# platform: osx-arm64
# env_hash: 93bd4bd2be906bad5a7039a12c9e39ff5fcbf5ae6b720370c6501135e0de6d79
@EXPLICIT
https://conda.anaconda.org/conda-forge/osx-arm64/bzip2-1.0.8-h3422bc3_4.tar.bz2#fc76ace7b94fb1f694988ab1b14dd248
https://conda.anaconda.org/conda-forge/osx-arm64/c-ares-1.17.1-h27ca646_1.tar.bz2#f16dd6211c296fd5c71c9ce17ae06088
https://conda.anaconda.org/conda-forge/osx-arm64/ca-certificates-2020.12.5-h4653dfc_0.tar.bz2#b39024501e189c8652f2a124bac9f233
https://conda.anaconda.org/conda-forge/osx-arm64/codec2-0.9.2-h3422bc3_1.tar.bz2#209e20a823a98188833c5392b451a92a
https://conda.anaconda.org/conda-forge/osx-arm64/epoxy-1.5.7-h3422bc3_0.tar.bz2#79d8ff9a32ea254ca5ae39c58fbb37f6
https://conda.anaconda.org/conda-forge/noarch/font-ttf-dejavu-sans-mono-2.37-hab24e00_0.tar.bz2#0c96522c6bdaed4b1566d11387caaf45
https://conda.anaconda.org/conda-forge/noarch/font-ttf-inconsolata-3.000-h77eed37_0.tar.bz2#34893075a5c9e55cdafac56607368fc6
https://conda.anaconda.org/conda-forge/noarch/font-ttf-source-code-pro-2.038-h77eed37_0.tar.bz2#4d59c254e01d9cde7957100457e2d5fb
https://conda.anaconda.org/conda-forge/noarch/font-ttf-ubuntu-0.83-hab24e00_0.tar.bz2#19410c3df09dfb12d1206132a1d357c5
https://conda.anaconda.org/conda-forge/osx-arm64/fribidi-1.0.10-h27ca646_0.tar.bz2#c64443234ff91d70cb9c7dc926c58834
https://conda.anaconda.org/conda-forge/osx-arm64/gstreamer-orc-0.4.32-h3422bc3_1.tar.bz2#d10370816e89196f96476bd8c90b4343
https://conda.anaconda.org/conda-forge/osx-arm64/hicolor-icon-theme-0.17-hce30654_2.tar.bz2#237b05b7eb284d7eebc3c5d93f5e4bca
https://conda.anaconda.org/conda-forge/osx-arm64/jbig-2.1-h3422bc3_2003.tar.bz2#38e4745944cf5b4598ad7f1cfed5430d
https://conda.anaconda.org/conda-forge/osx-arm64/jpeg-9d-h27ca646_0.tar.bz2#08d2dcb8fc57b70f2cd1ebfb392688ab
https://conda.anaconda.org/conda-forge/osx-arm64/libcxx-12.0.0-h168391b_0.tar.bz2#ec0cf37a59f413cf08efbd8c3c758d8e
https://conda.anaconda.org/conda-forge/osx-arm64/libdeflate-1.7-h27ca646_5.tar.bz2#81371e24146b511c56fc67f4b50dec22
https://conda.anaconda.org/conda-forge/osx-arm64/libev-4.33-h642e427_1.tar.bz2#566dbf70fe79eacdb3c3d3d195a27f55
https://conda.anaconda.org/conda-forge/osx-arm64/libiconv-1.16-h642e427_0.tar.bz2#981f3119b0c5d73282401ee66c14ea04
https://conda.anaconda.org/conda-forge/osx-arm64/libogg-1.3.4-h27ca646_1.tar.bz2#fb211883ad5716e398b974a9cde9d78e
https://conda.anaconda.org/conda-forge/osx-arm64/libopus-1.3.1-h27ca646_1.tar.bz2#3d0dbee0ccd2f6d6781d270313627b62
https://conda.anaconda.org/conda-forge/osx-arm64/libsodium-1.0.18-h27ca646_1.tar.bz2#90859688dbca4735b74c02af14c4c793
https://conda.anaconda.org/conda-forge/osx-arm64/libusb-1.0.24-h3422bc3_4.tar.bz2#d53c73f258ac513b9845c630f540b9fd
https://conda.anaconda.org/conda-forge/osx-arm64/libwebp-base-1.2.0-h27ca646_2.tar.bz2#bffbc9f8436ae0164769c5308e57b016
https://conda.anaconda.org/conda-forge/osx-arm64/llvm-openmp-11.1.0-hf3c4609_1.tar.bz2#4b3af3bdd4276f3280b17593024c787c
https://conda.anaconda.org/conda-forge/osx-arm64/ncurses-6.2-h9aa5885_4.tar.bz2#8a4aa25a5741e65f2338204f8a45d8d8
https://conda.anaconda.org/conda-forge/osx-arm64/pixman-0.40.0-h27ca646_0.tar.bz2#0cedfe37c9aee28f5e926a870965466a
https://conda.anaconda.org/conda-forge/osx-arm64/pthread-stubs-0.4-h27ca646_1001.tar.bz2#d3f26c6494d4105d4ecb85203d687102
https://conda.anaconda.org/conda-forge/noarch/pybind11-abi-4-hd8ed1ab_3.tar.bz2#878f923dd6acc8aeb47a75da6c4098be
https://conda.anaconda.org/conda-forge/noarch/tzdata-2021a-he74cb21_0.tar.bz2#6f36861f102249fc54861ff9343c3fdd
https://conda.anaconda.org/conda-forge/osx-arm64/xorg-kbproto-1.0.7-h27ca646_1002.tar.bz2#7fb248f07fec67488000ebd466a5b73d
https://conda.anaconda.org/conda-forge/osx-arm64/xorg-libxau-1.0.9-h27ca646_0.tar.bz2#e2fa1f5a28cf0ce02516baf910be132e
https://conda.anaconda.org/conda-forge/osx-arm64/xorg-libxdmcp-1.1.3-h27ca646_0.tar.bz2#6738b13f7fadc18725965abdd4129c36
https://conda.anaconda.org/conda-forge/osx-arm64/xorg-xextproto-7.3.0-h27ca646_1002.tar.bz2#53d3accb288705d1f2de938a225cc8db
https://conda.anaconda.org/conda-forge/osx-arm64/xorg-xproto-7.0.31-h27ca646_1007.tar.bz2#fca1f15eca1f9fd68a5f2433cb8e5a3f
https://conda.anaconda.org/conda-forge/osx-arm64/xz-5.2.5-h642e427_1.tar.bz2#9ab2316785cb81c464ab9a99512dae71
https://conda.anaconda.org/conda-forge/osx-arm64/yaml-0.2.5-h642e427_0.tar.bz2#143549bda61a8b9e3a223328cdddc811
https://conda.anaconda.org/conda-forge/osx-arm64/zlib-1.2.11-h31e879b_1009.tar.bz2#96796f31644a5e13e12dc194284f7681
https://conda.anaconda.org/conda-forge/noarch/fonts-conda-forge-1-0.tar.bz2#f766549260d6815b0c52253f1fb1bb29
https://conda.anaconda.org/conda-forge/osx-arm64/glew-2.1.0-h9f76cd9_2.tar.bz2#ec67d4b810ad567618722a2772e9755c
https://conda.anaconda.org/conda-forge/osx-arm64/gmp-6.2.1-h9f76cd9_0.tar.bz2#f8140773b6ca51bf32feec9b4290a8c5
https://conda.anaconda.org/conda-forge/osx-arm64/graphite2-1.3.13-h9f76cd9_1001.tar.bz2#288b591645cb9cb9c0af7309ac1114f5
https://conda.anaconda.org/conda-forge/osx-arm64/icu-68.1-h17758a7_0.tar.bz2#ed46550fd3a222318044a2aab5642aad
https://conda.anaconda.org/conda-forge/osx-arm64/lerc-2.2.1-h9f76cd9_0.tar.bz2#977b76d8475157da92bfb6ee6b45cb59
https://conda.anaconda.org/conda-forge/osx-arm64/libedit-3.1.20191231-hc8eb9b7_2.tar.bz2#30e4362988a2623e9eb34337b83e01f9
https://conda.anaconda.org/conda-forge/osx-arm64/libffi-3.3-h9f76cd9_2.tar.bz2#1b0a3e283ef04b308e0b0cdeb2d65cbc
https://conda.anaconda.org/conda-forge/osx-arm64/libgfortran5-11.0.1.dev0-hf114ba7_22.tar.bz2#89e886bb35405e59b75cd41416c53543
https://conda.anaconda.org/conda-forge/osx-arm64/liblimesuite-20.10.0-hbdafb3b_1.tar.bz2#fdec281817b728ac7b0b4568a393d197
https://conda.anaconda.org/conda-forge/osx-arm64/libpng-1.6.37-hf7e6567_2.tar.bz2#1c5087c1f23ba00c342cfb725f69a57c
https://conda.anaconda.org/conda-forge/osx-arm64/libvorbis-1.3.7-h9f76cd9_0.tar.bz2#92a1a88d1a1d468c19d9e1659ac8d3df
https://conda.anaconda.org/conda-forge/osx-arm64/libxcb-1.13-hd99320e_1003.tar.bz2#afba25c5563ea703307f93c720331cc3
https://conda.anaconda.org/conda-forge/osx-arm64/log4cpp-1.1.3-hbdafb3b_1002.tar.bz2#9de8d357e562facc7e2f423f7a5597de
https://conda.anaconda.org/conda-forge/osx-arm64/lz4-c-1.9.3-h9f76cd9_0.tar.bz2#260eb842cd22e48809773dd5b4b4b2ac
https://conda.anaconda.org/conda-forge/osx-arm64/openssl-1.1.1k-h27ca646_0.tar.bz2#e056be01e85706eeb056d7b979b4a30d
https://conda.anaconda.org/conda-forge/osx-arm64/pcre-8.44-hb904e53_0.tar.bz2#96777dcd181a2c09bd1e9577e80133f2
https://conda.anaconda.org/conda-forge/osx-arm64/readline-8.1-hfbdcbf2_0.tar.bz2#c9b0df52c6942e7c7066667fb4ec7404
https://conda.anaconda.org/conda-forge/osx-arm64/rtl-sdr-0.6.0-h3422bc3_2.tar.bz2#5ced3359c11b64e23f91e0785120ff83
https://conda.anaconda.org/conda-forge/osx-arm64/tk-8.6.10-hf7e6567_1.tar.bz2#42c39bbf010ef4fa5839c61a19535980
https://conda.anaconda.org/conda-forge/osx-arm64/volk-2.4.1-hbdafb3b_3.tar.bz2#818276eb617def3160539936db4a2fb4
https://conda.anaconda.org/conda-forge/osx-arm64/zeromq-4.3.4-h9f76cd9_0.tar.bz2#602aea97916e7e8798898382d255c042
https://conda.anaconda.org/conda-forge/noarch/fonts-conda-ecosystem-1-0.tar.bz2#fee5683a3f04bd15cbd8318b096a27ab
https://conda.anaconda.org/conda-forge/osx-arm64/freetype-2.10.4-h17b34a0_1.tar.bz2#c34e8d42b8dcb72cad14b45a4132e9c7
https://conda.anaconda.org/conda-forge/osx-arm64/gettext-0.19.8.1-hea66d9f_1005.tar.bz2#ef9753f71d168d632e3276f111aec4e3
https://conda.anaconda.org/conda-forge/osx-arm64/krb5-1.19.1-hd92b7a7_0.tar.bz2#c7b642e4154e322e2556e77006825097
https://conda.anaconda.org/conda-forge/osx-arm64/libevent-2.1.10-h93437e4_3.tar.bz2#90a4c731df9bc7b47871f170c57b3895
https://conda.anaconda.org/conda-forge/osx-arm64/libgfortran-5.0.0.dev0-11_0_1_hf114ba7_22.tar.bz2#89ba37f75fef25954958b74fb5249428
https://conda.anaconda.org/conda-forge/osx-arm64/libnghttp2-1.43.0-hf3018f0_0.tar.bz2#1a1622ea46f4a78cc4a5e88936d8571c
https://conda.anaconda.org/conda-forge/osx-arm64/libssh2-1.9.0-hb80f160_6.tar.bz2#94ccb3816209218271e34e2ada324f88
https://conda.anaconda.org/conda-forge/osx-arm64/libxml2-2.9.12-h538f51a_0.tar.bz2#b0ace3c42e7bf593ac9ed5efc27c2108
https://conda.anaconda.org/conda-forge/osx-arm64/sqlite-3.35.5-hc49ca36_0.tar.bz2#f7357f92c4a3799f14763cad1d605e64
https://conda.anaconda.org/conda-forge/osx-arm64/xorg-libx11-1.7.1-h3422bc3_0.tar.bz2#aaeb3ed543e548e92f0a79af165134c9
https://conda.anaconda.org/conda-forge/osx-arm64/zstd-1.5.0-h861e0a7_0.tar.bz2#3a3700f7735317734bf584b11a9475f6
https://conda.anaconda.org/conda-forge/osx-arm64/boost-cpp-1.74.0-h32e41df_4.tar.bz2#42a03a9c9e37a2e8c7e7fab263d32743
https://conda.anaconda.org/conda-forge/osx-arm64/fftw-3.3.9-nompi_h4173cc6_101.tar.bz2#38e4a84b28cb7ce9efed0edbb718a148
https://conda.anaconda.org/conda-forge/osx-arm64/fontconfig-2.13.1-heb65262_1005.tar.bz2#878aa172323a35de2509645b84d8a76d
https://conda.anaconda.org/conda-forge/osx-arm64/libcurl-7.76.1-h8fe1914_2.tar.bz2#fccd6cc282335cfb5baf84c485aeb5df
https://conda.anaconda.org/conda-forge/osx-arm64/libflac-1.3.3-h9f76cd9_1.tar.bz2#ee181b72399f6c2a60cb9650162e260f
https://conda.anaconda.org/conda-forge/osx-arm64/libglib-2.68.2-h6c200e4_0.tar.bz2#abf504e0b6d8ed49390a95d960f7c2cf
https://conda.anaconda.org/conda-forge/osx-arm64/libiio-c-0.21-h3188beb_6.tar.bz2#3aae2d78f2a781b2670f3f36a95781b1
https://conda.anaconda.org/conda-forge/osx-arm64/libopenblas-0.3.15-openmp_hf330de4_1.tar.bz2#e59a5407374f4b6df1d8544106b55426
https://conda.anaconda.org/conda-forge/osx-arm64/libthrift-0.14.1-h49bbdef_1.tar.bz2#a196b4d1407374c05a74f9e6cb4b871a
https://conda.anaconda.org/conda-forge/osx-arm64/libtiff-4.3.0-hc6122e1_1.tar.bz2#0d795cf8b60d6d362cd1f549894841cd
https://conda.anaconda.org/conda-forge/osx-arm64/libxslt-1.1.33-hd2240da_2.tar.bz2#55bf4bc1cb4d96af026b0a4043a80607
https://conda.anaconda.org/conda-forge/osx-arm64/python-3.9.4-h5b20da3_0_cpython.tar.bz2#eee24d5270bca46d9f003f7be5f07de6
https://conda.anaconda.org/conda-forge/osx-arm64/xorg-libxext-1.3.4-h27ca646_1.tar.bz2#018e331c817a27dc467eb5586cb2fe62
https://conda.anaconda.org/conda-forge/noarch/appdirs-1.4.4-pyh9f0ad1d_0.tar.bz2#5f095bc6454094e96f146491fd03633b
https://conda.anaconda.org/conda-forge/noarch/argh-0.26.2-pyh9f0ad1d_1002.tar.bz2#0af89261f0352895e1c1000d306b3dc7
https://conda.anaconda.org/conda-forge/osx-arm64/atk-1.0-2.36.0-heb41896_4.tar.bz2#b872b7822a07f3f2f68d992fbb3f7294
https://conda.anaconda.org/conda-forge/noarch/backcall-0.2.0-pyh9f0ad1d_0.tar.bz2#6006a6d08a3fa99268a2681c7fb55213
https://conda.anaconda.org/conda-forge/noarch/backports-1.0-py_2.tar.bz2#0da16b293affa6ac31812376f8eb79dd
https://conda.anaconda.org/conda-forge/noarch/cached_property-1.5.2-pyha770c72_1.tar.bz2#576d629e47797577ab0f1b351297ef4a
https://conda.anaconda.org/conda-forge/osx-arm64/cairo-1.16.0-he69dfd1_1008.tar.bz2#1b81700acf8096f534c062f48966690b
https://conda.anaconda.org/conda-forge/noarch/construct-2.9.45-py_0.tar.bz2#2eab734bf15ce56f5af9584a2f86e433
https://conda.anaconda.org/conda-forge/noarch/decorator-5.0.9-pyhd8ed1ab_0.tar.bz2#0ae9cca42e37b5ce6267c2a2b1383546
https://conda.anaconda.org/conda-forge/osx-arm64/gdk-pixbuf-2.42.6-hff60771_0.tar.bz2#63315b179bb0fe73d4ad7e43e64407cd
https://conda.anaconda.org/conda-forge/osx-arm64/glib-tools-2.68.2-hbdafb3b_0.tar.bz2#d8de54ab930236042ee1ec6b85f16cb4
https://conda.anaconda.org/conda-forge/osx-arm64/hdf5-1.10.6-nompi_h0fc092c_1114.tar.bz2#3837020cc4816721a886d9e076b6d15f
https://conda.anaconda.org/conda-forge/noarch/idna-2.10-pyh9f0ad1d_0.tar.bz2#f95a12b4f435aae6680fe55ae2eb1b06
https://conda.anaconda.org/conda-forge/noarch/ipython_genutils-0.2.0-py_1.tar.bz2#5071c982548b3a20caf70462f04f5287
https://conda.anaconda.org/conda-forge/osx-arm64/lcms2-2.12-had6a04f_0.tar.bz2#e66c48b683085eaa6627cc61ba76c1e2
https://conda.anaconda.org/conda-forge/osx-arm64/libblas-3.9.0-9_openblas.tar.bz2#c78b94977931be2f17646bfd23956bb6
https://conda.anaconda.org/conda-forge/osx-arm64/libsndfile-1.0.31-h9f76cd9_1.tar.bz2#94c0b4b68291f7df4b488096fcae35a6
https://conda.anaconda.org/conda-forge/noarch/olefile-0.46-pyh9f0ad1d_1.tar.bz2#0b2e68acc8c78c8cc392b90983481f58
https://conda.anaconda.org/conda-forge/osx-arm64/openjpeg-2.4.0-h062765e_1.tar.bz2#02ec6e9debe1bf6488ac302592d067fc
https://conda.anaconda.org/conda-forge/noarch/parso-0.8.2-pyhd8ed1ab_0.tar.bz2#fb40b157bd62b457a1cc82527b63f0b0
https://conda.anaconda.org/conda-forge/noarch/pathtools-0.1.2-py_1.tar.bz2#7c9b5632c61951216374dbaa34659301
https://conda.anaconda.org/conda-forge/noarch/pickleshare-0.7.5-py_1003.tar.bz2#415f0ebb6198cc2801c73438a9fb5761
https://conda.anaconda.org/conda-forge/noarch/ptyprocess-0.7.0-pyhd3deb0d_0.tar.bz2#359eeb6536da0e687af562ed265ec263
https://conda.anaconda.org/conda-forge/noarch/pycparser-2.20-pyh9f0ad1d_2.tar.bz2#aa798d50ffd182a0f6f31478c7f434f6
https://conda.anaconda.org/conda-forge/noarch/pylibiio-0.21-py_6.tar.bz2#6524b76fc161db88267d8b0c69816bb6
https://conda.anaconda.org/conda-forge/noarch/pyparsing-2.4.7-pyh9f0ad1d_0.tar.bz2#626c4f20d5bf06dcec9cf2eaa31725c7
https://conda.anaconda.org/conda-forge/osx-arm64/python_abi-3.9-1_cp39.tar.bz2#06e5b68ca789e3b7910c3f09cdffda7c
https://conda.anaconda.org/conda-forge/noarch/pytz-2021.1-pyhd8ed1ab_0.tar.bz2#3af2e9424d5eb0063824a3f9b850d411
https://conda.anaconda.org/conda-forge/osx-arm64/sdl-1.2.15-hbdafb3b_1.tar.bz2#57f6d68f2ac101086705640c77cab85d
https://conda.anaconda.org/conda-forge/noarch/six-1.16.0-pyh6c4a22f_0.tar.bz2#e5f25f8dbc060e9a8d912e432202afc2
https://conda.anaconda.org/conda-forge/osx-arm64/appnope-0.1.2-py39h2804cbe_1.tar.bz2#7002e26e4fea421f003ae53db5729762
https://conda.anaconda.org/conda-forge/noarch/cached-property-1.5.2-hd8ed1ab_1.tar.bz2#9b347a7ec10940d3f7941ff6c460b551
https://conda.anaconda.org/conda-forge/osx-arm64/certifi-2020.12.5-py39h2804cbe_1.tar.bz2#4e6750d127cb5485a86fbddefe7ef2d1
https://conda.anaconda.org/conda-forge/osx-arm64/cffi-1.14.5-py39h702c04f_0.tar.bz2#28a2873713fb46c37520dc083a316e23
https://conda.anaconda.org/conda-forge/osx-arm64/chardet-4.0.0-py39h2804cbe_1.tar.bz2#47f595c9627a2ddafda530984ffd105a
https://conda.anaconda.org/conda-forge/osx-arm64/click-8.0.1-py39h2804cbe_0.tar.bz2#4db5973681af1a5e641ce30b34f81e41
https://conda.anaconda.org/conda-forge/noarch/cycler-0.10.0-py_2.tar.bz2#f6d7c7e6d8f42cbbec7e07a8d879f91c
https://conda.anaconda.org/conda-forge/noarch/fs-2.0.11-py_0.tar.bz2#b2ed0352379702cd0248a8c608be05cd
https://conda.anaconda.org/conda-forge/osx-arm64/gobject-introspection-1.68.0-py39h743b06d_1.tar.bz2#2c9ce21a3845d2a1feb92af7a0a8bceb
https://conda.anaconda.org/conda-forge/osx-arm64/harfbuzz-2.8.1-h86911b4_0.tar.bz2#9275c2fc46d29458866be41799935873
https://conda.anaconda.org/conda-forge/osx-arm64/jedi-0.18.0-py39h2804cbe_2.tar.bz2#e5de774d3a860d3aeb74d319f43688da
https://conda.anaconda.org/conda-forge/osx-arm64/kiwisolver-1.3.1-py39h5a63225_1.tar.bz2#40559eaef63e0c71b3260779c13e144f
https://conda.anaconda.org/conda-forge/osx-arm64/libcblas-3.9.0-9_openblas.tar.bz2#86730b9cb635e66ecfc6ed4fa07041b1
https://conda.anaconda.org/conda-forge/osx-arm64/libiio-0.21-hce30654_6.tar.bz2#75239a82bf97e536b3c309ef0a1da1a4
https://conda.anaconda.org/conda-forge/osx-arm64/liblapack-3.9.0-9_openblas.tar.bz2#3896165894ba6fcc399ea52ec2ca5b2c
https://conda.anaconda.org/conda-forge/osx-arm64/libm2k-0.4.0-py39h1e86038_3.tar.bz2#615a80f3241fe1b85eacb5a9819476a6
https://conda.anaconda.org/conda-forge/osx-arm64/lxml-4.6.3-py39h11641c7_0.tar.bz2#c21e0d2b3ae6dbe9b2fdf7c6c4343824
https://conda.anaconda.org/conda-forge/osx-arm64/markupsafe-2.0.1-py39h5161555_0.tar.bz2#27b8e113dbb1de6f135bffc06ce3c73d
https://conda.anaconda.org/conda-forge/noarch/packaging-20.9-pyh44b312d_0.tar.bz2#be69a38e912054a62dc82cc3c7711a64
https://conda.anaconda.org/conda-forge/noarch/pexpect-4.8.0-pyh9f0ad1d_2.tar.bz2#5909e7b978141dd80d28dbf9de627827
https://conda.anaconda.org/conda-forge/osx-arm64/pillow-8.2.0-py39h282ff46_1.tar.bz2#2e15c540ed86742f49e12fc1b07228a0
https://conda.anaconda.org/conda-forge/osx-arm64/pycairo-1.20.0-py39h551958b_1.tar.bz2#e7fe46e6a74ad23a151bd626cc45a92c
https://conda.anaconda.org/conda-forge/osx-arm64/pysocks-1.7.1-py39h2804cbe_3.tar.bz2#b64a9a8199e9e54a134bb0f78687f7fa
https://conda.anaconda.org/conda-forge/noarch/python-dateutil-2.8.1-py_0.tar.bz2#0d0150ed9c2d25817f5324108d3f7571
https://conda.anaconda.org/conda-forge/osx-arm64/pyyaml-5.4.1-py39h46acfd9_0.tar.bz2#9d200b6c1b2d539ea23046a2154b0f7d
https://conda.anaconda.org/conda-forge/osx-arm64/pyzmq-22.0.3-py39h997613d_1.tar.bz2#0f39db568fdba4c7d1fabb8372c88c66
https://conda.anaconda.org/conda-forge/osx-arm64/ruamel.yaml.clib-0.2.2-py39h46acfd9_2.tar.bz2#6f4c4bcc794d7c637e8c14e5544f7264
https://conda.anaconda.org/conda-forge/osx-arm64/soapysdr-0.8.0-py39h4d2d688_0.tar.bz2#9ec698deabf68199896a6ea700cca723
https://conda.anaconda.org/conda-forge/osx-arm64/thrift-0.13.0-py39h93dc1e2_2.tar.bz2#e7a703d66657e5a9c46c7f44f44ca631
https://conda.anaconda.org/conda-forge/osx-arm64/tornado-6.1-py39h46acfd9_1.tar.bz2#6c4e7809a2cadd7e97d08585dd6f6016
https://conda.anaconda.org/conda-forge/noarch/traitlets-5.0.5-py_0.tar.bz2#99618ee9ab1323e40f231acdab92fe60
https://conda.anaconda.org/conda-forge/osx-arm64/brotlipy-0.7.0-py39h51e6412_1001.tar.bz2#c47215b10657cfd41e505bdd29ff7a18
https://conda.anaconda.org/conda-forge/noarch/click-plugins-1.1.1-py_0.tar.bz2#4fd2c6b53934bd7d96d1f3fdaf99b79f
https://conda.anaconda.org/conda-forge/osx-arm64/cryptography-3.4.7-py39h73257c9_0.tar.bz2#a5ff43fc907d3e3fb160d4e6b8cd85c4
https://conda.anaconda.org/conda-forge/osx-arm64/gsl-2.6-hc8a51ae_2.tar.bz2#b9254ff91f588ea794460e504e22f90f
https://conda.anaconda.org/conda-forge/osx-arm64/libad9361-iio-0.2-h9ae8fd0_2.tar.bz2#c27df6ea5f4b15911ce0f75636d3f3bd
https://conda.anaconda.org/conda-forge/noarch/mako-1.1.4-pyh44b312d_0.tar.bz2#1b618b99d151e88ba0fabff9fa2b2d0b
https://conda.anaconda.org/conda-forge/noarch/matplotlib-inline-0.1.2-pyhd8ed1ab_2.tar.bz2#0967e1db58b16e416464ca399f87df79
https://conda.anaconda.org/conda-forge/osx-arm64/numpy-1.20.3-py39h1f3b974_0.tar.bz2#3362fdc338c01d4ba7f2ac9ebd258f48
https://conda.anaconda.org/conda-forge/osx-arm64/pango-1.48.5-h10c22ef_0.tar.bz2#18be15c43e7dcae210e49d7e6305d782
https://conda.anaconda.org/conda-forge/osx-arm64/pygobject-3.40.1-py39h485ebc0_1.tar.bz2#fe6ff30446689a26129e8282df861912
https://conda.anaconda.org/conda-forge/osx-arm64/setuptools-49.6.0-py39h2804cbe_3.tar.bz2#b2268b9c73391e6199dc6936da31cddf
https://conda.anaconda.org/conda-forge/osx-arm64/soapysdr-module-lms7-20.10.0-h1576d20_1.tar.bz2#12640966fc6caec55a5a0741496d67ee
https://conda.anaconda.org/conda-forge/osx-arm64/soapysdr-module-remote-0.5.2-h4306ade_2.tar.bz2#2a80ff3672c59b7e15f87c206a1923c2
https://conda.anaconda.org/conda-forge/osx-arm64/soapysdr-module-rtlsdr-0.3.0-h4306ade_1.tar.bz2#fb02a919dab3c37d783849102ee62f0c
https://conda.anaconda.org/conda-forge/noarch/watchdog-0.9.0-py_0.tar.bz2#6f275d51e6b771a3bee7eb443cd72d35
https://conda.anaconda.org/conda-forge/noarch/backports.functools_lru_cache-1.6.4-pyhd8ed1ab_0.tar.bz2#c5b3edc62d6309088f4970b3eaaa65a6
https://conda.anaconda.org/conda-forge/osx-arm64/gnuradio-core-3.9.1.0-py39h5b4d7e9_8.tar.bz2#bb68979737bb0d5202682784a73b3383
https://conda.anaconda.org/conda-forge/osx-arm64/gtk3-3.24.28-hdbfd60d_1.tar.bz2#5214cc7cf22c20124d6509b85d829798
https://conda.anaconda.org/conda-forge/osx-arm64/h5py-3.2.1-nompi_py39h0a83918_100.tar.bz2#4c81b4dec701b27d30c5f5c47e289c07
https://conda.anaconda.org/conda-forge/osx-arm64/librsvg-2.50.5-h957afdb_0.tar.bz2#43df7b3591a57d0c6f77a08332caede3
https://conda.anaconda.org/conda-forge/osx-arm64/limesuite-20.10.0-h75efa04_1.tar.bz2#9dc1fbdc4689ffa7b6f7551cb8b54922
https://conda.anaconda.org/conda-forge/osx-arm64/matplotlib-base-3.4.2-py39h5aa4fe7_0.tar.bz2#73ead2ba16b36dae73f0a81c16f1c6bd
https://conda.anaconda.org/conda-forge/osx-arm64/pandas-1.2.4-py39h7f752ed_0.tar.bz2#2a66f4983f68d7179ef879ff46b7298e
https://conda.anaconda.org/conda-forge/noarch/pyadi-iio-0.0.7-pyhd8ed1ab_1.tar.bz2#a298b0e2329ee53874e7e05e1b3b2235
https://conda.anaconda.org/conda-forge/noarch/pygments-2.9.0-pyhd8ed1ab_0.tar.bz2#a2d9bba43c9b80a42b0ccb9afd7223c2
https://conda.anaconda.org/conda-forge/noarch/pyopenssl-20.0.1-pyhd8ed1ab_0.tar.bz2#92371c25994d0f5d28a01c1fb75ebf86
https://conda.anaconda.org/conda-forge/osx-arm64/ruamel.yaml-0.17.4-py39h5161555_0.tar.bz2#372c024c4466e8fbcfaff46fa79ef34e
https://conda.anaconda.org/conda-forge/osx-arm64/scipy-1.6.3-py39h5060c3b_0.tar.bz2#cdf20a76c1cb06d2a4b6caa98d6eb304
https://conda.anaconda.org/conda-forge/osx-arm64/soapysdr-module-plutosdr-0.2.1-h1c51a56_2.tar.bz2#2ff402e9be62b0a419dc87fcb0c6fc61
https://conda.anaconda.org/conda-forge/noarch/adwaita-icon-theme-40.1.1-ha770c72_1.tar.bz2#888f861532412933fc0496f69b3fee65
https://conda.anaconda.org/conda-forge/osx-arm64/digital_rf-2.6.6-py39h1a70d2d_1.tar.bz2#78a0b13c0fa0e1892a36aa9b2dd62202
https://conda.anaconda.org/conda-forge/osx-arm64/gnuradio-soapy-2.1.3.1-py39h0fef4b3_3.tar.bz2#8354902474e82f66cc644a5498f3c704
https://conda.anaconda.org/conda-forge/osx-arm64/gnuradio-video-sdl-3.9.1.0-py39hd5b08b3_8.tar.bz2#b25185af0dcfc94aea12116c1969a89b
https://conda.anaconda.org/conda-forge/osx-arm64/gnuradio-zeromq-3.9.1.0-py39h75226d6_8.tar.bz2#015780f787380a8f7a4c87bc087da12f
https://conda.anaconda.org/conda-forge/osx-arm64/matplotlib-3.4.2-py39hdf13c20_0.tar.bz2#f6ddc6d352fc990cd80cf7f275bd9275
https://conda.anaconda.org/conda-forge/noarch/urllib3-1.26.4-pyhd8ed1ab_0.tar.bz2#d7b20b328e23d993994ea02077c009c0
https://conda.anaconda.org/conda-forge/noarch/wcwidth-0.2.5-pyh9f0ad1d_2.tar.bz2#5266fcd697043c59621fda522b3d78ee
https://conda.anaconda.org/conda-forge/osx-arm64/gnuradio-grc-3.9.1.0-py39hd5b08b3_8.tar.bz2#f2aa988bc5fb35524cdb2eecc50c268f
https://conda.anaconda.org/conda-forge/noarch/prompt-toolkit-3.0.18-pyha770c72_0.tar.bz2#aa44d0f71016061e83df1126764acdb7
https://conda.anaconda.org/conda-forge/noarch/requests-2.25.1-pyhd3deb0d_0.tar.bz2#ae687aba31a1c400192a86a2e993ffdc
https://conda.anaconda.org/conda-forge/osx-arm64/gnuradio-satellites-4.1.0-py39heb355c1_1.tar.bz2#efaaf91fda30caa14eae78c22e9dbc5a
https://conda.anaconda.org/conda-forge/osx-arm64/ipython-7.23.1-py39h32adebf_0.tar.bz2#68e55257faa928ed757c69a983342117
https://conda.anaconda.org/conda-forge/osx-arm64/uhd-4.0.0.0-py39h97c5db2_4.tar.bz2#345cfe4dabf4a1502639b52f191677a7
https://conda.anaconda.org/conda-forge/osx-arm64/gnuradio-uhd-3.9.1.0-py39hd39fe52_8.tar.bz2#aa1cf9388f204ae268232fa889aa3793
https://conda.anaconda.org/conda-forge/osx-arm64/soapysdr-module-uhd-0.4.1-h4d034c9_3.tar.bz2#8337ca72f52072198499f17ec0ee43c5
https://conda.anaconda.org/conda-forge/osx-arm64/gnuradio-3.9.1.0-py39h79ff117_8.tar.bz2#8946511e6690c253825a43bf9b07fdbf
https://conda.anaconda.org/conda-forge/osx-arm64/gnuradio-osmosdr-0.2.3-py39h61db5fd_6.tar.bz2#f485970c66ee260525b16bf24be985b9
