# platform: linux-64
# env_hash: d18f80fa53b87bfdc32320e7d37d372611032a87fda8ed894cc086ef939f0b46
@EXPLICIT
https://conda.anaconda.org/conda-forge/linux-64/_libgcc_mutex-0.1-conda_forge.tar.bz2#d7c89558ba9fa0495403155b64376d81
https://conda.anaconda.org/conda-forge/linux-64/ca-certificates-2021.5.30-ha878542_0.tar.bz2#6a777890e94194dc94a29a76d2a7e721
https://conda.anaconda.org/conda-forge/noarch/font-ttf-dejavu-sans-mono-2.37-hab24e00_0.tar.bz2#0c96522c6bdaed4b1566d11387caaf45
https://conda.anaconda.org/conda-forge/noarch/font-ttf-inconsolata-3.000-h77eed37_0.tar.bz2#34893075a5c9e55cdafac56607368fc6
https://conda.anaconda.org/conda-forge/noarch/font-ttf-source-code-pro-2.038-h77eed37_0.tar.bz2#4d59c254e01d9cde7957100457e2d5fb
https://conda.anaconda.org/conda-forge/noarch/font-ttf-ubuntu-0.83-hab24e00_0.tar.bz2#19410c3df09dfb12d1206132a1d357c5
https://conda.anaconda.org/conda-forge/linux-64/hicolor-icon-theme-0.17-ha770c72_2.tar.bz2#bbf6f174dcd3254e19a2f5d2295ce808
https://conda.anaconda.org/conda-forge/linux-64/ld_impl_linux-64-2.36.1-hea4e1c9_2.tar.bz2#bd4f2e711b39af170e7ff15163fe87ee
https://conda.anaconda.org/conda-forge/linux-64/libgfortran5-11.2.0-h5c6108e_8.tar.bz2#1672a7e59c23aac19cb01260e873a4b0
https://conda.anaconda.org/conda-forge/linux-64/libstdcxx-ng-11.2.0-he4da1e4_8.tar.bz2#cee237cb6cd08c65c2f74ada9524b768
https://conda.anaconda.org/conda-forge/linux-64/mysql-common-8.0.25-ha770c72_2.tar.bz2#b1ba065c6d2b9468035472a9d63e5b08
https://conda.anaconda.org/conda-forge/noarch/pybind11-abi-4-hd8ed1ab_3.tar.bz2#878f923dd6acc8aeb47a75da6c4098be
https://conda.anaconda.org/conda-forge/noarch/tzdata-2021a-he74cb21_1.tar.bz2#cc5690eb258c3706f754306f191da8d8
https://conda.anaconda.org/conda-forge/noarch/fonts-conda-forge-1-0.tar.bz2#f766549260d6815b0c52253f1fb1bb29
https://conda.anaconda.org/conda-forge/linux-64/libgfortran-ng-11.2.0-h69a702a_8.tar.bz2#d246e04ac94318cfe8ad8879a41e908e
https://conda.anaconda.org/conda-forge/linux-64/libgomp-11.2.0-h1d223b6_8.tar.bz2#9c5ec5d954d2009c6b267ed25346ef87
https://conda.anaconda.org/conda-forge/linux-64/_openmp_mutex-4.5-1_gnu.tar.bz2#561e277319a41d4f24f5c05a9ef63c04
https://conda.anaconda.org/conda-forge/noarch/fonts-conda-ecosystem-1-0.tar.bz2#fee5683a3f04bd15cbd8318b096a27ab
https://conda.anaconda.org/conda-forge/linux-64/libgcc-ng-11.2.0-h1d223b6_8.tar.bz2#2de68a054a079032d30dcd54ebf2ecb9
https://conda.anaconda.org/conda-forge/linux-64/alsa-lib-1.2.3-h516909a_0.tar.bz2#1378b88874f42ac31b2f8e4f6975cb7b
https://conda.anaconda.org/conda-forge/linux-64/attr-2.4.48-h516909a_0.tar.bz2#4e987f1d7b9fb1d81f22c4166fb4799a
https://conda.anaconda.org/conda-forge/linux-64/bzip2-1.0.8-h7f98852_4.tar.bz2#a1fd65c7ccbf10880423d82bca54eb54
https://conda.anaconda.org/conda-forge/linux-64/c-ares-1.17.2-h7f98852_0.tar.bz2#a25871010e5104556045aa01850fbddf
https://conda.anaconda.org/conda-forge/linux-64/epoxy-1.5.9-h7f98852_0.tar.bz2#01068815a734b252169c6623c6913e7a
https://conda.anaconda.org/conda-forge/linux-64/expat-2.4.1-h9c3ff4c_0.tar.bz2#16054ef3cb3ec5d8d29d08772662f65d
https://conda.anaconda.org/conda-forge/linux-64/fftw-3.3.10-nompi_hcdd671c_100.tar.bz2#59ab50acdfcae0c63a1b2adad1e7df1a
https://conda.anaconda.org/conda-forge/linux-64/fribidi-1.0.10-h36c2ea0_0.tar.bz2#ac7bc6a654f8f41b352b38f4051135f8
https://conda.anaconda.org/conda-forge/linux-64/gmp-6.2.1-h58526e2_0.tar.bz2#b94cf2db16066b242ebd26db2facbd56
https://conda.anaconda.org/conda-forge/linux-64/graphite2-1.3.13-h58526e2_1001.tar.bz2#8c54672728e8ec6aa6db90cf2806d220
https://conda.anaconda.org/conda-forge/linux-64/gstreamer-orc-0.4.32-h7f98852_1.tar.bz2#da139e99f03ae374fea2bf25bbe9d4e5
https://conda.anaconda.org/conda-forge/linux-64/icu-68.1-h58526e2_0.tar.bz2#fc7a4271dc2a7f4fd78cd63695baf7c3
https://conda.anaconda.org/conda-forge/linux-64/jbig-2.1-h7f98852_2003.tar.bz2#1aa0cee79792fa97b7ff4545110b60bf
https://conda.anaconda.org/conda-forge/linux-64/jpeg-9d-h36c2ea0_0.tar.bz2#ea02ce6037dbe81803ae6123e5ba1568
https://conda.anaconda.org/conda-forge/linux-64/json-c-0.15-h98cffda_0.tar.bz2#f32d45a88e7462be446824654dbcf4a4
https://conda.anaconda.org/conda-forge/linux-64/lerc-2.2.1-h9c3ff4c_0.tar.bz2#ea833dcaeb9e7ac4fac521f1a7abec82
https://conda.anaconda.org/conda-forge/linux-64/libaio-0.3.112-h7f98852_0.tar.bz2#40fd5b5eb2669ef9f57be61dec453aef
https://conda.anaconda.org/conda-forge/linux-64/libcodec2-1.0.0-h7f98852_0.tar.bz2#b9c883c326af47a03a01f444b1cf350b
https://conda.anaconda.org/conda-forge/linux-64/libdb-6.2.32-h9c3ff4c_0.tar.bz2#3f3258d8f841fbac63b36b75bdac1afd
https://conda.anaconda.org/conda-forge/linux-64/libdeflate-1.7-h7f98852_5.tar.bz2#10e242842cd30c59c12d79371dc0f583
https://conda.anaconda.org/conda-forge/linux-64/libev-4.33-h516909a_1.tar.bz2#6f8720dff19e17ce5d48cfe7f3d2f0a3
https://conda.anaconda.org/conda-forge/linux-64/libffi-3.4.2-h9c3ff4c_2.tar.bz2#cb832368fd30ed8b58c6750fe8c3bb74
https://conda.anaconda.org/conda-forge/linux-64/libglu-9.0.0-he1b5a44_1001.tar.bz2#8208602aec4826053c116552369a394c
https://conda.anaconda.org/conda-forge/linux-64/libiconv-1.16-h516909a_0.tar.bz2#5c0f338a513a2943c659ae619fca9211
https://conda.anaconda.org/conda-forge/linux-64/libogg-1.3.4-h7f98852_1.tar.bz2#6e8cc2173440d77708196c5b93771680
https://conda.anaconda.org/conda-forge/linux-64/libopenblas-0.3.17-pthreads_h8fe5266_1.tar.bz2#7f96c04618e952e0f9d94d5e07545a71
https://conda.anaconda.org/conda-forge/linux-64/libopus-1.3.1-h7f98852_1.tar.bz2#15345e56d527b330e1cacbdf58676e8f
https://conda.anaconda.org/conda-forge/linux-64/libsodium-1.0.18-h36c2ea0_1.tar.bz2#c3788462a6fbddafdb413a9f9053e58d
https://conda.anaconda.org/conda-forge/linux-64/libtool-2.4.6-h9c3ff4c_1008.tar.bz2#16e143a1ed4b4fd169536373957f6fee
https://conda.anaconda.org/conda-forge/linux-64/libuuid-2.32.1-h7f98852_1000.tar.bz2#772d69f030955d9646d3d0eaf21d859d
https://conda.anaconda.org/conda-forge/linux-64/libwebp-base-1.2.1-h7f98852_0.tar.bz2#90607c4c0247f04ec98b48997de71c1a
https://conda.anaconda.org/conda-forge/linux-64/log4cpp-1.1.3-h9c3ff4c_1002.tar.bz2#1bd97d684e8b3ea21f723e99e5c8ad5b
https://conda.anaconda.org/conda-forge/linux-64/lz4-c-1.9.3-h9c3ff4c_1.tar.bz2#fbe97e8fa6f275d7c76a09e795adc3e6
https://conda.anaconda.org/conda-forge/linux-64/ncurses-6.2-h58526e2_4.tar.bz2#509f2a21c4a09214cd737a480dfd80c9
https://conda.anaconda.org/conda-forge/linux-64/nspr-4.30-h9c3ff4c_0.tar.bz2#e6dc1f8f6e0bcebe8e3d8a5bca258dbe
https://conda.anaconda.org/conda-forge/linux-64/openssl-1.1.1l-h7f98852_0.tar.bz2#de7b38a1542dbe6f41653a8ae71adc53
https://conda.anaconda.org/conda-forge/linux-64/patchelf-0.13-h58526e2_0.tar.bz2#3c1f407c74af0618e2e4918583060bbc
https://conda.anaconda.org/conda-forge/linux-64/pcre-8.45-h9c3ff4c_0.tar.bz2#c05d1820a6d34ff07aaaab7a9b7eddaa
https://conda.anaconda.org/conda-forge/linux-64/pixman-0.40.0-h36c2ea0_0.tar.bz2#660e72c82f2e75a6b3fe6a6e75c79f19
https://conda.anaconda.org/conda-forge/linux-64/pkg-config-0.29.2-h36c2ea0_1008.tar.bz2#fbef41ff6a4c8140c30057466a1cdd47
https://conda.anaconda.org/conda-forge/linux-64/pthread-stubs-0.4-h36c2ea0_1001.tar.bz2#22dad4df6e8630e8dff2428f6f6a7036
https://conda.anaconda.org/conda-forge/linux-64/sdl-1.2.15-h9c3ff4c_1.tar.bz2#a2a5abe9c0556fc6aa8e4b0167f2c402
https://conda.anaconda.org/conda-forge/linux-64/xorg-inputproto-2.3.2-h7f98852_1002.tar.bz2#bcd1b3396ec6960cbc1d2855a9e60b2b
https://conda.anaconda.org/conda-forge/linux-64/xorg-kbproto-1.0.7-h7f98852_1002.tar.bz2#4b230e8381279d76131116660f5a241a
https://conda.anaconda.org/conda-forge/linux-64/xorg-libice-1.0.10-h7f98852_0.tar.bz2#d6b0b50b49eccfe0be0373be628be0f3
https://conda.anaconda.org/conda-forge/linux-64/xorg-libxau-1.0.9-h7f98852_0.tar.bz2#bf6f803a544f26ebbdc3bfff272eb179
https://conda.anaconda.org/conda-forge/linux-64/xorg-libxdmcp-1.1.3-h7f98852_0.tar.bz2#be93aabceefa2fac576e971aef407908
https://conda.anaconda.org/conda-forge/linux-64/xorg-recordproto-1.14.2-h7f98852_1002.tar.bz2#2f835e6c386e73c6faaddfe9eda67e98
https://conda.anaconda.org/conda-forge/linux-64/xorg-renderproto-0.11.1-h7f98852_1002.tar.bz2#06feff3d2634e3097ce2fe681474b534
https://conda.anaconda.org/conda-forge/linux-64/xorg-xextproto-7.3.0-h7f98852_1002.tar.bz2#1e15f6ad85a7d743a2ac68dae6c82b98
https://conda.anaconda.org/conda-forge/linux-64/xorg-xproto-7.0.31-h7f98852_1007.tar.bz2#b4a4381d54784606820704f7b5f05a15
https://conda.anaconda.org/conda-forge/linux-64/xz-5.2.5-h516909a_1.tar.bz2#33f601066901f3e1a85af3522a8113f9
https://conda.anaconda.org/conda-forge/linux-64/yaml-0.2.5-h516909a_0.tar.bz2#03a530e925414902547cf48da7756db8
https://conda.anaconda.org/conda-forge/linux-64/zlib-1.2.11-h516909a_1010.tar.bz2#339cc5584e6d26bc73a875ba900028c3
https://conda.anaconda.org/conda-forge/linux-64/codec2-1.0.0-h7f98852_0.tar.bz2#95c56018f814e70a6fd3fd9385fa451c
https://conda.anaconda.org/conda-forge/linux-64/gettext-0.19.8.1-h73d1719_1006.tar.bz2#58e06d8c5cd5267bba8160dfbaaf9dfe
https://conda.anaconda.org/conda-forge/linux-64/libblas-3.9.0-11_linux64_openblas.tar.bz2#b8a498e2cac5746b808d5961cb584a13
https://conda.anaconda.org/conda-forge/linux-64/libcap-2.48-h7f98852_0.tar.bz2#dc1b88651d18d0270218b1c8644e073d
https://conda.anaconda.org/conda-forge/linux-64/libedit-3.1.20191231-he28a2e2_2.tar.bz2#4d331e44109e3f0e19b4cb8f9b82f3e1
https://conda.anaconda.org/conda-forge/linux-64/libevent-2.1.10-hcdb4288_3.tar.bz2#d8f51405997093ff1799ded7650439c4
https://conda.anaconda.org/conda-forge/linux-64/libllvm11-11.1.0-hf817b99_2.tar.bz2#646fa2f7c60b69ee8f918668e9c2fd31
https://conda.anaconda.org/conda-forge/linux-64/libnghttp2-1.43.0-h812cca2_0.tar.bz2#1867d1e9658596b3fac8847a7702eef4
https://conda.anaconda.org/conda-forge/linux-64/libpng-1.6.37-h21135ba_2.tar.bz2#b6acf807307d033d4b7e758b4f44b036
https://conda.anaconda.org/conda-forge/linux-64/libssh2-1.10.0-ha56f1ee_0.tar.bz2#999b754fbf81618f1edadfb1204983a4
https://conda.anaconda.org/conda-forge/linux-64/libusb-1.0.24-h18f079d_4.tar.bz2#997761494daae7a9377ab8af30bc57b8
https://conda.anaconda.org/conda-forge/linux-64/libvorbis-1.3.7-h9c3ff4c_0.tar.bz2#309dec04b70a3cc0f1e84a4013683bc0
https://conda.anaconda.org/conda-forge/linux-64/libxcb-1.13-h7f98852_1003.tar.bz2#a9371e9e40aded194dcba1447606c9a1
https://conda.anaconda.org/conda-forge/linux-64/libxml2-2.9.12-h72842e0_0.tar.bz2#bd14fdf5b9ee5568056a40a6a2f41866
https://conda.anaconda.org/conda-forge/linux-64/portaudio-19.6.0-hae3ed74_4.tar.bz2#dcc888631b28f075bd13883ef4f17264
https://conda.anaconda.org/conda-forge/linux-64/readline-8.1-h46c0cb4_0.tar.bz2#5788de3c8d7a7d64ac56c784c4ef48e6
https://conda.anaconda.org/conda-forge/linux-64/tk-8.6.11-h27826a3_1.tar.bz2#84e76fb280e735fec1efd2d21fd9cb27
https://conda.anaconda.org/conda-forge/linux-64/volk-2.5.0-h9c3ff4c_0.tar.bz2#7699f1bf5d58888724792660e58b3392
https://conda.anaconda.org/conda-forge/linux-64/xorg-fixesproto-5.0-h7f98852_1002.tar.bz2#65ad6e1eb4aed2b0611855aff05e04f6
https://conda.anaconda.org/conda-forge/linux-64/xorg-libsm-1.2.3-hd9c2040_1000.tar.bz2#9e856f78d5c80d5a78f61e72d1d473a3
https://conda.anaconda.org/conda-forge/linux-64/zeromq-4.3.4-h9c3ff4c_1.tar.bz2#21743a8d2ea0c8cfbbf8fe489b0347df
https://conda.anaconda.org/conda-forge/linux-64/zstd-1.5.0-ha95c52a_0.tar.bz2#b56f94865e2de36abf054e7bfa499034
https://conda.anaconda.org/conda-forge/linux-64/boost-cpp-1.74.0-h312852a_4.tar.bz2#22ee6de84c28eb7bd76802cf071c5d25
https://conda.anaconda.org/conda-forge/linux-64/freetype-2.10.4-h0708190_1.tar.bz2#4a06f2ac2e5bfae7b6b245171c3f07aa
https://conda.anaconda.org/conda-forge/linux-64/krb5-1.19.2-hcc1bbae_0.tar.bz2#81256fa86f9b65cf8ca726eeb3a7f283
https://conda.anaconda.org/conda-forge/linux-64/libairspy-1.0.10-h7f98852_0.tar.bz2#69e923a1108797344d66a91d592897b9
https://conda.anaconda.org/conda-forge/linux-64/libairspyhf-1.6.8-h7f98852_0.tar.bz2#a6c1296a40a0ccafa379139f727643dd
https://conda.anaconda.org/conda-forge/linux-64/libcblas-3.9.0-11_linux64_openblas.tar.bz2#59bf439337c9ec59297f701e4ee97e09
https://conda.anaconda.org/conda-forge/linux-64/libclang-11.1.0-default_ha53f305_1.tar.bz2#b9b71585ca4fcb5d442c5a9df5dd7e98
https://conda.anaconda.org/conda-forge/linux-64/libflac-1.3.3-h9c3ff4c_1.tar.bz2#0a69b4b5028310f42b0e44eb26384dfa
https://conda.anaconda.org/conda-forge/linux-64/libglib-2.68.4-h174f98d_1.tar.bz2#bbdd1d97559e052c98edd08a408218b4
https://conda.anaconda.org/conda-forge/linux-64/libiio-c-0.21-hd53978d_6.tar.bz2#681e8165208a4b08d08fa840e2f1904f
https://conda.anaconda.org/conda-forge/linux-64/liblapack-3.9.0-11_linux64_openblas.tar.bz2#00d3680586af1f0689398b080e273cbb
https://conda.anaconda.org/conda-forge/linux-64/liblimesuite-20.10.0-h9c3ff4c_1.tar.bz2#300b2c2acf3687e301cb088689adf144
https://conda.anaconda.org/conda-forge/linux-64/libthrift-0.15.0-he6d91bd_0.tar.bz2#19e6d81d98b240a715d593da8ba24eda
https://conda.anaconda.org/conda-forge/linux-64/libtiff-4.3.0-hf544144_1.tar.bz2#a65a4158716bd7d95bfa69bcfd83081c
https://conda.anaconda.org/conda-forge/linux-64/libxkbcommon-1.0.3-he3ba5ed_0.tar.bz2#f9dbabc7e01c459ed7a1d1d64b206e9b
https://conda.anaconda.org/conda-forge/linux-64/libxslt-1.1.33-h15afd5d_2.tar.bz2#811bb9f5437fc6a04ba30d10f7a0c3eb
https://conda.anaconda.org/conda-forge/linux-64/mysql-libs-8.0.25-hfa10184_2.tar.bz2#5a35fdd2da4c2d5fdf20575d39c232e5
https://conda.anaconda.org/conda-forge/linux-64/rtl-sdr-0.6.0-h18f079d_2.tar.bz2#29fa5abc0976d4bbe7cbc849cd268f0b
https://conda.anaconda.org/conda-forge/linux-64/sqlite-3.36.0-h9cd32fc_1.tar.bz2#776f3956ac2bcbc5e85201d21baf8aa7
https://conda.anaconda.org/conda-forge/linux-64/xorg-libx11-1.7.2-h7f98852_0.tar.bz2#12a61e640b8894504326aadafccbb790
https://conda.anaconda.org/conda-forge/linux-64/airspy-1.0.10-h7f98852_0.tar.bz2#ebe51c23b8326fe505c57f186292c90d
https://conda.anaconda.org/conda-forge/linux-64/airspyhf-1.6.8-h7f98852_0.tar.bz2#d593dd163392778176e032c0eae15e8a
https://conda.anaconda.org/conda-forge/linux-64/atk-1.0-2.36.0-h3371d22_4.tar.bz2#661e1ed5d92552785d9f8c781ce68685
https://conda.anaconda.org/conda-forge/linux-64/fontconfig-2.13.1-hba837de_1005.tar.bz2#fd3611672eb91bc9d24fd6fb970037eb
https://conda.anaconda.org/conda-forge/linux-64/gdk-pixbuf-2.42.6-h04a7f16_0.tar.bz2#b24a1e18325a6e8f8b6b4a2ec5860ce2
https://conda.anaconda.org/conda-forge/linux-64/glib-tools-2.68.4-h9c3ff4c_1.tar.bz2#023f5d95c2ab4dd78ff5fb62fa421266
https://conda.anaconda.org/conda-forge/linux-64/gsl-2.7-he838d99_0.tar.bz2#fec079ba39c9cca093bf4c00001825de
https://conda.anaconda.org/conda-forge/linux-64/gstreamer-1.18.5-h76c114f_0.tar.bz2#2372f6206f9861a1af8e3b086a053b2b
https://conda.anaconda.org/conda-forge/linux-64/lcms2-2.12-hddcbb42_0.tar.bz2#797117394a4aa588de6d741b06fad80f
https://conda.anaconda.org/conda-forge/linux-64/libcups-2.3.3-hf5a7f15_0.tar.bz2#976b3b09e9c12b3f1cf021bbd7768463
https://conda.anaconda.org/conda-forge/linux-64/libcurl-7.79.0-h2574ce0_0.tar.bz2#2069d4230311ec429c796bc57060893a
https://conda.anaconda.org/conda-forge/linux-64/libpq-13.3-hd57d9b9_0.tar.bz2#66ef2cacc483205b7d303f7b02601c3b
https://conda.anaconda.org/conda-forge/linux-64/libsndfile-1.0.31-h9c3ff4c_1.tar.bz2#fc4b6d93da04731db7601f2a1b1dc96a
https://conda.anaconda.org/conda-forge/linux-64/nss-3.69-hb5efdd6_0.tar.bz2#da3ad4247c36e2248cfc2aadb1e423b0
https://conda.anaconda.org/conda-forge/linux-64/openjpeg-2.4.0-hb52868f_1.tar.bz2#b7ad78ad2e9ee155f59e6428406ee824
https://conda.anaconda.org/conda-forge/linux-64/python-3.9.7-hb7a2778_1_cpython.tar.bz2#823f83a31233a3d6fa8f123dbe9c4abf
https://conda.anaconda.org/conda-forge/linux-64/xorg-libxext-1.3.4-h7f98852_1.tar.bz2#536cc5db4d0a3ba0630541aec064b5e4
https://conda.anaconda.org/conda-forge/linux-64/xorg-libxfixes-5.0.3-h7f98852_1004.tar.bz2#e9a21aa4d5e3e5f1aed71e8cefd46b6a
https://conda.anaconda.org/conda-forge/linux-64/xorg-libxrender-0.9.10-h7f98852_1003.tar.bz2#f59c1242cc1dd93e72c2ee2b360979eb
https://conda.anaconda.org/conda-forge/noarch/appdirs-1.4.4-pyh9f0ad1d_0.tar.bz2#5f095bc6454094e96f146491fd03633b
https://conda.anaconda.org/conda-forge/noarch/argh-0.26.2-pyh9f0ad1d_1002.tar.bz2#0af89261f0352895e1c1000d306b3dc7
https://conda.anaconda.org/conda-forge/noarch/backcall-0.2.0-pyh9f0ad1d_0.tar.bz2#6006a6d08a3fa99268a2681c7fb55213
https://conda.anaconda.org/conda-forge/noarch/backports-1.0-py_2.tar.bz2#0da16b293affa6ac31812376f8eb79dd
https://conda.anaconda.org/conda-forge/noarch/cached_property-1.5.2-pyha770c72_1.tar.bz2#576d629e47797577ab0f1b351297ef4a
https://conda.anaconda.org/conda-forge/linux-64/cairo-1.16.0-h6cf1ce9_1008.tar.bz2#a43fb47d15e116f8be4be7e6b17ab59f
https://conda.anaconda.org/conda-forge/noarch/charset-normalizer-2.0.0-pyhd8ed1ab_0.tar.bz2#4a57e24d5b759893615c05926b7b5fb9
https://conda.anaconda.org/conda-forge/noarch/construct-2.10.67-pyhd8ed1ab_0.tar.bz2#c0342083bda76a952543457ce95e99b6
https://conda.anaconda.org/conda-forge/noarch/decorator-5.1.0-pyhd8ed1ab_0.tar.bz2#71b13ba2e0efcff45646f05d619534b0
https://conda.anaconda.org/conda-forge/linux-64/glew-2.1.0-h9c3ff4c_2.tar.bz2#fb05eb5c47590b247658243d27fc32f1
https://conda.anaconda.org/conda-forge/linux-64/glib-2.68.4-h9c3ff4c_1.tar.bz2#32b3393dcde206d3e448c004af06a93b
https://conda.anaconda.org/conda-forge/linux-64/gst-plugins-base-1.18.5-hf529b03_0.tar.bz2#b1f3d74a3b66432adddfc118ff02238a
https://conda.anaconda.org/conda-forge/linux-64/hdf5-1.10.6-nompi_h6a2412b_1114.tar.bz2#0a2984b78f51148d7ff6219abe73509e
https://conda.anaconda.org/conda-forge/noarch/idna-3.1-pyhd3deb0d_0.tar.bz2#9c9aea4b8391264477df484f798562d0
https://conda.anaconda.org/conda-forge/linux-64/jack-1.9.18-hfd4fe87_1001.tar.bz2#a44a1d690250f6bbb01b7e328ea0c719
https://conda.anaconda.org/conda-forge/noarch/olefile-0.46-pyh9f0ad1d_1.tar.bz2#0b2e68acc8c78c8cc392b90983481f58
https://conda.anaconda.org/conda-forge/noarch/parso-0.8.2-pyhd8ed1ab_0.tar.bz2#fb40b157bd62b457a1cc82527b63f0b0
https://conda.anaconda.org/conda-forge/noarch/ptyprocess-0.7.0-pyhd3deb0d_0.tar.bz2#359eeb6536da0e687af562ed265ec263
https://conda.anaconda.org/conda-forge/noarch/pycparser-2.20-pyh9f0ad1d_2.tar.bz2#aa798d50ffd182a0f6f31478c7f434f6
https://conda.anaconda.org/conda-forge/noarch/pylibiio-0.21-py_6.tar.bz2#6524b76fc161db88267d8b0c69816bb6
https://conda.anaconda.org/conda-forge/noarch/pyparsing-2.4.7-pyh9f0ad1d_0.tar.bz2#626c4f20d5bf06dcec9cf2eaa31725c7
https://conda.anaconda.org/conda-forge/linux-64/python_abi-3.9-2_cp39.tar.bz2#39adde4247484de2bb4000122fdcf665
https://conda.anaconda.org/conda-forge/noarch/pytz-2021.1-pyhd8ed1ab_0.tar.bz2#3af2e9424d5eb0063824a3f9b850d411
https://conda.anaconda.org/conda-forge/noarch/six-1.16.0-pyh6c4a22f_0.tar.bz2#e5f25f8dbc060e9a8d912e432202afc2
https://conda.anaconda.org/conda-forge/noarch/traitlets-5.1.0-pyhd8ed1ab_0.tar.bz2#f6ba1dcaac382d318901f44c0eb3dcb8
https://conda.anaconda.org/conda-forge/noarch/wheel-0.37.0-pyhd8ed1ab_1.tar.bz2#3aa2c3e25dd361b453d010388b9cdff1
https://conda.anaconda.org/conda-forge/linux-64/xorg-libxi-1.7.10-h7f98852_0.tar.bz2#e77615e5141cad5a2acaa043d1cf0ca5
https://conda.anaconda.org/conda-forge/noarch/cached-property-1.5.2-hd8ed1ab_1.tar.bz2#9b347a7ec10940d3f7941ff6c460b551
https://conda.anaconda.org/conda-forge/linux-64/certifi-2021.5.30-py39hf3d152e_0.tar.bz2#7bbfaa3b8363bf8505d7f65e4e2e8a90
https://conda.anaconda.org/conda-forge/linux-64/cffi-1.14.6-py39h4bc2ebd_1.tar.bz2#f37f029c3b2599386d3ba8fc1b29a8a0
https://conda.anaconda.org/conda-forge/linux-64/chardet-4.0.0-py39hf3d152e_1.tar.bz2#d0da429a3428ffcacaad25595b96a648
https://conda.anaconda.org/conda-forge/linux-64/click-8.0.1-py39hf3d152e_0.tar.bz2#ab32c487b1b91d783fb68388c49bb254
https://conda.anaconda.org/conda-forge/noarch/cycler-0.10.0-py_2.tar.bz2#f6d7c7e6d8f42cbbec7e07a8d879f91c
https://conda.anaconda.org/conda-forge/linux-64/dbus-1.13.6-h48d8840_2.tar.bz2#eba672c69baf366fdedd1c6f702dbb81
https://conda.anaconda.org/conda-forge/linux-64/g-ir-build-tools-1.68.0-py39haf67bb6_3.tar.bz2#7b5f9bf05e13955413d785a8c597f8a3
https://conda.anaconda.org/conda-forge/linux-64/harfbuzz-2.9.1-h83ec7ef_0.tar.bz2#03de381fe72fa78dede4f9bb53d00752
https://conda.anaconda.org/conda-forge/linux-64/jedi-0.18.0-py39hf3d152e_2.tar.bz2#cb9b5c105fb10e59bf5a263880735235
https://conda.anaconda.org/conda-forge/linux-64/kiwisolver-1.3.2-py39h1a9c180_0.tar.bz2#7e33fd9028b22d14f299e610aa96779d
https://conda.anaconda.org/conda-forge/linux-64/libgirepository-1.68.0-hb520f89_3.tar.bz2#89faa10243a26e5fc1eb219d2d059472
https://conda.anaconda.org/conda-forge/linux-64/libiio-0.21-ha770c72_6.tar.bz2#bd1e990781ea14d57e9230263c672cdd
https://conda.anaconda.org/conda-forge/linux-64/libm2k-0.5.0-py39h203f843_0.tar.bz2#8c3c3a2fea3179d54d59cd32bb329488
https://conda.anaconda.org/conda-forge/linux-64/lxml-4.6.3-py39h107f48f_0.tar.bz2#2d988eaa3beb7b0089ff6ba55ce00065
https://conda.anaconda.org/conda-forge/linux-64/markupsafe-2.0.1-py39h3811e60_0.tar.bz2#9233d63cfb05aa6536ab9e253bee9507
https://conda.anaconda.org/conda-forge/noarch/matplotlib-inline-0.1.3-pyhd8ed1ab_0.tar.bz2#be3bfd435802d2c768c6b2439f325f3d
https://conda.anaconda.org/conda-forge/linux-64/numpy-1.21.2-py39hdbf815f_0.tar.bz2#f65104b4a1006c61037e6a7a6aa0b72f
https://conda.anaconda.org/conda-forge/noarch/packaging-21.0-pyhd8ed1ab_0.tar.bz2#45cfb8e482b5cce8f07c87e0e19a592c
https://conda.anaconda.org/conda-forge/noarch/pexpect-4.8.0-pyh9f0ad1d_2.tar.bz2#5909e7b978141dd80d28dbf9de627827
https://conda.anaconda.org/conda-forge/linux-64/pickleshare-0.7.5-py39hde42818_1002.tar.bz2#2dc9995512c80256532250a6fd616b14
https://conda.anaconda.org/conda-forge/linux-64/pillow-8.3.2-py39ha612740_0.tar.bz2#e1e676b09fe9e9ad5e88335eca545443
https://conda.anaconda.org/conda-forge/linux-64/pycairo-1.20.1-py39hedcb9fc_0.tar.bz2#026bc6213e769792bd3d71c4e4ee78f9
https://conda.anaconda.org/conda-forge/linux-64/pyqt5-sip-4.19.18-py39he80948d_7.tar.bz2#efdd7803dc1df15d715e6d4a6ef03856
https://conda.anaconda.org/conda-forge/linux-64/pysocks-1.7.1-py39hf3d152e_3.tar.bz2#f7e7fdc66f2362bebc407f1ab7d10f63
https://conda.anaconda.org/conda-forge/noarch/python-dateutil-2.8.2-pyhd8ed1ab_0.tar.bz2#dd999d1cc9f79e67dbb855c8924c7984
https://conda.anaconda.org/conda-forge/linux-64/pyyaml-5.4.1-py39h3811e60_1.tar.bz2#5962965a723e43a09029b6976411bf0a
https://conda.anaconda.org/conda-forge/linux-64/pyzmq-22.3.0-py39h37b5a0c_0.tar.bz2#d12d8a39f21c9891768ba4d783d18cc9
https://conda.anaconda.org/conda-forge/linux-64/ruamel.yaml.clib-0.2.2-py39h3811e60_2.tar.bz2#d7770c88f04155fcff2942a1ff750ff1
https://conda.anaconda.org/conda-forge/linux-64/setuptools-58.0.4-py39hf3d152e_1.tar.bz2#346acd025476085951ea13a87cc11222
https://conda.anaconda.org/conda-forge/linux-64/soapysdr-0.8.1-py39h1a9c180_0.tar.bz2#ed23d8ee45ee0701e09217cbd0d5ed6a
https://conda.anaconda.org/conda-forge/linux-64/thrift-0.13.0-py39he80948d_2.tar.bz2#32a5a3897622b6c23597d68df13afbf3
https://conda.anaconda.org/conda-forge/linux-64/tornado-6.1-py39h3811e60_1.tar.bz2#763597c8b91b69789ab0f6002439c32b
https://conda.anaconda.org/conda-forge/linux-64/xorg-libxtst-1.2.3-h7f98852_1002.tar.bz2#a220b1a513e19d5cb56c1311d44f12e6
https://conda.anaconda.org/conda-forge/linux-64/at-spi2-core-2.40.3-h0630a04_0.tar.bz2#8cb2fc4cd6cc63f1369cfa318f581cc3
https://conda.anaconda.org/conda-forge/noarch/backports.functools_lru_cache-1.6.4-pyhd8ed1ab_0.tar.bz2#c5b3edc62d6309088f4970b3eaaa65a6
https://conda.anaconda.org/conda-forge/linux-64/brotlipy-0.7.0-py39h3811e60_1001.tar.bz2#35ad78e61aec955783acfd00f3c6bcde
https://conda.anaconda.org/conda-forge/noarch/click-plugins-1.1.1-py_0.tar.bz2#4fd2c6b53934bd7d96d1f3fdaf99b79f
https://conda.anaconda.org/conda-forge/linux-64/cryptography-3.4.7-py39hbca0aa6_0.tar.bz2#04e97f7d5c60f75a36b1e4bdf3652ebd
https://conda.anaconda.org/conda-forge/linux-64/fs-2.4.11-py39hde42818_2.tar.bz2#36d90757d4dbc4198a24ad0bc74884f8
https://conda.anaconda.org/conda-forge/linux-64/g-ir-host-tools-1.68.0-h601b988_3.tar.bz2#fca5d81a0b52317c3a13773fc7e51658
https://conda.anaconda.org/conda-forge/linux-64/h5py-3.3.0-nompi_py39h98ba4bc_100.tar.bz2#cba633f7fe7d3b1a7c31eb6d9b536039
https://conda.anaconda.org/conda-forge/linux-64/libad9361-iio-0.2-h5548ebd_2.tar.bz2#8967538a052553907fb8743758c04d9c
https://conda.anaconda.org/conda-forge/noarch/mako-1.1.5-pyhd8ed1ab_0.tar.bz2#e8f5f27557d8a0f6c4ed9950cd622e50
https://conda.anaconda.org/conda-forge/linux-64/matplotlib-base-3.4.3-py39h2fa2bec_0.tar.bz2#70a59e74cb9c6e680b1580d19766cdc2
https://conda.anaconda.org/conda-forge/linux-64/pandas-1.3.3-py39hde0f152_0.tar.bz2#2803e6624133c71cd0126c592f0f1a90
https://conda.anaconda.org/conda-forge/linux-64/pango-1.48.10-hb8ff022_0.tar.bz2#5681e615ad3ffde245320b9942b2deab
https://conda.anaconda.org/conda-forge/noarch/pip-21.2.4-pyhd8ed1ab_0.tar.bz2#4104ada314dd5639ea36cc12bce0a2cd
https://conda.anaconda.org/conda-forge/linux-64/pulseaudio-14.0-hb166930_3.tar.bz2#40da2071524c804895c6edf5d31816cb
https://conda.anaconda.org/conda-forge/noarch/pygments-2.10.0-pyhd8ed1ab_0.tar.bz2#32bcce837f1316f1c3208118b6c5e5fc
https://conda.anaconda.org/conda-forge/linux-64/pynacl-1.4.0-py39h3811e60_2.tar.bz2#77dbd234f7957f4ea8f29c48517c8117
https://conda.anaconda.org/conda-forge/linux-64/qt-5.12.9-hda022c4_4.tar.bz2#afebab1f5049d66baaaec67d9ce893f0
https://conda.anaconda.org/conda-forge/linux-64/ruamel.yaml-0.17.16-py39h3811e60_0.tar.bz2#9deea133cdd90530091e26db39acfac4
https://conda.anaconda.org/conda-forge/linux-64/scipy-1.7.1-py39hee8e79c_0.tar.bz2#ad828d8a09ce2e3820b3fce0a3ac85ed
https://conda.anaconda.org/conda-forge/linux-64/soapysdr-module-airspy-0.2.0-hee64af1_0.tar.bz2#d9558641741a29473c3b182fdc35e70f
https://conda.anaconda.org/conda-forge/linux-64/soapysdr-module-airspyhf-0.2.0-hee64af1_0.tar.bz2#8ea0a8625e6ce55767f9aa8f7bdc3d89
https://conda.anaconda.org/conda-forge/linux-64/soapysdr-module-lms7-20.10.0-hbab49e3_1.tar.bz2#7505d785f19f35e59b09156b74e7322a
https://conda.anaconda.org/conda-forge/linux-64/soapysdr-module-remote-0.5.2-hee64af1_2.tar.bz2#7d044c01398c2c14525f21f159c3dd71
https://conda.anaconda.org/conda-forge/linux-64/soapysdr-module-rtlsdr-0.3.0-hee64af1_1.tar.bz2#3d7a87d336824d512c24d60c62d50bf7
https://conda.anaconda.org/conda-forge/linux-64/watchdog-2.1.5-py39hf3d152e_0.tar.bz2#8f322e7fdbc963fc04344ba1170fc383
https://conda.anaconda.org/conda-forge/linux-64/at-spi2-atk-2.38.0-h0630a04_3.tar.bz2#6b889f174df1e0f816276ae69281af4d
https://conda.anaconda.org/conda-forge/linux-64/bcrypt-3.2.0-py39h3811e60_1.tar.bz2#6e734dfd812d8d96ef3c0ea1bfa05e68
https://conda.anaconda.org/conda-forge/linux-64/digital_rf-2.6.7-py39h9f22dbf_0.tar.bz2#64260f65a08640f987ecaed5b5302209
https://conda.anaconda.org/conda-forge/linux-64/gnuradio-core-3.9.2.0-py39hd117f52_5.tar.bz2#c12fb8de3d0a07eab89a3582a821f920
https://conda.anaconda.org/conda-forge/linux-64/gobject-introspection-1.68.0-py39ha6f447c_3.tar.bz2#e05036442a8838d8ee09a57fa42e9a09
https://conda.anaconda.org/conda-forge/linux-64/librsvg-2.50.7-hc3c00ef_0.tar.bz2#63fb96444e336b3d937921223dd9a481
https://conda.anaconda.org/conda-forge/noarch/pyopenssl-20.0.1-pyhd8ed1ab_0.tar.bz2#92371c25994d0f5d28a01c1fb75ebf86
https://conda.anaconda.org/conda-forge/linux-64/pyqt-impl-5.12.3-py39h0fcd23e_7.tar.bz2#b9e7ab669f5c61554d9e045956db613a
https://conda.anaconda.org/conda-forge/linux-64/qwt-6.1.6-h7ec6b3e_0.tar.bz2#12751d940713fb6e0ad9478bc256fc8e
https://conda.anaconda.org/conda-forge/linux-64/soapysdr-module-plutosdr-0.2.1-h14e0a3d_2.tar.bz2#541a5f63b89238a0d802940df4a5994b
https://conda.anaconda.org/conda-forge/noarch/wcwidth-0.2.5-pyh9f0ad1d_2.tar.bz2#5266fcd697043c59621fda522b3d78ee
https://conda.anaconda.org/conda-forge/linux-64/adwaita-icon-theme-41.0-ha770c72_0.tar.bz2#08fd57dbf5bc1279292ce0552e8a1521
https://conda.anaconda.org/conda-forge/linux-64/gnuradio-soapy-intree-3.9.2.0-py39h5119ccb_5.tar.bz2#aaaa032e9d3b55fee0db13f77e84546c
https://conda.anaconda.org/conda-forge/linux-64/gnuradio-video-sdl-3.9.2.0-py39hf96fd41_5.tar.bz2#d89c73f50a1101cba3a8667f88731a06
https://conda.anaconda.org/conda-forge/linux-64/gnuradio-zeromq-3.9.2.0-py39heac8186_5.tar.bz2#c587b176a1f84d85621b59464fd763ee
https://conda.anaconda.org/conda-forge/linux-64/gtk3-3.24.29-h8879c87_2.tar.bz2#591ca1eb500801bc323883ce81430939
https://conda.anaconda.org/conda-forge/noarch/paramiko-2.7.2-pyh9f0ad1d_0.tar.bz2#4d76712e0f2f863a71dd18857ec98383
https://conda.anaconda.org/conda-forge/noarch/prompt-toolkit-3.0.20-pyha770c72_0.tar.bz2#98a90e847b48fc14b2d5b12e4884e8d4
https://conda.anaconda.org/conda-forge/linux-64/pygobject-3.40.1-py39ha6f447c_2.tar.bz2#6096ca15908e7cba5b320b531f69bc3f
https://conda.anaconda.org/conda-forge/linux-64/pyqtchart-5.12-py39h0fcd23e_7.tar.bz2#6b818c4973110a3a3753d8bb17147689
https://conda.anaconda.org/conda-forge/linux-64/pyqtwebengine-5.12.1-py39h0fcd23e_7.tar.bz2#6423ece9d95e91a110dff695b2aaae91
https://conda.anaconda.org/conda-forge/noarch/urllib3-1.26.6-pyhd8ed1ab_0.tar.bz2#dea5b6d93cfbfbc2a253168ad05b3f89
https://conda.anaconda.org/conda-forge/linux-64/gnuradio-grc-3.9.2.0-py39hf96fd41_5.tar.bz2#be4cd3aee4ed1b81ef0cd28640202e94
https://conda.anaconda.org/conda-forge/linux-64/ipython-7.27.0-py39hef51801_0.tar.bz2#22818b754594f2370c9cae3db5386f13
https://conda.anaconda.org/conda-forge/noarch/pyadi-iio-0.0.9-pyhd8ed1ab_0.tar.bz2#eeaf9a0c5de35a9a8248858e9415b648
https://conda.anaconda.org/conda-forge/linux-64/pyqt-5.12.3-py39hf3d152e_7.tar.bz2#08e46ad97d4712558a52ae2ea6a92c8d
https://conda.anaconda.org/conda-forge/noarch/requests-2.26.0-pyhd8ed1ab_0.tar.bz2#0ed2ccbde6db9dd5789068eb7194463f
https://conda.anaconda.org/conda-forge/linux-64/wxwidgets-3.1.3-h4e80389_4.tar.bz2#0ee14098e27e49b211b0edf6f169d68c
https://conda.anaconda.org/conda-forge/linux-64/gnuradio-qtgui-3.9.2.0-py39h978890b_5.tar.bz2#7b47c48dc1930250dc02fcad125ad936
https://conda.anaconda.org/conda-forge/linux-64/gnuradio-satellites-4.3.1-py39h484cbea_0.tar.bz2#316d4b2eae4ef92d529ebf232004943e
https://conda.anaconda.org/conda-forge/linux-64/limesuite-20.10.0-haf62c5d_1.tar.bz2#8d07398d5691ec9410dbcb2564dc1363
https://conda.anaconda.org/conda-forge/linux-64/matplotlib-3.4.3-py39hf3d152e_0.tar.bz2#8b73e3f87fdb572ea30f570fdf64bc89
https://conda.anaconda.org/conda-forge/linux-64/uhd-4.1.0.3-py39h5056407_0.tar.bz2#a04aea6e4531a08bae16c38061be15e2
https://conda.anaconda.org/conda-forge/linux-64/gnuradio-uhd-3.9.2.0-py39h29295c1_5.tar.bz2#58100c2dc4cdf8e51abd969f202f39ec
https://conda.anaconda.org/conda-forge/linux-64/soapysdr-module-uhd-0.4.1-hb02bdc8_3.tar.bz2#2c171708a27ae5490a4c2c9f189f7586
https://conda.anaconda.org/conda-forge/linux-64/gnuradio-3.9.2.0-py39he51d886_5.tar.bz2#fc18ccbde322bbb19d505b84ae8766a2
https://conda.anaconda.org/conda-forge/linux-64/gnuradio-osmosdr-0.2.3-py39h8212054_10.tar.bz2#0c43bc1e92011eca3c1c0c1afbf3018b
https://conda.anaconda.org/conda-forge/linux-64/gqrx-2.14.4-hcdf3aa6_5.tar.bz2#6101518eb5c0ab54e34a7e9adaaa232b
